// !$*UTF8*$!
{
	archiveVersion = 1;
	classes = {
	};
	objectVersion = 46;
	objects = {

/* Begin PBXBuildFile section */
		2D2D4D0C1478787F00FF3D88 /* UIKit.framework in Frameworks */ = {isa = PBXBuildFile; fileRef = E621659DB794A5D612DCD439 /* UIKit.framework */; };
		2D3E1F3F1509B98200D62300 /* DescendantPatternTests.m in Sources */ = {isa = PBXBuildFile; fileRef = 2D3E1F3D1509B98200D62300 /* DescendantPatternTests.m */; };
		2D436E281518FF6D00071950 /* ViewFactory.m in Sources */ = {isa = PBXBuildFile; fileRef = 2D436E261518FF6D00071950 /* ViewFactory.m */; };
		2D496EA51486A513007E1FDE /* DEPredicateMatcher.h in Headers */ = {isa = PBXBuildFile; fileRef = 2D496EA31486A513007E1FDE /* DEPredicateMatcher.h */; };
		2D496EA61486A513007E1FDE /* DEPredicateMatcher.m in Sources */ = {isa = PBXBuildFile; fileRef = 2D496EA41486A513007E1FDE /* DEPredicateMatcher.m */; };
		2D695CAB147CD1BA00AF4115 /* DEClassParser.m in Sources */ = {isa = PBXBuildFile; fileRef = 2D695C8B147CD1BA00AF4115 /* DEClassParser.m */; };
		2D695CAD147CD1BA00AF4115 /* DEInstanceMatcher.m in Sources */ = {isa = PBXBuildFile; fileRef = 2D695C8D147CD1BA00AF4115 /* DEInstanceMatcher.m */; };
		2D695CB0147CD1BA00AF4115 /* DEIgor.m in Sources */ = {isa = PBXBuildFile; fileRef = 2D695C90147CD1BA00AF4115 /* DEIgor.m */; };
		2D695CB3147CD1BA00AF4115 /* DEQueryParser.m in Sources */ = {isa = PBXBuildFile; fileRef = 2D695C93147CD1BA00AF4115 /* DEQueryParser.m */; };
		2D695CB5147CD1BA00AF4115 /* DEIgorParserException.m in Sources */ = {isa = PBXBuildFile; fileRef = 2D695C95147CD1BA00AF4115 /* DEIgorParserException.m */; };
		2D695CB7147CD1BA00AF4115 /* DEKindOfClassMatcher.m in Sources */ = {isa = PBXBuildFile; fileRef = 2D695C97147CD1BA00AF4115 /* DEKindOfClassMatcher.m */; };
		2D695CBA147CD1BA00AF4115 /* DEMemberOfClassMatcher.m in Sources */ = {isa = PBXBuildFile; fileRef = 2D695C9A147CD1BA00AF4115 /* DEMemberOfClassMatcher.m */; };
		2D695CC4147CD1BA00AF4115 /* DEPredicateParser.m in Sources */ = {isa = PBXBuildFile; fileRef = 2D695CA4147CD1BA00AF4115 /* DEPredicateParser.m */; };
		2D695CD6147CD1D200AF4115 /* ClassPatternTests.m in Sources */ = {isa = PBXBuildFile; fileRef = 2D695CCA147CD1D200AF4115 /* ClassPatternTests.m */; };
		2D695CD8147CD1D200AF4115 /* QueryParserTests.m in Sources */ = {isa = PBXBuildFile; fileRef = 2D695CCD147CD1D200AF4115 /* QueryParserTests.m */; };
		2D695CDA147CD1D200AF4115 /* KindOfClassMatcherTests.m in Sources */ = {isa = PBXBuildFile; fileRef = 2D695CD0147CD1D200AF4115 /* KindOfClassMatcherTests.m */; };
		2D695CDB147CD1D200AF4115 /* MemberOfClassMatcherTests.m in Sources */ = {isa = PBXBuildFile; fileRef = 2D695CD1147CD1D200AF4115 /* MemberOfClassMatcherTests.m */; };
		2D695CDD147CD1D200AF4115 /* PredicateParserTests.m in Sources */ = {isa = PBXBuildFile; fileRef = 2D695CD3147CD1D200AF4115 /* PredicateParserTests.m */; };
		2D695CDE147CD1D200AF4115 /* PredicatePatternTests.m in Sources */ = {isa = PBXBuildFile; fileRef = 2D695CD4147CD1D200AF4115 /* PredicatePatternTests.m */; };
		2D9649DF147DA19C00C40219 /* IgorTests-Prefix.pch in Headers */ = {isa = PBXBuildFile; fileRef = 2D695CCF147CD1D200AF4115 /* IgorTests-Prefix.pch */; };
		2D9649E0147DA1A700C40219 /* Igor-Prefix.pch in Headers */ = {isa = PBXBuildFile; fileRef = 2D695C8E147CD1BA00AF4115 /* Igor-Prefix.pch */; };
		2D9649E2147DA21400C40219 /* Igor-Prefix.pch in Headers */ = {isa = PBXBuildFile; fileRef = 2D695C8E147CD1BA00AF4115 /* Igor-Prefix.pch */; };
		2D99DB351517E9C900244226 /* SubjectMarkerTests.m in Sources */ = {isa = PBXBuildFile; fileRef = 2D99DB321517E94B00244226 /* SubjectMarkerTests.m */; };
		2DCE893615193E8900B975EE /* DEChainParser.h in Headers */ = {isa = PBXBuildFile; fileRef = 2DCE893415193E8900B975EE /* DEChainParser.h */; };
		2DCE893715193E8900B975EE /* DEChainParser.m in Sources */ = {isa = PBXBuildFile; fileRef = 2DCE893515193E8900B975EE /* DEChainParser.m */; };
		2DCE893B15193F6100B975EE /* DEInstanceParser.h in Headers */ = {isa = PBXBuildFile; fileRef = 2DCE893915193F6100B975EE /* DEInstanceParser.h */; };
		2DCE893C15193F6100B975EE /* DEInstanceParser.m in Sources */ = {isa = PBXBuildFile; fileRef = 2DCE893A15193F6100B975EE /* DEInstanceParser.m */; };
		C355FA6E170234DC00478EC6 /* Cocoa.framework in Frameworks */ = {isa = PBXBuildFile; fileRef = C3DFC0901702237000EF28B6 /* Cocoa.framework */; };
		C355FA78170234F100478EC6 /* Igor-Prefix.pch in Headers */ = {isa = PBXBuildFile; fileRef = 2D695C8E147CD1BA00AF4115 /* Igor-Prefix.pch */; };
		C355FA79170234F700478EC6 /* DEIgorSelfRegisteringSelectorEngine.h in Headers */ = {isa = PBXBuildFile; fileRef = C3DFC0921702247100EF28B6 /* DEIgorSelfRegisteringSelectorEngine.h */; };
		C355FA7A170234F700478EC6 /* DEIgorSelfRegisteringSelectorEngine.m in Sources */ = {isa = PBXBuildFile; fileRef = E621659DB794A5D612DCD53D /* DEIgorSelfRegisteringSelectorEngine.m */; };
		C355FA7B170234F700478EC6 /* DEIgor.m in Sources */ = {isa = PBXBuildFile; fileRef = 2D695C90147CD1BA00AF4115 /* DEIgor.m */; };
		C355FA7C170234F700478EC6 /* DEIgor.h in Headers */ = {isa = PBXBuildFile; fileRef = 2D695C8F147CD1BA00AF4115 /* DEIgor.h */; };
		C355FA7D170234FB00478EC6 /* DESiblingCombinator.m in Sources */ = {isa = PBXBuildFile; fileRef = E621659DB794A5D612DCD519 /* DESiblingCombinator.m */; };
		C355FA7E170234FB00478EC6 /* DESiblingCombinator.h in Headers */ = {isa = PBXBuildFile; fileRef = E621659DB794A5D612DCD51B /* DESiblingCombinator.h */; };
		C355FA7F170234FB00478EC6 /* DEUniversalMatcher.m in Sources */ = {isa = PBXBuildFile; fileRef = E621659DB794A5D612DCD45E /* DEUniversalMatcher.m */; };
		C355FA80170234FB00478EC6 /* DEUniversalMatcher.h in Headers */ = {isa = PBXBuildFile; fileRef = E621659DB794A5D612DCD45C /* DEUniversalMatcher.h */; };
		C355FA81170234FB00478EC6 /* DEPredicateMatcher.m in Sources */ = {isa = PBXBuildFile; fileRef = 2D496EA41486A513007E1FDE /* DEPredicateMatcher.m */; };
		C355FA82170234FB00478EC6 /* DEPredicateMatcher.h in Headers */ = {isa = PBXBuildFile; fileRef = 2D496EA31486A513007E1FDE /* DEPredicateMatcher.h */; };
		C355FA83170234FB00478EC6 /* DEMemberOfClassMatcher.m in Sources */ = {isa = PBXBuildFile; fileRef = 2D695C9A147CD1BA00AF4115 /* DEMemberOfClassMatcher.m */; };
		C355FA84170234FB00478EC6 /* DEMemberOfClassMatcher.h in Headers */ = {isa = PBXBuildFile; fileRef = 2D695C99147CD1BA00AF4115 /* DEMemberOfClassMatcher.h */; };
		C355FA85170234FB00478EC6 /* DEMatcher.h in Headers */ = {isa = PBXBuildFile; fileRef = 2D695C98147CD1BA00AF4115 /* DEMatcher.h */; };
		C355FA86170234FB00478EC6 /* DEKindOfClassMatcher.m in Sources */ = {isa = PBXBuildFile; fileRef = 2D695C97147CD1BA00AF4115 /* DEKindOfClassMatcher.m */; };
		C355FA87170234FB00478EC6 /* DEKindOfClassMatcher.h in Headers */ = {isa = PBXBuildFile; fileRef = 2D695C96147CD1BA00AF4115 /* DEKindOfClassMatcher.h */; };
		C355FA88170234FB00478EC6 /* DEInstanceMatcher.m in Sources */ = {isa = PBXBuildFile; fileRef = 2D695C8D147CD1BA00AF4115 /* DEInstanceMatcher.m */; };
		C355FA89170234FB00478EC6 /* DEInstanceMatcher.h in Headers */ = {isa = PBXBuildFile; fileRef = 2D695C8C147CD1BA00AF4115 /* DEInstanceMatcher.h */; };
		C355FA8A170234FB00478EC6 /* DEIdentityMatcher.m in Sources */ = {isa = PBXBuildFile; fileRef = 2D436E201518F9C300071950 /* DEIdentityMatcher.m */; };
		C355FA8B170234FB00478EC6 /* DEIdentityMatcher.h in Headers */ = {isa = PBXBuildFile; fileRef = 2D436E1F1518F9C300071950 /* DEIdentityMatcher.h */; };
		C355FA8C170234FB00478EC6 /* DEIdentifierMatcher.m in Sources */ = {isa = PBXBuildFile; fileRef = E621659DB794A5D612DCD4F4 /* DEIdentifierMatcher.m */; };
		C355FA8D170234FB00478EC6 /* DEIdentifierMatcher.h in Headers */ = {isa = PBXBuildFile; fileRef = E621659DB794A5D612DCD4F6 /* DEIdentifierMatcher.h */; };
		C355FA8E170234FB00478EC6 /* DEDescendantCombinator.m in Sources */ = {isa = PBXBuildFile; fileRef = E621659DB794A5D612DCD4C5 /* DEDescendantCombinator.m */; };
		C355FA8F170234FB00478EC6 /* DEDescendantCombinator.h in Headers */ = {isa = PBXBuildFile; fileRef = E621659DB794A5D612DCD4C7 /* DEDescendantCombinator.h */; };
		C355FA90170234FB00478EC6 /* DECombinatorMatcher.m in Sources */ = {isa = PBXBuildFile; fileRef = E621659DB794A5D612DCD4AF /* DECombinatorMatcher.m */; };
		C355FA91170234FB00478EC6 /* DECombinatorMatcher.h in Headers */ = {isa = PBXBuildFile; fileRef = E621659DB794A5D612DCD4B3 /* DECombinatorMatcher.h */; };
		C355FA92170234FB00478EC6 /* DECombinator.h in Headers */ = {isa = PBXBuildFile; fileRef = E621659DB794A5D612DCD4C3 /* DECombinator.h */; };
		C355FA93170234FB00478EC6 /* DEChildCombinator.m in Sources */ = {isa = PBXBuildFile; fileRef = E621659DB794A5D612DCD4CD /* DEChildCombinator.m */; };
		C355FA94170234FB00478EC6 /* DEChildCombinator.h in Headers */ = {isa = PBXBuildFile; fileRef = E621659DB794A5D612DCD4CF /* DEChildCombinator.h */; };
		C355FA95170234FB00478EC6 /* DEChainMatcher.h in Headers */ = {isa = PBXBuildFile; fileRef = E621659DB794A5D612DCD448 /* DEChainMatcher.h */; };
		C355FA96170234FB00478EC6 /* DEBranchMatcher.m in Sources */ = {isa = PBXBuildFile; fileRef = E621659DB794A5D612DCD478 /* DEBranchMatcher.m */; };
		C355FA97170234FB00478EC6 /* DEBranchMatcher.h in Headers */ = {isa = PBXBuildFile; fileRef = E621659DB794A5D612DCD47A /* DEBranchMatcher.h */; };
		C355FA98170234FF00478EC6 /* DEQueryScanner.m in Sources */ = {isa = PBXBuildFile; fileRef = E621659DB794A5D612DCD442 /* DEQueryScanner.m */; };
		C355FA99170234FF00478EC6 /* DEQueryScanner.h in Headers */ = {isa = PBXBuildFile; fileRef = E621659DB794A5D612DCD444 /* DEQueryScanner.h */; };
		C355FA9A170234FF00478EC6 /* DEQueryParser.m in Sources */ = {isa = PBXBuildFile; fileRef = 2D695C93147CD1BA00AF4115 /* DEQueryParser.m */; };
		C355FA9B170234FF00478EC6 /* DEQueryParser.h in Headers */ = {isa = PBXBuildFile; fileRef = 2D695C92147CD1BA00AF4115 /* DEQueryParser.h */; };
		C355FA9C170234FF00478EC6 /* DEPredicateParser.m in Sources */ = {isa = PBXBuildFile; fileRef = 2D695CA4147CD1BA00AF4115 /* DEPredicateParser.m */; };
		C355FA9D170234FF00478EC6 /* DEPredicateParser.h in Headers */ = {isa = PBXBuildFile; fileRef = 2D695CA3147CD1BA00AF4115 /* DEPredicateParser.h */; };
		C355FA9E170234FF00478EC6 /* DEPatternParser.h in Headers */ = {isa = PBXBuildFile; fileRef = E621659DB794A5D612DCD48A /* DEPatternParser.h */; };
		C355FA9F170234FF00478EC6 /* DEInstanceParser.m in Sources */ = {isa = PBXBuildFile; fileRef = 2DCE893A15193F6100B975EE /* DEInstanceParser.m */; };
		C355FAA0170234FF00478EC6 /* DEInstanceParser.h in Headers */ = {isa = PBXBuildFile; fileRef = 2DCE893915193F6100B975EE /* DEInstanceParser.h */; };
		C355FAA1170234FF00478EC6 /* DEIgorParserException.m in Sources */ = {isa = PBXBuildFile; fileRef = 2D695C95147CD1BA00AF4115 /* DEIgorParserException.m */; };
		C355FAA2170234FF00478EC6 /* DEIgorParserException.h in Headers */ = {isa = PBXBuildFile; fileRef = 2D695C94147CD1BA00AF4115 /* DEIgorParserException.h */; };
		C355FAA3170234FF00478EC6 /* DEIdentifierParser.m in Sources */ = {isa = PBXBuildFile; fileRef = E621659DB794A5D612DCD4F8 /* DEIdentifierParser.m */; };
		C355FAA4170234FF00478EC6 /* DEIdentifierParser.h in Headers */ = {isa = PBXBuildFile; fileRef = E621659DB794A5D612DCD4FA /* DEIdentifierParser.h */; };
		C355FAA5170234FF00478EC6 /* DECombinatorParser.m in Sources */ = {isa = PBXBuildFile; fileRef = E621659DB794A5D612DCD4C9 /* DECombinatorParser.m */; };
		C355FAA6170234FF00478EC6 /* DECombinatorParser.h in Headers */ = {isa = PBXBuildFile; fileRef = E621659DB794A5D612DCD4CB /* DECombinatorParser.h */; };
		C355FAA7170234FF00478EC6 /* DEClassParser.m in Sources */ = {isa = PBXBuildFile; fileRef = 2D695C8B147CD1BA00AF4115 /* DEClassParser.m */; };
		C355FAA8170234FF00478EC6 /* DEClassParser.h in Headers */ = {isa = PBXBuildFile; fileRef = 2D695C8A147CD1BA00AF4115 /* DEClassParser.h */; };
		C355FAA9170234FF00478EC6 /* DEChainParser.m in Sources */ = {isa = PBXBuildFile; fileRef = 2DCE893515193E8900B975EE /* DEChainParser.m */; };
		C355FAAA170234FF00478EC6 /* DEChainParser.h in Headers */ = {isa = PBXBuildFile; fileRef = 2DCE893415193E8900B975EE /* DEChainParser.h */; };
		C355FAAB170234FF00478EC6 /* DEBranchParser.m in Sources */ = {isa = PBXBuildFile; fileRef = E621659DB794A5D612DCD499 /* DEBranchParser.m */; };
		C355FAAC170234FF00478EC6 /* DEBranchParser.h in Headers */ = {isa = PBXBuildFile; fileRef = E621659DB794A5D612DCD49B /* DEBranchParser.h */; };
		C3B017D5170231640052369E /* OCHamcrest.framework in Frameworks */ = {isa = PBXBuildFile; fileRef = C3B017D31702315F0052369E /* OCHamcrest.framework */; };
		C3DFBFAF17021B7000EF28B6 /* SenTestingKit.framework in Frameworks */ = {isa = PBXBuildFile; fileRef = C3DFBFAE17021B7000EF28B6 /* SenTestingKit.framework */; };
		C3DFBFB417021C5B00EF28B6 /* OCHamcrestIOS.framework in Frameworks */ = {isa = PBXBuildFile; fileRef = C3DFBFB017021BBE00EF28B6 /* OCHamcrestIOS.framework */; };
		C3DFBFB617021C6500EF28B6 /* OCHamcrestIOS.framework in CopyFiles */ = {isa = PBXBuildFile; fileRef = C3DFBFB017021BBE00EF28B6 /* OCHamcrestIOS.framework */; };
		C3DFC00317021FD400EF28B6 /* SenTestingKit.framework in Frameworks */ = {isa = PBXBuildFile; fileRef = C3DFBFAE17021B7000EF28B6 /* SenTestingKit.framework */; };
		C3DFC0211702204900EF28B6 /* DEIgor.m in Sources */ = {isa = PBXBuildFile; fileRef = 2D695C90147CD1BA00AF4115 /* DEIgor.m */; };
		C3DFC03D1702206D00EF28B6 /* DEUniversalMatcher.m in Sources */ = {isa = PBXBuildFile; fileRef = E621659DB794A5D612DCD45E /* DEUniversalMatcher.m */; };
		C3DFC03E1702207E00EF28B6 /* DEPredicateMatcher.m in Sources */ = {isa = PBXBuildFile; fileRef = 2D496EA41486A513007E1FDE /* DEPredicateMatcher.m */; };
		C3DFC03F1702207E00EF28B6 /* DEMemberOfClassMatcher.m in Sources */ = {isa = PBXBuildFile; fileRef = 2D695C9A147CD1BA00AF4115 /* DEMemberOfClassMatcher.m */; };
		C3DFC0401702207E00EF28B6 /* DEKindOfClassMatcher.m in Sources */ = {isa = PBXBuildFile; fileRef = 2D695C97147CD1BA00AF4115 /* DEKindOfClassMatcher.m */; };
		C3DFC0411702207E00EF28B6 /* DEInstanceMatcher.m in Sources */ = {isa = PBXBuildFile; fileRef = 2D695C8D147CD1BA00AF4115 /* DEInstanceMatcher.m */; };
		C3DFC0421702207E00EF28B6 /* DEIdentityMatcher.m in Sources */ = {isa = PBXBuildFile; fileRef = 2D436E201518F9C300071950 /* DEIdentityMatcher.m */; };
		C3DFC0431702207E00EF28B6 /* DEIdentifierMatcher.m in Sources */ = {isa = PBXBuildFile; fileRef = E621659DB794A5D612DCD4F4 /* DEIdentifierMatcher.m */; };
		C3DFC0441702207E00EF28B6 /* DEDescendantCombinator.m in Sources */ = {isa = PBXBuildFile; fileRef = E621659DB794A5D612DCD4C5 /* DEDescendantCombinator.m */; };
		C3DFC0451702207E00EF28B6 /* DECombinatorMatcher.m in Sources */ = {isa = PBXBuildFile; fileRef = E621659DB794A5D612DCD4AF /* DECombinatorMatcher.m */; };
		C3DFC0461702207E00EF28B6 /* DEChildCombinator.m in Sources */ = {isa = PBXBuildFile; fileRef = E621659DB794A5D612DCD4CD /* DEChildCombinator.m */; };
		C3DFC0471702207E00EF28B6 /* DEBranchMatcher.m in Sources */ = {isa = PBXBuildFile; fileRef = E621659DB794A5D612DCD478 /* DEBranchMatcher.m */; };
		C3DFC0481702208D00EF28B6 /* DEQueryScanner.m in Sources */ = {isa = PBXBuildFile; fileRef = E621659DB794A5D612DCD442 /* DEQueryScanner.m */; };
		C3DFC0491702208D00EF28B6 /* DEQueryParser.m in Sources */ = {isa = PBXBuildFile; fileRef = 2D695C93147CD1BA00AF4115 /* DEQueryParser.m */; };
		C3DFC04A1702208D00EF28B6 /* DEPredicateParser.m in Sources */ = {isa = PBXBuildFile; fileRef = 2D695CA4147CD1BA00AF4115 /* DEPredicateParser.m */; };
		C3DFC04B1702208D00EF28B6 /* DEInstanceParser.m in Sources */ = {isa = PBXBuildFile; fileRef = 2DCE893A15193F6100B975EE /* DEInstanceParser.m */; };
		C3DFC04C1702208D00EF28B6 /* DEIgorParserException.m in Sources */ = {isa = PBXBuildFile; fileRef = 2D695C95147CD1BA00AF4115 /* DEIgorParserException.m */; };
		C3DFC04D1702208D00EF28B6 /* DEIdentifierParser.m in Sources */ = {isa = PBXBuildFile; fileRef = E621659DB794A5D612DCD4F8 /* DEIdentifierParser.m */; };
		C3DFC04E1702208D00EF28B6 /* DECombinatorParser.m in Sources */ = {isa = PBXBuildFile; fileRef = E621659DB794A5D612DCD4C9 /* DECombinatorParser.m */; };
		C3DFC04F1702208D00EF28B6 /* DEClassParser.m in Sources */ = {isa = PBXBuildFile; fileRef = 2D695C8B147CD1BA00AF4115 /* DEClassParser.m */; };
		C3DFC0501702208D00EF28B6 /* DEChainParser.m in Sources */ = {isa = PBXBuildFile; fileRef = 2DCE893515193E8900B975EE /* DEChainParser.m */; };
		C3DFC0511702208D00EF28B6 /* DEBranchParser.m in Sources */ = {isa = PBXBuildFile; fileRef = E621659DB794A5D612DCD499 /* DEBranchParser.m */; };
		C3DFC067170220A300EF28B6 /* SiblingPatternTests.m in Sources */ = {isa = PBXBuildFile; fileRef = E621659DB794A5D612DCD515 /* SiblingPatternTests.m */; };
		C3DFC068170220A300EF28B6 /* SubjectMarkerTests.m in Sources */ = {isa = PBXBuildFile; fileRef = 2D99DB321517E94B00244226 /* SubjectMarkerTests.m */; };
		C3DFC069170220A300EF28B6 /* PredicatePatternTests.m in Sources */ = {isa = PBXBuildFile; fileRef = 2D695CD4147CD1D200AF4115 /* PredicatePatternTests.m */; };
		C3DFC06A170220A300EF28B6 /* DescendantPatternTests.m in Sources */ = {isa = PBXBuildFile; fileRef = 2D3E1F3D1509B98200D62300 /* DescendantPatternTests.m */; };
		C3DFC06B170220A300EF28B6 /* ClassPatternTests.m in Sources */ = {isa = PBXBuildFile; fileRef = 2D695CCA147CD1D200AF4115 /* ClassPatternTests.m */; };
		C3DFC06C170220A300EF28B6 /* ChildPatternTests.m in Sources */ = {isa = PBXBuildFile; fileRef = E621659DB794A5D612DCD500 /* ChildPatternTests.m */; };
		C3DFC06D170220A300EF28B6 /* BranchPatternTests.m in Sources */ = {isa = PBXBuildFile; fileRef = E621659DB794A5D612DCD490 /* BranchPatternTests.m */; };
		C3DFC06E170220B600EF28B6 /* My1ClassName2With3Digits.m in Sources */ = {isa = PBXBuildFile; fileRef = E621659DB794A5D612DCD523 /* My1ClassName2With3Digits.m */; };
		C3DFC06F170220B600EF28B6 /* _My_ClassName__WithUnder_Scores.m in Sources */ = {isa = PBXBuildFile; fileRef = E621659DB794A5D612DCD51F /* _My_ClassName__WithUnder_Scores.m */; };
		C3DFC070170220B600EF28B6 /* ViewFactory.m in Sources */ = {isa = PBXBuildFile; fileRef = 2D436E261518FF6D00071950 /* ViewFactory.m */; };
		C3DFC071170220B600EF28B6 /* MatchesView.m in Sources */ = {isa = PBXBuildFile; fileRef = E621659DB794A5D612DCD464 /* MatchesView.m */; };
		C3DFC072170220B600EF28B6 /* IsPredicateMatcher.m in Sources */ = {isa = PBXBuildFile; fileRef = E621659DB794A5D612DCD458 /* IsPredicateMatcher.m */; };
		C3DFC073170220B600EF28B6 /* IsMemberOfClassMatcher.m in Sources */ = {isa = PBXBuildFile; fileRef = E621659DB794A5D612DCD454 /* IsMemberOfClassMatcher.m */; };
		C3DFC074170220B600EF28B6 /* IsKindOfClassMatcher.m in Sources */ = {isa = PBXBuildFile; fileRef = E621659DB794A5D612DCD450 /* IsKindOfClassMatcher.m */; };
		C3DFC075170220B600EF28B6 /* FalseMatcher.m in Sources */ = {isa = PBXBuildFile; fileRef = E621659DB794A5D612DCD480 /* FalseMatcher.m */; };
		C3DFC076170220B600EF28B6 /* FakeSubjectParser.m in Sources */ = {isa = PBXBuildFile; fileRef = E621659DB794A5D612DCD4B9 /* FakeSubjectParser.m */; };
		C3DFC077170220B600EF28B6 /* FakeSimpleParser.m in Sources */ = {isa = PBXBuildFile; fileRef = E621659DB794A5D612DCD49D /* FakeSimpleParser.m */; };
		C3DFC078170220B600EF28B6 /* FakeCombinatorParser.m in Sources */ = {isa = PBXBuildFile; fileRef = E621659DB794A5D612DCD4BD /* FakeCombinatorParser.m */; };
		C3DFC079170220B600EF28B6 /* EmptySetCombinator.m in Sources */ = {isa = PBXBuildFile; fileRef = E621659DB794A5D612DCD4D7 /* EmptySetCombinator.m */; };
		C3DFC07A170220BE00EF28B6 /* SiblingCombinatorTests.m in Sources */ = {isa = PBXBuildFile; fileRef = E621659DB794A5D612DCD51D /* SiblingCombinatorTests.m */; };
		C3DFC07B170220BE00EF28B6 /* MemberOfClassMatcherTests.m in Sources */ = {isa = PBXBuildFile; fileRef = 2D695CD1147CD1D200AF4115 /* MemberOfClassMatcherTests.m */; };
		C3DFC07C170220BE00EF28B6 /* KindOfClassMatcherTests.m in Sources */ = {isa = PBXBuildFile; fileRef = 2D695CD0147CD1D200AF4115 /* KindOfClassMatcherTests.m */; };
		C3DFC07D170220BE00EF28B6 /* IdentifierMatcherTests.m in Sources */ = {isa = PBXBuildFile; fileRef = E621659DB794A5D612DCD4F0 /* IdentifierMatcherTests.m */; };
		C3DFC07E170220BE00EF28B6 /* DescendantCombinatorTests.m in Sources */ = {isa = PBXBuildFile; fileRef = E621659DB794A5D612DCD4AB /* DescendantCombinatorTests.m */; };
		C3DFC07F170220BE00EF28B6 /* ChildCombinatorTests.m in Sources */ = {isa = PBXBuildFile; fileRef = E621659DB794A5D612DCD4DD /* ChildCombinatorTests.m */; };
		C3DFC080170220BE00EF28B6 /* BranchMatcherTests.m in Sources */ = {isa = PBXBuildFile; fileRef = E621659DB794A5D612DCD474 /* BranchMatcherTests.m */; };
		C3DFC081170220C300EF28B6 /* QueryParserTests.m in Sources */ = {isa = PBXBuildFile; fileRef = 2D695CCD147CD1D200AF4115 /* QueryParserTests.m */; };
		C3DFC082170220C300EF28B6 /* PredicateParserTests.m in Sources */ = {isa = PBXBuildFile; fileRef = 2D695CD3147CD1D200AF4115 /* PredicateParserTests.m */; };
		C3DFC083170220C300EF28B6 /* InstanceParserTests.m in Sources */ = {isa = PBXBuildFile; fileRef = E621659DB794A5D612DCD494 /* InstanceParserTests.m */; };
		C3DFC084170220C300EF28B6 /* IdentifierParserTests.m in Sources */ = {isa = PBXBuildFile; fileRef = E621659DB794A5D612DCD4FC /* IdentifierParserTests.m */; };
		C3DFC085170220C300EF28B6 /* CombinatorParserTests.m in Sources */ = {isa = PBXBuildFile; fileRef = E621659DB794A5D612DCD504 /* CombinatorParserTests.m */; };
		C3DFC086170220C300EF28B6 /* ClassParserTests.m in Sources */ = {isa = PBXBuildFile; fileRef = E621659DB794A5D612DCD46C /* ClassParserTests.m */; };
		C3DFC087170220C300EF28B6 /* ChainParserTests.m in Sources */ = {isa = PBXBuildFile; fileRef = E621659DB794A5D612DCD4B5 /* ChainParserTests.m */; };
		C3DFC0891702213B00EF28B6 /* DESiblingCombinator.m in Sources */ = {isa = PBXBuildFile; fileRef = E621659DB794A5D612DCD519 /* DESiblingCombinator.m */; };
		C3DFC0931702247100EF28B6 /* DEIgorSelfRegisteringSelectorEngine.h in Headers */ = {isa = PBXBuildFile; fileRef = C3DFC0921702247100EF28B6 /* DEIgorSelfRegisteringSelectorEngine.h */; };
		C3DFC0991702294600EF28B6 /* Cocoa.framework in Frameworks */ = {isa = PBXBuildFile; fileRef = C3DFC0901702237000EF28B6 /* Cocoa.framework */; };
		E621659DB794A5D612DCD443 /* DEQueryScanner.m in Sources */ = {isa = PBXBuildFile; fileRef = E621659DB794A5D612DCD442 /* DEQueryScanner.m */; };
		E621659DB794A5D612DCD445 /* DEQueryScanner.h in Headers */ = {isa = PBXBuildFile; fileRef = E621659DB794A5D612DCD444 /* DEQueryScanner.h */; };
		E621659DB794A5D612DCD449 /* DEChainMatcher.h in Headers */ = {isa = PBXBuildFile; fileRef = E621659DB794A5D612DCD448 /* DEChainMatcher.h */; };
		E621659DB794A5D612DCD451 /* IsKindOfClassMatcher.m in Sources */ = {isa = PBXBuildFile; fileRef = E621659DB794A5D612DCD450 /* IsKindOfClassMatcher.m */; };
		E621659DB794A5D612DCD455 /* IsMemberOfClassMatcher.m in Sources */ = {isa = PBXBuildFile; fileRef = E621659DB794A5D612DCD454 /* IsMemberOfClassMatcher.m */; };
		E621659DB794A5D612DCD459 /* IsPredicateMatcher.m in Sources */ = {isa = PBXBuildFile; fileRef = E621659DB794A5D612DCD458 /* IsPredicateMatcher.m */; };
		E621659DB794A5D612DCD45D /* DEUniversalMatcher.h in Headers */ = {isa = PBXBuildFile; fileRef = E621659DB794A5D612DCD45C /* DEUniversalMatcher.h */; };
		E621659DB794A5D612DCD45F /* DEUniversalMatcher.m in Sources */ = {isa = PBXBuildFile; fileRef = E621659DB794A5D612DCD45E /* DEUniversalMatcher.m */; };
		E621659DB794A5D612DCD465 /* MatchesView.m in Sources */ = {isa = PBXBuildFile; fileRef = E621659DB794A5D612DCD464 /* MatchesView.m */; };
		E621659DB794A5D612DCD46D /* ClassParserTests.m in Sources */ = {isa = PBXBuildFile; fileRef = E621659DB794A5D612DCD46C /* ClassParserTests.m */; };
		E621659DB794A5D612DCD475 /* BranchMatcherTests.m in Sources */ = {isa = PBXBuildFile; fileRef = E621659DB794A5D612DCD474 /* BranchMatcherTests.m */; };
		E621659DB794A5D612DCD479 /* DEBranchMatcher.m in Sources */ = {isa = PBXBuildFile; fileRef = E621659DB794A5D612DCD478 /* DEBranchMatcher.m */; };
		E621659DB794A5D612DCD47B /* DEBranchMatcher.h in Headers */ = {isa = PBXBuildFile; fileRef = E621659DB794A5D612DCD47A /* DEBranchMatcher.h */; };
		E621659DB794A5D612DCD481 /* FalseMatcher.m in Sources */ = {isa = PBXBuildFile; fileRef = E621659DB794A5D612DCD480 /* FalseMatcher.m */; };
		E621659DB794A5D612DCD48B /* DEPatternParser.h in Headers */ = {isa = PBXBuildFile; fileRef = E621659DB794A5D612DCD48A /* DEPatternParser.h */; };
		E621659DB794A5D612DCD491 /* BranchPatternTests.m in Sources */ = {isa = PBXBuildFile; fileRef = E621659DB794A5D612DCD490 /* BranchPatternTests.m */; };
		E621659DB794A5D612DCD495 /* InstanceParserTests.m in Sources */ = {isa = PBXBuildFile; fileRef = E621659DB794A5D612DCD494 /* InstanceParserTests.m */; };
		E621659DB794A5D612DCD49A /* DEBranchParser.m in Sources */ = {isa = PBXBuildFile; fileRef = E621659DB794A5D612DCD499 /* DEBranchParser.m */; };
		E621659DB794A5D612DCD49C /* DEBranchParser.h in Headers */ = {isa = PBXBuildFile; fileRef = E621659DB794A5D612DCD49B /* DEBranchParser.h */; };
		E621659DB794A5D612DCD49E /* FakeSimpleParser.m in Sources */ = {isa = PBXBuildFile; fileRef = E621659DB794A5D612DCD49D /* FakeSimpleParser.m */; };
		E621659DB794A5D612DCD4AC /* DescendantCombinatorTests.m in Sources */ = {isa = PBXBuildFile; fileRef = E621659DB794A5D612DCD4AB /* DescendantCombinatorTests.m */; };
		E621659DB794A5D612DCD4B0 /* DECombinatorMatcher.m in Sources */ = {isa = PBXBuildFile; fileRef = E621659DB794A5D612DCD4AF /* DECombinatorMatcher.m */; };
		E621659DB794A5D612DCD4B4 /* DECombinatorMatcher.h in Headers */ = {isa = PBXBuildFile; fileRef = E621659DB794A5D612DCD4B3 /* DECombinatorMatcher.h */; };
		E621659DB794A5D612DCD4B6 /* ChainParserTests.m in Sources */ = {isa = PBXBuildFile; fileRef = E621659DB794A5D612DCD4B5 /* ChainParserTests.m */; };
		E621659DB794A5D612DCD4BA /* FakeSubjectParser.m in Sources */ = {isa = PBXBuildFile; fileRef = E621659DB794A5D612DCD4B9 /* FakeSubjectParser.m */; };
		E621659DB794A5D612DCD4BE /* FakeCombinatorParser.m in Sources */ = {isa = PBXBuildFile; fileRef = E621659DB794A5D612DCD4BD /* FakeCombinatorParser.m */; };
		E621659DB794A5D612DCD4C4 /* DECombinator.h in Headers */ = {isa = PBXBuildFile; fileRef = E621659DB794A5D612DCD4C3 /* DECombinator.h */; };
		E621659DB794A5D612DCD4C6 /* DEDescendantCombinator.m in Sources */ = {isa = PBXBuildFile; fileRef = E621659DB794A5D612DCD4C5 /* DEDescendantCombinator.m */; };
		E621659DB794A5D612DCD4C8 /* DEDescendantCombinator.h in Headers */ = {isa = PBXBuildFile; fileRef = E621659DB794A5D612DCD4C7 /* DEDescendantCombinator.h */; };
		E621659DB794A5D612DCD4CA /* DECombinatorParser.m in Sources */ = {isa = PBXBuildFile; fileRef = E621659DB794A5D612DCD4C9 /* DECombinatorParser.m */; };
		E621659DB794A5D612DCD4CC /* DECombinatorParser.h in Headers */ = {isa = PBXBuildFile; fileRef = E621659DB794A5D612DCD4CB /* DECombinatorParser.h */; };
		E621659DB794A5D612DCD4CE /* DEChildCombinator.m in Sources */ = {isa = PBXBuildFile; fileRef = E621659DB794A5D612DCD4CD /* DEChildCombinator.m */; };
		E621659DB794A5D612DCD4D0 /* DEChildCombinator.h in Headers */ = {isa = PBXBuildFile; fileRef = E621659DB794A5D612DCD4CF /* DEChildCombinator.h */; };
		E621659DB794A5D612DCD4DE /* ChildCombinatorTests.m in Sources */ = {isa = PBXBuildFile; fileRef = E621659DB794A5D612DCD4DD /* ChildCombinatorTests.m */; };
		E621659DB794A5D612DCD4E3 /* DEIdentityMatcher.h in Headers */ = {isa = PBXBuildFile; fileRef = 2D436E1F1518F9C300071950 /* DEIdentityMatcher.h */; };
		E621659DB794A5D612DCD4E4 /* DEIdentityMatcher.m in Sources */ = {isa = PBXBuildFile; fileRef = 2D436E201518F9C300071950 /* DEIdentityMatcher.m */; };
		E621659DB794A5D612DCD4E7 /* DEQueryParser.h in Headers */ = {isa = PBXBuildFile; fileRef = 2D695C92147CD1BA00AF4115 /* DEQueryParser.h */; };
		E621659DB794A5D612DCD4E8 /* DEClassParser.h in Headers */ = {isa = PBXBuildFile; fileRef = 2D695C8A147CD1BA00AF4115 /* DEClassParser.h */; };
		E621659DB794A5D612DCD4E9 /* DEIgorParserException.h in Headers */ = {isa = PBXBuildFile; fileRef = 2D695C94147CD1BA00AF4115 /* DEIgorParserException.h */; };
		E621659DB794A5D612DCD4EA /* DEPredicateParser.h in Headers */ = {isa = PBXBuildFile; fileRef = 2D695CA3147CD1BA00AF4115 /* DEPredicateParser.h */; };
		E621659DB794A5D612DCD4EB /* DEInstanceMatcher.h in Headers */ = {isa = PBXBuildFile; fileRef = 2D695C8C147CD1BA00AF4115 /* DEInstanceMatcher.h */; };
		E621659DB794A5D612DCD4EC /* DEKindOfClassMatcher.h in Headers */ = {isa = PBXBuildFile; fileRef = 2D695C96147CD1BA00AF4115 /* DEKindOfClassMatcher.h */; };
		E621659DB794A5D612DCD4ED /* DEMatcher.h in Headers */ = {isa = PBXBuildFile; fileRef = 2D695C98147CD1BA00AF4115 /* DEMatcher.h */; };
		E621659DB794A5D612DCD4EE /* DEMemberOfClassMatcher.h in Headers */ = {isa = PBXBuildFile; fileRef = 2D695C99147CD1BA00AF4115 /* DEMemberOfClassMatcher.h */; };
		E621659DB794A5D612DCD4EF /* DEIgor.h in Headers */ = {isa = PBXBuildFile; fileRef = 2D695C8F147CD1BA00AF4115 /* DEIgor.h */; };
		E621659DB794A5D612DCD4F1 /* IdentifierMatcherTests.m in Sources */ = {isa = PBXBuildFile; fileRef = E621659DB794A5D612DCD4F0 /* IdentifierMatcherTests.m */; };
		E621659DB794A5D612DCD4F5 /* DEIdentifierMatcher.m in Sources */ = {isa = PBXBuildFile; fileRef = E621659DB794A5D612DCD4F4 /* DEIdentifierMatcher.m */; };
		E621659DB794A5D612DCD4F7 /* DEIdentifierMatcher.h in Headers */ = {isa = PBXBuildFile; fileRef = E621659DB794A5D612DCD4F6 /* DEIdentifierMatcher.h */; };
		E621659DB794A5D612DCD4F9 /* DEIdentifierParser.m in Sources */ = {isa = PBXBuildFile; fileRef = E621659DB794A5D612DCD4F8 /* DEIdentifierParser.m */; };
		E621659DB794A5D612DCD4FB /* DEIdentifierParser.h in Headers */ = {isa = PBXBuildFile; fileRef = E621659DB794A5D612DCD4FA /* DEIdentifierParser.h */; };
		E621659DB794A5D612DCD4FD /* IdentifierParserTests.m in Sources */ = {isa = PBXBuildFile; fileRef = E621659DB794A5D612DCD4FC /* IdentifierParserTests.m */; };
		E621659DB794A5D612DCD501 /* ChildPatternTests.m in Sources */ = {isa = PBXBuildFile; fileRef = E621659DB794A5D612DCD500 /* ChildPatternTests.m */; };
		E621659DB794A5D612DCD505 /* CombinatorParserTests.m in Sources */ = {isa = PBXBuildFile; fileRef = E621659DB794A5D612DCD504 /* CombinatorParserTests.m */; };
		E621659DB794A5D612DCD50D /* EmptySetCombinator.m in Sources */ = {isa = PBXBuildFile; fileRef = E621659DB794A5D612DCD4D7 /* EmptySetCombinator.m */; };
		E621659DB794A5D612DCD516 /* SiblingPatternTests.m in Sources */ = {isa = PBXBuildFile; fileRef = E621659DB794A5D612DCD515 /* SiblingPatternTests.m */; };
		E621659DB794A5D612DCD51A /* DESiblingCombinator.m in Sources */ = {isa = PBXBuildFile; fileRef = E621659DB794A5D612DCD519 /* DESiblingCombinator.m */; };
		E621659DB794A5D612DCD51C /* DESiblingCombinator.h in Headers */ = {isa = PBXBuildFile; fileRef = E621659DB794A5D612DCD51B /* DESiblingCombinator.h */; };
		E621659DB794A5D612DCD51E /* SiblingCombinatorTests.m in Sources */ = {isa = PBXBuildFile; fileRef = E621659DB794A5D612DCD51D /* SiblingCombinatorTests.m */; };
		E621659DB794A5D612DCD520 /* _My_ClassName__WithUnder_Scores.m in Sources */ = {isa = PBXBuildFile; fileRef = E621659DB794A5D612DCD51F /* _My_ClassName__WithUnder_Scores.m */; };
		E621659DB794A5D612DCD524 /* My1ClassName2With3Digits.m in Sources */ = {isa = PBXBuildFile; fileRef = E621659DB794A5D612DCD523 /* My1ClassName2With3Digits.m */; };
		E621659DB794A5D612DCD526 /* DEBranchMatcher.m in Sources */ = {isa = PBXBuildFile; fileRef = E621659DB794A5D612DCD478 /* DEBranchMatcher.m */; };
		E621659DB794A5D612DCD527 /* DEChildCombinator.m in Sources */ = {isa = PBXBuildFile; fileRef = E621659DB794A5D612DCD4CD /* DEChildCombinator.m */; };
		E621659DB794A5D612DCD528 /* DECombinatorMatcher.m in Sources */ = {isa = PBXBuildFile; fileRef = E621659DB794A5D612DCD4AF /* DECombinatorMatcher.m */; };
		E621659DB794A5D612DCD529 /* DEDescendantCombinator.m in Sources */ = {isa = PBXBuildFile; fileRef = E621659DB794A5D612DCD4C5 /* DEDescendantCombinator.m */; };
		E621659DB794A5D612DCD52A /* DEIdentifierMatcher.m in Sources */ = {isa = PBXBuildFile; fileRef = E621659DB794A5D612DCD4F4 /* DEIdentifierMatcher.m */; };
		E621659DB794A5D612DCD52B /* DEIdentityMatcher.m in Sources */ = {isa = PBXBuildFile; fileRef = 2D436E201518F9C300071950 /* DEIdentityMatcher.m */; };
		E621659DB794A5D612DCD52C /* DEInstanceMatcher.m in Sources */ = {isa = PBXBuildFile; fileRef = 2D695C8D147CD1BA00AF4115 /* DEInstanceMatcher.m */; };
		E621659DB794A5D612DCD52D /* DEKindOfClassMatcher.m in Sources */ = {isa = PBXBuildFile; fileRef = 2D695C97147CD1BA00AF4115 /* DEKindOfClassMatcher.m */; };
		E621659DB794A5D612DCD52E /* DEMemberOfClassMatcher.m in Sources */ = {isa = PBXBuildFile; fileRef = 2D695C9A147CD1BA00AF4115 /* DEMemberOfClassMatcher.m */; };
		E621659DB794A5D612DCD52F /* DEPredicateMatcher.m in Sources */ = {isa = PBXBuildFile; fileRef = 2D496EA41486A513007E1FDE /* DEPredicateMatcher.m */; };
		E621659DB794A5D612DCD530 /* DESiblingCombinator.m in Sources */ = {isa = PBXBuildFile; fileRef = E621659DB794A5D612DCD519 /* DESiblingCombinator.m */; };
		E621659DB794A5D612DCD531 /* DEUniversalMatcher.m in Sources */ = {isa = PBXBuildFile; fileRef = E621659DB794A5D612DCD45E /* DEUniversalMatcher.m */; };
		E621659DB794A5D612DCD532 /* DEBranchParser.m in Sources */ = {isa = PBXBuildFile; fileRef = E621659DB794A5D612DCD499 /* DEBranchParser.m */; };
		E621659DB794A5D612DCD533 /* DEChainParser.m in Sources */ = {isa = PBXBuildFile; fileRef = 2DCE893515193E8900B975EE /* DEChainParser.m */; };
		E621659DB794A5D612DCD534 /* DEClassParser.m in Sources */ = {isa = PBXBuildFile; fileRef = 2D695C8B147CD1BA00AF4115 /* DEClassParser.m */; };
		E621659DB794A5D612DCD535 /* DEIdentifierParser.m in Sources */ = {isa = PBXBuildFile; fileRef = E621659DB794A5D612DCD4F8 /* DEIdentifierParser.m */; };
		E621659DB794A5D612DCD536 /* DEIgorParserException.m in Sources */ = {isa = PBXBuildFile; fileRef = 2D695C95147CD1BA00AF4115 /* DEIgorParserException.m */; };
		E621659DB794A5D612DCD537 /* DEInstanceParser.m in Sources */ = {isa = PBXBuildFile; fileRef = 2DCE893A15193F6100B975EE /* DEInstanceParser.m */; };
		E621659DB794A5D612DCD538 /* DEPredicateParser.m in Sources */ = {isa = PBXBuildFile; fileRef = 2D695CA4147CD1BA00AF4115 /* DEPredicateParser.m */; };
		E621659DB794A5D612DCD539 /* DEQueryParser.m in Sources */ = {isa = PBXBuildFile; fileRef = 2D695C93147CD1BA00AF4115 /* DEQueryParser.m */; };
		E621659DB794A5D612DCD53A /* DEQueryScanner.m in Sources */ = {isa = PBXBuildFile; fileRef = E621659DB794A5D612DCD442 /* DEQueryScanner.m */; };
		E621659DB794A5D612DCD53B /* DEIgor.m in Sources */ = {isa = PBXBuildFile; fileRef = 2D695C90147CD1BA00AF4115 /* DEIgor.m */; };
		E621659DB794A5D612DCD53C /* DECombinatorParser.m in Sources */ = {isa = PBXBuildFile; fileRef = E621659DB794A5D612DCD4C9 /* DECombinatorParser.m */; };
		E621659DB794A5D612DCD53E /* DEIgorSelfRegisteringSelectorEngine.m in Sources */ = {isa = PBXBuildFile; fileRef = E621659DB794A5D612DCD53D /* DEIgorSelfRegisteringSelectorEngine.m */; };
/* End PBXBuildFile section */

/* Begin PBXCopyFilesBuildPhase section */
		C3DFBFB517021C5E00EF28B6 /* CopyFiles */ = {
			isa = PBXCopyFilesBuildPhase;
			buildActionMask = 2147483647;
			dstPath = "";
			dstSubfolderSpec = 16;
			files = (
				C3DFBFB617021C6500EF28B6 /* OCHamcrestIOS.framework in CopyFiles */,
			);
			runOnlyForDeploymentPostprocessing = 0;
		};
/* End PBXCopyFilesBuildPhase section */

/* Begin PBXFileReference section */
		2D2D4D0A1478787F00FF3D88 /* libigorTests.octest */ = {isa = PBXFileReference; explicitFileType = wrapper.cfbundle; includeInIndex = 0; path = libigorTests.octest; sourceTree = BUILT_PRODUCTS_DIR; };
		2D3E1F3D1509B98200D62300 /* DescendantPatternTests.m */ = {isa = PBXFileReference; fileEncoding = 4; lastKnownFileType = sourcecode.c.objc; path = DescendantPatternTests.m; sourceTree = "<group>"; };
		2D436E1F1518F9C300071950 /* DEIdentityMatcher.h */ = {isa = PBXFileReference; fileEncoding = 4; lastKnownFileType = sourcecode.c.h; path = DEIdentityMatcher.h; sourceTree = "<group>"; };
		2D436E201518F9C300071950 /* DEIdentityMatcher.m */ = {isa = PBXFileReference; fileEncoding = 4; lastKnownFileType = sourcecode.c.objc; path = DEIdentityMatcher.m; sourceTree = "<group>"; };
		2D436E251518FF6D00071950 /* ViewFactory.h */ = {isa = PBXFileReference; fileEncoding = 4; lastKnownFileType = sourcecode.c.h; path = ViewFactory.h; sourceTree = "<group>"; };
		2D436E261518FF6D00071950 /* ViewFactory.m */ = {isa = PBXFileReference; fileEncoding = 4; lastKnownFileType = sourcecode.c.objc; path = ViewFactory.m; sourceTree = "<group>"; };
		2D496EA31486A513007E1FDE /* DEPredicateMatcher.h */ = {isa = PBXFileReference; fileEncoding = 4; lastKnownFileType = sourcecode.c.h; path = DEPredicateMatcher.h; sourceTree = "<group>"; };
		2D496EA41486A513007E1FDE /* DEPredicateMatcher.m */ = {isa = PBXFileReference; fileEncoding = 4; lastKnownFileType = sourcecode.c.objc; path = DEPredicateMatcher.m; sourceTree = "<group>"; };
		2D695C8A147CD1BA00AF4115 /* DEClassParser.h */ = {isa = PBXFileReference; fileEncoding = 4; lastKnownFileType = sourcecode.c.h; path = DEClassParser.h; sourceTree = "<group>"; };
		2D695C8B147CD1BA00AF4115 /* DEClassParser.m */ = {isa = PBXFileReference; fileEncoding = 4; lastKnownFileType = sourcecode.c.objc; path = DEClassParser.m; sourceTree = "<group>"; };
		2D695C8C147CD1BA00AF4115 /* DEInstanceMatcher.h */ = {isa = PBXFileReference; fileEncoding = 4; lastKnownFileType = sourcecode.c.h; path = DEInstanceMatcher.h; sourceTree = "<group>"; };
		2D695C8D147CD1BA00AF4115 /* DEInstanceMatcher.m */ = {isa = PBXFileReference; fileEncoding = 4; lastKnownFileType = sourcecode.c.objc; path = DEInstanceMatcher.m; sourceTree = "<group>"; };
		2D695C8E147CD1BA00AF4115 /* Igor-Prefix.pch */ = {isa = PBXFileReference; fileEncoding = 4; lastKnownFileType = sourcecode.c.h; path = "Igor-Prefix.pch"; sourceTree = "<group>"; };
		2D695C8F147CD1BA00AF4115 /* DEIgor.h */ = {isa = PBXFileReference; fileEncoding = 4; lastKnownFileType = sourcecode.c.h; path = DEIgor.h; sourceTree = "<group>"; };
		2D695C90147CD1BA00AF4115 /* DEIgor.m */ = {isa = PBXFileReference; fileEncoding = 4; lastKnownFileType = sourcecode.c.objc; path = DEIgor.m; sourceTree = "<group>"; };
		2D695C92147CD1BA00AF4115 /* DEQueryParser.h */ = {isa = PBXFileReference; fileEncoding = 4; lastKnownFileType = sourcecode.c.h; path = DEQueryParser.h; sourceTree = "<group>"; };
		2D695C93147CD1BA00AF4115 /* DEQueryParser.m */ = {isa = PBXFileReference; fileEncoding = 4; lastKnownFileType = sourcecode.c.objc; path = DEQueryParser.m; sourceTree = "<group>"; };
		2D695C94147CD1BA00AF4115 /* DEIgorParserException.h */ = {isa = PBXFileReference; fileEncoding = 4; lastKnownFileType = sourcecode.c.h; path = DEIgorParserException.h; sourceTree = "<group>"; };
		2D695C95147CD1BA00AF4115 /* DEIgorParserException.m */ = {isa = PBXFileReference; fileEncoding = 4; lastKnownFileType = sourcecode.c.objc; path = DEIgorParserException.m; sourceTree = "<group>"; };
		2D695C96147CD1BA00AF4115 /* DEKindOfClassMatcher.h */ = {isa = PBXFileReference; fileEncoding = 4; lastKnownFileType = sourcecode.c.h; path = DEKindOfClassMatcher.h; sourceTree = "<group>"; };
		2D695C97147CD1BA00AF4115 /* DEKindOfClassMatcher.m */ = {isa = PBXFileReference; fileEncoding = 4; lastKnownFileType = sourcecode.c.objc; path = DEKindOfClassMatcher.m; sourceTree = "<group>"; };
		2D695C98147CD1BA00AF4115 /* DEMatcher.h */ = {isa = PBXFileReference; fileEncoding = 4; lastKnownFileType = sourcecode.c.h; path = DEMatcher.h; sourceTree = "<group>"; };
		2D695C99147CD1BA00AF4115 /* DEMemberOfClassMatcher.h */ = {isa = PBXFileReference; fileEncoding = 4; lastKnownFileType = sourcecode.c.h; path = DEMemberOfClassMatcher.h; sourceTree = "<group>"; };
		2D695C9A147CD1BA00AF4115 /* DEMemberOfClassMatcher.m */ = {isa = PBXFileReference; fileEncoding = 4; lastKnownFileType = sourcecode.c.objc; path = DEMemberOfClassMatcher.m; sourceTree = "<group>"; };
		2D695CA3147CD1BA00AF4115 /* DEPredicateParser.h */ = {isa = PBXFileReference; fileEncoding = 4; lastKnownFileType = sourcecode.c.h; path = DEPredicateParser.h; sourceTree = "<group>"; };
		2D695CA4147CD1BA00AF4115 /* DEPredicateParser.m */ = {isa = PBXFileReference; fileEncoding = 4; lastKnownFileType = sourcecode.c.objc; path = DEPredicateParser.m; sourceTree = "<group>"; };
		2D695CCA147CD1D200AF4115 /* ClassPatternTests.m */ = {isa = PBXFileReference; fileEncoding = 4; lastKnownFileType = sourcecode.c.objc; path = ClassPatternTests.m; sourceTree = "<group>"; };
		2D695CCC147CD1D200AF4115 /* en */ = {isa = PBXFileReference; lastKnownFileType = text.plist.strings; name = en; path = en.lproj/InfoPlist.strings; sourceTree = "<group>"; };
		2D695CCD147CD1D200AF4115 /* QueryParserTests.m */ = {isa = PBXFileReference; fileEncoding = 4; lastKnownFileType = sourcecode.c.objc; path = QueryParserTests.m; sourceTree = "<group>"; };
		2D695CCF147CD1D200AF4115 /* IgorTests-Prefix.pch */ = {isa = PBXFileReference; fileEncoding = 4; lastKnownFileType = sourcecode.c.h; path = "IgorTests-Prefix.pch"; sourceTree = "<group>"; };
		2D695CD0147CD1D200AF4115 /* KindOfClassMatcherTests.m */ = {isa = PBXFileReference; fileEncoding = 4; lastKnownFileType = sourcecode.c.objc; path = KindOfClassMatcherTests.m; sourceTree = "<group>"; };
		2D695CD1147CD1D200AF4115 /* MemberOfClassMatcherTests.m */ = {isa = PBXFileReference; fileEncoding = 4; lastKnownFileType = sourcecode.c.objc; path = MemberOfClassMatcherTests.m; sourceTree = "<group>"; };
		2D695CD3147CD1D200AF4115 /* PredicateParserTests.m */ = {isa = PBXFileReference; fileEncoding = 4; lastKnownFileType = sourcecode.c.objc; path = PredicateParserTests.m; sourceTree = "<group>"; };
		2D695CD4147CD1D200AF4115 /* PredicatePatternTests.m */ = {isa = PBXFileReference; fileEncoding = 4; lastKnownFileType = sourcecode.c.objc; path = PredicatePatternTests.m; sourceTree = "<group>"; };
		2D99DB321517E94B00244226 /* SubjectMarkerTests.m */ = {isa = PBXFileReference; fileEncoding = 4; lastKnownFileType = sourcecode.c.objc; path = SubjectMarkerTests.m; sourceTree = "<group>"; };
		2DCE893415193E8900B975EE /* DEChainParser.h */ = {isa = PBXFileReference; fileEncoding = 4; lastKnownFileType = sourcecode.c.h; path = DEChainParser.h; sourceTree = "<group>"; };
		2DCE893515193E8900B975EE /* DEChainParser.m */ = {isa = PBXFileReference; fileEncoding = 4; lastKnownFileType = sourcecode.c.objc; path = DEChainParser.m; sourceTree = "<group>"; };
		2DCE893915193F6100B975EE /* DEInstanceParser.h */ = {isa = PBXFileReference; fileEncoding = 4; lastKnownFileType = sourcecode.c.h; path = DEInstanceParser.h; sourceTree = "<group>"; };
		2DCE893A15193F6100B975EE /* DEInstanceParser.m */ = {isa = PBXFileReference; fileEncoding = 4; lastKnownFileType = sourcecode.c.objc; path = DEInstanceParser.m; sourceTree = "<group>"; };
		C355FA6D170234DC00478EC6 /* libIgor.a */ = {isa = PBXFileReference; explicitFileType = archive.ar; includeInIndex = 0; path = libIgor.a; sourceTree = BUILT_PRODUCTS_DIR; };
		C3B017D31702315F0052369E /* OCHamcrest.framework */ = {isa = PBXFileReference; lastKnownFileType = wrapper.framework; name = OCHamcrest.framework; path = lib/Cocoa/OCHamcrest.framework; sourceTree = "<group>"; };
		C3B017DC170233650052369E /* AppKit.framework */ = {isa = PBXFileReference; lastKnownFileType = wrapper.framework; name = AppKit.framework; path = System/Library/Frameworks/AppKit.framework; sourceTree = SDKROOT; };
		C3B017DD170233650052369E /* CoreData.framework */ = {isa = PBXFileReference; lastKnownFileType = wrapper.framework; name = CoreData.framework; path = System/Library/Frameworks/CoreData.framework; sourceTree = SDKROOT; };
		C3B017DE170233650052369E /* Foundation.framework */ = {isa = PBXFileReference; lastKnownFileType = wrapper.framework; name = Foundation.framework; path = System/Library/Frameworks/Foundation.framework; sourceTree = SDKROOT; };
		C3DFBFAE17021B7000EF28B6 /* SenTestingKit.framework */ = {isa = PBXFileReference; lastKnownFileType = wrapper.framework; name = SenTestingKit.framework; path = Library/Frameworks/SenTestingKit.framework; sourceTree = DEVELOPER_DIR; };
		C3DFBFB017021BBE00EF28B6 /* OCHamcrestIOS.framework */ = {isa = PBXFileReference; lastKnownFileType = wrapper.framework; name = OCHamcrestIOS.framework; path = lib/UIKit/OCHamcrestIOS.framework; sourceTree = "<group>"; };
		C3DFC00217021FD400EF28B6 /* IgorTests.octest */ = {isa = PBXFileReference; explicitFileType = wrapper.cfbundle; includeInIndex = 0; path = IgorTests.octest; sourceTree = BUILT_PRODUCTS_DIR; };
		C3DFC08E1702236700EF28B6 /* Foundation.framework */ = {isa = PBXFileReference; lastKnownFileType = wrapper.framework; name = Foundation.framework; path = Platforms/MacOSX.platform/Developer/SDKs/MacOSX10.7.sdk/System/Library/Frameworks/Foundation.framework; sourceTree = DEVELOPER_DIR; };
		C3DFC0901702237000EF28B6 /* Cocoa.framework */ = {isa = PBXFileReference; lastKnownFileType = wrapper.framework; name = Cocoa.framework; path = Platforms/MacOSX.platform/Developer/SDKs/MacOSX10.7.sdk/System/Library/Frameworks/Cocoa.framework; sourceTree = DEVELOPER_DIR; };
		C3DFC0921702247100EF28B6 /* DEIgorSelfRegisteringSelectorEngine.h */ = {isa = PBXFileReference; fileEncoding = 4; lastKnownFileType = sourcecode.c.h; path = DEIgorSelfRegisteringSelectorEngine.h; sourceTree = "<group>"; };
		E621659DB794A5D612DCD439 /* UIKit.framework */ = {isa = PBXFileReference; lastKnownFileType = wrapper.framework; name = UIKit.framework; path = System/Library/Frameworks/UIKit.framework; sourceTree = SDKROOT; };
		E621659DB794A5D612DCD442 /* DEQueryScanner.m */ = {isa = PBXFileReference; fileEncoding = 4; lastKnownFileType = sourcecode.c.objc; path = DEQueryScanner.m; sourceTree = "<group>"; };
		E621659DB794A5D612DCD444 /* DEQueryScanner.h */ = {isa = PBXFileReference; fileEncoding = 4; lastKnownFileType = sourcecode.c.h; path = DEQueryScanner.h; sourceTree = "<group>"; };
		E621659DB794A5D612DCD448 /* DEChainMatcher.h */ = {isa = PBXFileReference; fileEncoding = 4; lastKnownFileType = sourcecode.c.h; path = DEChainMatcher.h; sourceTree = "<group>"; };
		E621659DB794A5D612DCD450 /* IsKindOfClassMatcher.m */ = {isa = PBXFileReference; fileEncoding = 4; lastKnownFileType = sourcecode.c.objc; path = IsKindOfClassMatcher.m; sourceTree = "<group>"; };
		E621659DB794A5D612DCD452 /* IsKindOfClassMatcher.h */ = {isa = PBXFileReference; fileEncoding = 4; lastKnownFileType = sourcecode.c.h; path = IsKindOfClassMatcher.h; sourceTree = "<group>"; };
		E621659DB794A5D612DCD454 /* IsMemberOfClassMatcher.m */ = {isa = PBXFileReference; fileEncoding = 4; lastKnownFileType = sourcecode.c.objc; path = IsMemberOfClassMatcher.m; sourceTree = "<group>"; };
		E621659DB794A5D612DCD456 /* IsMemberOfClassMatcher.h */ = {isa = PBXFileReference; fileEncoding = 4; lastKnownFileType = sourcecode.c.h; path = IsMemberOfClassMatcher.h; sourceTree = "<group>"; };
		E621659DB794A5D612DCD458 /* IsPredicateMatcher.m */ = {isa = PBXFileReference; fileEncoding = 4; lastKnownFileType = sourcecode.c.objc; path = IsPredicateMatcher.m; sourceTree = "<group>"; };
		E621659DB794A5D612DCD45A /* IsPredicateMatcher.h */ = {isa = PBXFileReference; fileEncoding = 4; lastKnownFileType = sourcecode.c.h; path = IsPredicateMatcher.h; sourceTree = "<group>"; };
		E621659DB794A5D612DCD45C /* DEUniversalMatcher.h */ = {isa = PBXFileReference; fileEncoding = 4; lastKnownFileType = sourcecode.c.h; path = DEUniversalMatcher.h; sourceTree = "<group>"; };
		E621659DB794A5D612DCD45E /* DEUniversalMatcher.m */ = {isa = PBXFileReference; fileEncoding = 4; lastKnownFileType = sourcecode.c.objc; path = DEUniversalMatcher.m; sourceTree = "<group>"; };
		E621659DB794A5D612DCD464 /* MatchesView.m */ = {isa = PBXFileReference; fileEncoding = 4; lastKnownFileType = sourcecode.c.objc; path = MatchesView.m; sourceTree = "<group>"; };
		E621659DB794A5D612DCD466 /* MatchesView.h */ = {isa = PBXFileReference; fileEncoding = 4; lastKnownFileType = sourcecode.c.h; path = MatchesView.h; sourceTree = "<group>"; };
		E621659DB794A5D612DCD46C /* ClassParserTests.m */ = {isa = PBXFileReference; fileEncoding = 4; lastKnownFileType = sourcecode.c.objc; path = ClassParserTests.m; sourceTree = "<group>"; };
		E621659DB794A5D612DCD474 /* BranchMatcherTests.m */ = {isa = PBXFileReference; fileEncoding = 4; lastKnownFileType = sourcecode.c.objc; path = BranchMatcherTests.m; sourceTree = "<group>"; };
		E621659DB794A5D612DCD478 /* DEBranchMatcher.m */ = {isa = PBXFileReference; fileEncoding = 4; lastKnownFileType = sourcecode.c.objc; path = DEBranchMatcher.m; sourceTree = "<group>"; };
		E621659DB794A5D612DCD47A /* DEBranchMatcher.h */ = {isa = PBXFileReference; fileEncoding = 4; lastKnownFileType = sourcecode.c.h; path = DEBranchMatcher.h; sourceTree = "<group>"; };
		E621659DB794A5D612DCD480 /* FalseMatcher.m */ = {isa = PBXFileReference; fileEncoding = 4; lastKnownFileType = sourcecode.c.objc; path = FalseMatcher.m; sourceTree = "<group>"; };
		E621659DB794A5D612DCD482 /* FalseMatcher.h */ = {isa = PBXFileReference; fileEncoding = 4; lastKnownFileType = sourcecode.c.h; path = FalseMatcher.h; sourceTree = "<group>"; };
		E621659DB794A5D612DCD48A /* DEPatternParser.h */ = {isa = PBXFileReference; fileEncoding = 4; lastKnownFileType = sourcecode.c.h; path = DEPatternParser.h; sourceTree = "<group>"; };
		E621659DB794A5D612DCD490 /* BranchPatternTests.m */ = {isa = PBXFileReference; fileEncoding = 4; lastKnownFileType = sourcecode.c.objc; path = BranchPatternTests.m; sourceTree = "<group>"; };
		E621659DB794A5D612DCD494 /* InstanceParserTests.m */ = {isa = PBXFileReference; fileEncoding = 4; lastKnownFileType = sourcecode.c.objc; path = InstanceParserTests.m; sourceTree = "<group>"; };
		E621659DB794A5D612DCD499 /* DEBranchParser.m */ = {isa = PBXFileReference; fileEncoding = 4; lastKnownFileType = sourcecode.c.objc; path = DEBranchParser.m; sourceTree = "<group>"; };
		E621659DB794A5D612DCD49B /* DEBranchParser.h */ = {isa = PBXFileReference; fileEncoding = 4; lastKnownFileType = sourcecode.c.h; path = DEBranchParser.h; sourceTree = "<group>"; };
		E621659DB794A5D612DCD49D /* FakeSimpleParser.m */ = {isa = PBXFileReference; fileEncoding = 4; lastKnownFileType = sourcecode.c.objc; path = FakeSimpleParser.m; sourceTree = "<group>"; };
		E621659DB794A5D612DCD49F /* FakeSimpleParser.h */ = {isa = PBXFileReference; fileEncoding = 4; lastKnownFileType = sourcecode.c.h; path = FakeSimpleParser.h; sourceTree = "<group>"; };
		E621659DB794A5D612DCD4AB /* DescendantCombinatorTests.m */ = {isa = PBXFileReference; fileEncoding = 4; lastKnownFileType = sourcecode.c.objc; path = DescendantCombinatorTests.m; sourceTree = "<group>"; };
		E621659DB794A5D612DCD4AF /* DECombinatorMatcher.m */ = {isa = PBXFileReference; fileEncoding = 4; lastKnownFileType = sourcecode.c.objc; path = DECombinatorMatcher.m; sourceTree = "<group>"; };
		E621659DB794A5D612DCD4B3 /* DECombinatorMatcher.h */ = {isa = PBXFileReference; fileEncoding = 4; lastKnownFileType = sourcecode.c.h; path = DECombinatorMatcher.h; sourceTree = "<group>"; };
		E621659DB794A5D612DCD4B5 /* ChainParserTests.m */ = {isa = PBXFileReference; fileEncoding = 4; lastKnownFileType = sourcecode.c.objc; path = ChainParserTests.m; sourceTree = "<group>"; };
		E621659DB794A5D612DCD4B9 /* FakeSubjectParser.m */ = {isa = PBXFileReference; fileEncoding = 4; lastKnownFileType = sourcecode.c.objc; path = FakeSubjectParser.m; sourceTree = "<group>"; };
		E621659DB794A5D612DCD4BB /* FakeSubjectParser.h */ = {isa = PBXFileReference; fileEncoding = 4; lastKnownFileType = sourcecode.c.h; path = FakeSubjectParser.h; sourceTree = "<group>"; };
		E621659DB794A5D612DCD4BD /* FakeCombinatorParser.m */ = {isa = PBXFileReference; fileEncoding = 4; lastKnownFileType = sourcecode.c.objc; path = FakeCombinatorParser.m; sourceTree = "<group>"; };
		E621659DB794A5D612DCD4BF /* FakeCombinatorParser.h */ = {isa = PBXFileReference; fileEncoding = 4; lastKnownFileType = sourcecode.c.h; path = FakeCombinatorParser.h; sourceTree = "<group>"; };
		E621659DB794A5D612DCD4C3 /* DECombinator.h */ = {isa = PBXFileReference; fileEncoding = 4; lastKnownFileType = sourcecode.c.h; path = DECombinator.h; sourceTree = "<group>"; };
		E621659DB794A5D612DCD4C5 /* DEDescendantCombinator.m */ = {isa = PBXFileReference; fileEncoding = 4; lastKnownFileType = sourcecode.c.objc; path = DEDescendantCombinator.m; sourceTree = "<group>"; };
		E621659DB794A5D612DCD4C7 /* DEDescendantCombinator.h */ = {isa = PBXFileReference; fileEncoding = 4; lastKnownFileType = sourcecode.c.h; path = DEDescendantCombinator.h; sourceTree = "<group>"; };
		E621659DB794A5D612DCD4C9 /* DECombinatorParser.m */ = {isa = PBXFileReference; fileEncoding = 4; lastKnownFileType = sourcecode.c.objc; path = DECombinatorParser.m; sourceTree = "<group>"; };
		E621659DB794A5D612DCD4CB /* DECombinatorParser.h */ = {isa = PBXFileReference; fileEncoding = 4; lastKnownFileType = sourcecode.c.h; path = DECombinatorParser.h; sourceTree = "<group>"; };
		E621659DB794A5D612DCD4CD /* DEChildCombinator.m */ = {isa = PBXFileReference; fileEncoding = 4; lastKnownFileType = sourcecode.c.objc; path = DEChildCombinator.m; sourceTree = "<group>"; };
		E621659DB794A5D612DCD4CF /* DEChildCombinator.h */ = {isa = PBXFileReference; fileEncoding = 4; lastKnownFileType = sourcecode.c.h; path = DEChildCombinator.h; sourceTree = "<group>"; };
		E621659DB794A5D612DCD4D7 /* EmptySetCombinator.m */ = {isa = PBXFileReference; fileEncoding = 4; lastKnownFileType = sourcecode.c.objc; path = EmptySetCombinator.m; sourceTree = "<group>"; };
		E621659DB794A5D612DCD4D9 /* EmptySetCombinator.h */ = {isa = PBXFileReference; fileEncoding = 4; lastKnownFileType = sourcecode.c.h; path = EmptySetCombinator.h; sourceTree = "<group>"; };
		E621659DB794A5D612DCD4DD /* ChildCombinatorTests.m */ = {isa = PBXFileReference; fileEncoding = 4; lastKnownFileType = sourcecode.c.objc; path = ChildCombinatorTests.m; sourceTree = "<group>"; };
		E621659DB794A5D612DCD4F0 /* IdentifierMatcherTests.m */ = {isa = PBXFileReference; fileEncoding = 4; lastKnownFileType = sourcecode.c.objc; path = IdentifierMatcherTests.m; sourceTree = "<group>"; };
		E621659DB794A5D612DCD4F4 /* DEIdentifierMatcher.m */ = {isa = PBXFileReference; fileEncoding = 4; lastKnownFileType = sourcecode.c.objc; path = DEIdentifierMatcher.m; sourceTree = "<group>"; };
		E621659DB794A5D612DCD4F6 /* DEIdentifierMatcher.h */ = {isa = PBXFileReference; fileEncoding = 4; lastKnownFileType = sourcecode.c.h; path = DEIdentifierMatcher.h; sourceTree = "<group>"; };
		E621659DB794A5D612DCD4F8 /* DEIdentifierParser.m */ = {isa = PBXFileReference; fileEncoding = 4; lastKnownFileType = sourcecode.c.objc; path = DEIdentifierParser.m; sourceTree = "<group>"; };
		E621659DB794A5D612DCD4FA /* DEIdentifierParser.h */ = {isa = PBXFileReference; fileEncoding = 4; lastKnownFileType = sourcecode.c.h; path = DEIdentifierParser.h; sourceTree = "<group>"; };
		E621659DB794A5D612DCD4FC /* IdentifierParserTests.m */ = {isa = PBXFileReference; fileEncoding = 4; lastKnownFileType = sourcecode.c.objc; path = IdentifierParserTests.m; sourceTree = "<group>"; };
		E621659DB794A5D612DCD500 /* ChildPatternTests.m */ = {isa = PBXFileReference; fileEncoding = 4; lastKnownFileType = sourcecode.c.objc; path = ChildPatternTests.m; sourceTree = "<group>"; };
		E621659DB794A5D612DCD504 /* CombinatorParserTests.m */ = {isa = PBXFileReference; fileEncoding = 4; lastKnownFileType = sourcecode.c.objc; path = CombinatorParserTests.m; sourceTree = "<group>"; };
		E621659DB794A5D612DCD515 /* SiblingPatternTests.m */ = {isa = PBXFileReference; fileEncoding = 4; lastKnownFileType = sourcecode.c.objc; path = SiblingPatternTests.m; sourceTree = "<group>"; };
		E621659DB794A5D612DCD519 /* DESiblingCombinator.m */ = {isa = PBXFileReference; fileEncoding = 4; lastKnownFileType = sourcecode.c.objc; path = DESiblingCombinator.m; sourceTree = "<group>"; };
		E621659DB794A5D612DCD51B /* DESiblingCombinator.h */ = {isa = PBXFileReference; fileEncoding = 4; lastKnownFileType = sourcecode.c.h; path = DESiblingCombinator.h; sourceTree = "<group>"; };
		E621659DB794A5D612DCD51D /* SiblingCombinatorTests.m */ = {isa = PBXFileReference; fileEncoding = 4; lastKnownFileType = sourcecode.c.objc; path = SiblingCombinatorTests.m; sourceTree = "<group>"; };
		E621659DB794A5D612DCD51F /* _My_ClassName__WithUnder_Scores.m */ = {isa = PBXFileReference; fileEncoding = 4; lastKnownFileType = sourcecode.c.objc; path = _My_ClassName__WithUnder_Scores.m; sourceTree = "<group>"; };
		E621659DB794A5D612DCD521 /* _My_ClassName__WithUnder_Scores.h */ = {isa = PBXFileReference; fileEncoding = 4; lastKnownFileType = sourcecode.c.h; path = _My_ClassName__WithUnder_Scores.h; sourceTree = "<group>"; };
		E621659DB794A5D612DCD523 /* My1ClassName2With3Digits.m */ = {isa = PBXFileReference; fileEncoding = 4; lastKnownFileType = sourcecode.c.objc; path = My1ClassName2With3Digits.m; sourceTree = "<group>"; };
		E621659DB794A5D612DCD525 /* My1ClassName2With3Digits.h */ = {isa = PBXFileReference; fileEncoding = 4; lastKnownFileType = sourcecode.c.h; path = My1ClassName2With3Digits.h; sourceTree = "<group>"; };
		E621659DB794A5D612DCD53D /* DEIgorSelfRegisteringSelectorEngine.m */ = {isa = PBXFileReference; fileEncoding = 4; lastKnownFileType = sourcecode.c.objc; path = DEIgorSelfRegisteringSelectorEngine.m; sourceTree = "<group>"; };
/* End PBXFileReference section */

/* Begin PBXFrameworksBuildPhase section */
		2D2D4D061478787F00FF3D88 /* Frameworks */ = {
			isa = PBXFrameworksBuildPhase;
			buildActionMask = 2147483647;
			files = (
				C3DFBFAF17021B7000EF28B6 /* SenTestingKit.framework in Frameworks */,
				2D2D4D0C1478787F00FF3D88 /* UIKit.framework in Frameworks */,
				C3DFBFB417021C5B00EF28B6 /* OCHamcrestIOS.framework in Frameworks */,
			);
			runOnlyForDeploymentPostprocessing = 0;
		};
		C355FA6A170234DC00478EC6 /* Frameworks */ = {
			isa = PBXFrameworksBuildPhase;
			buildActionMask = 2147483647;
			files = (
				C355FA6E170234DC00478EC6 /* Cocoa.framework in Frameworks */,
			);
			runOnlyForDeploymentPostprocessing = 0;
		};
		C3DFBFFE17021FD400EF28B6 /* Frameworks */ = {
			isa = PBXFrameworksBuildPhase;
			buildActionMask = 2147483647;
			files = (
				C3DFC0991702294600EF28B6 /* Cocoa.framework in Frameworks */,
				C3DFC00317021FD400EF28B6 /* SenTestingKit.framework in Frameworks */,
				C3B017D5170231640052369E /* OCHamcrest.framework in Frameworks */,
			);
			runOnlyForDeploymentPostprocessing = 0;
		};
		E621659DB794A5D612DCD423 /* Frameworks */ = {
			isa = PBXFrameworksBuildPhase;
			buildActionMask = 2147483647;
			files = (
			);
			runOnlyForDeploymentPostprocessing = 0;
		};
/* End PBXFrameworksBuildPhase section */

/* Begin PBXGroup section */
		2D695C88147CD1BA00AF4115 /* igor */ = {
			isa = PBXGroup;
			children = (
				2D695CE0147CD23800AF4115 /* Supporting Files */,
				E621659DB794A5D612DCD512 /* engine */,
				E621659DB794A5D612DCD513 /* matchers */,
				E621659DB794A5D612DCD514 /* parser */,
			);
			path = igor;
			sourceTree = "<group>";
		};
		2D695CC9147CD1D200AF4115 /* test */ = {
			isa = PBXGroup;
			children = (
				2D695CE5147CD31300AF4115 /* Supporting Files */,
				E621659DB794A5D612DCD50E /* acceptance */,
				E621659DB794A5D612DCD50F /* fixtures */,
				E621659DB794A5D612DCD510 /* matchers */,
				E621659DB794A5D612DCD511 /* parser */,
			);
			path = test;
			sourceTree = "<group>";
		};
		2D695CE0147CD23800AF4115 /* Supporting Files */ = {
			isa = PBXGroup;
			children = (
				2D695C8E147CD1BA00AF4115 /* Igor-Prefix.pch */,
			);
			name = "Supporting Files";
			sourceTree = "<group>";
		};
		2D695CE5147CD31300AF4115 /* Supporting Files */ = {
			isa = PBXGroup;
			children = (
				2D695CCB147CD1D200AF4115 /* InfoPlist.strings */,
				2D695CCF147CD1D200AF4115 /* IgorTests-Prefix.pch */,
			);
			name = "Supporting Files";
			sourceTree = "<group>";
		};
		C3DFBFBF17021DBE00EF28B6 /* Other Frameworks */ = {
			isa = PBXGroup;
			children = (
				C3B017DC170233650052369E /* AppKit.framework */,
				C3B017DD170233650052369E /* CoreData.framework */,
				C3B017DE170233650052369E /* Foundation.framework */,
			);
			name = "Other Frameworks";
			sourceTree = "<group>";
		};
		E621659DB794A5D612DCD418 = {
			isa = PBXGroup;
			children = (
				2D695C88147CD1BA00AF4115 /* igor */,
				2D695CC9147CD1D200AF4115 /* test */,
				E621659DB794A5D612DCD419 /* Products */,
				E621659DB794A5D612DCD424 /* Frameworks */,
			);
			sourceTree = "<group>";
		};
		E621659DB794A5D612DCD419 /* Products */ = {
			isa = PBXGroup;
			children = (
				2D2D4D0A1478787F00FF3D88 /* libigorTests.octest */,
				C3DFC00217021FD400EF28B6 /* IgorTests.octest */,
				C355FA6D170234DC00478EC6 /* libIgor.a */,
			);
			name = Products;
			sourceTree = "<group>";
		};
		E621659DB794A5D612DCD424 /* Frameworks */ = {
			isa = PBXGroup;
			children = (
				C3DFC0901702237000EF28B6 /* Cocoa.framework */,
				C3DFC08E1702236700EF28B6 /* Foundation.framework */,
				C3DFBFAE17021B7000EF28B6 /* SenTestingKit.framework */,
				C3B017D31702315F0052369E /* OCHamcrest.framework */,
				C3DFBFB017021BBE00EF28B6 /* OCHamcrestIOS.framework */,
				E621659DB794A5D612DCD439 /* UIKit.framework */,
				C3DFBFBF17021DBE00EF28B6 /* Other Frameworks */,
			);
			name = Frameworks;
			sourceTree = "<group>";
		};
		E621659DB794A5D612DCD50E /* acceptance */ = {
			isa = PBXGroup;
			children = (
				E621659DB794A5D612DCD515 /* SiblingPatternTests.m */,
				2D99DB321517E94B00244226 /* SubjectMarkerTests.m */,
				2D695CD4147CD1D200AF4115 /* PredicatePatternTests.m */,
				2D3E1F3D1509B98200D62300 /* DescendantPatternTests.m */,
				2D695CCA147CD1D200AF4115 /* ClassPatternTests.m */,
				E621659DB794A5D612DCD500 /* ChildPatternTests.m */,
				E621659DB794A5D612DCD490 /* BranchPatternTests.m */,
			);
			path = acceptance;
			sourceTree = "<group>";
		};
		E621659DB794A5D612DCD50F /* fixtures */ = {
			isa = PBXGroup;
			children = (
				E621659DB794A5D612DCD525 /* My1ClassName2With3Digits.h */,
				E621659DB794A5D612DCD523 /* My1ClassName2With3Digits.m */,
				E621659DB794A5D612DCD521 /* _My_ClassName__WithUnder_Scores.h */,
				E621659DB794A5D612DCD51F /* _My_ClassName__WithUnder_Scores.m */,
				2D436E261518FF6D00071950 /* ViewFactory.m */,
				2D436E251518FF6D00071950 /* ViewFactory.h */,
				E621659DB794A5D612DCD464 /* MatchesView.m */,
				E621659DB794A5D612DCD466 /* MatchesView.h */,
				E621659DB794A5D612DCD458 /* IsPredicateMatcher.m */,
				E621659DB794A5D612DCD45A /* IsPredicateMatcher.h */,
				E621659DB794A5D612DCD454 /* IsMemberOfClassMatcher.m */,
				E621659DB794A5D612DCD456 /* IsMemberOfClassMatcher.h */,
				E621659DB794A5D612DCD450 /* IsKindOfClassMatcher.m */,
				E621659DB794A5D612DCD452 /* IsKindOfClassMatcher.h */,
				E621659DB794A5D612DCD480 /* FalseMatcher.m */,
				E621659DB794A5D612DCD482 /* FalseMatcher.h */,
				E621659DB794A5D612DCD4B9 /* FakeSubjectParser.m */,
				E621659DB794A5D612DCD4BB /* FakeSubjectParser.h */,
				E621659DB794A5D612DCD49D /* FakeSimpleParser.m */,
				E621659DB794A5D612DCD49F /* FakeSimpleParser.h */,
				E621659DB794A5D612DCD4BD /* FakeCombinatorParser.m */,
				E621659DB794A5D612DCD4BF /* FakeCombinatorParser.h */,
				E621659DB794A5D612DCD4D7 /* EmptySetCombinator.m */,
				E621659DB794A5D612DCD4D9 /* EmptySetCombinator.h */,
			);
			path = fixtures;
			sourceTree = "<group>";
		};
		E621659DB794A5D612DCD510 /* matchers */ = {
			isa = PBXGroup;
			children = (
				E621659DB794A5D612DCD51D /* SiblingCombinatorTests.m */,
				2D695CD1147CD1D200AF4115 /* MemberOfClassMatcherTests.m */,
				2D695CD0147CD1D200AF4115 /* KindOfClassMatcherTests.m */,
				E621659DB794A5D612DCD4F0 /* IdentifierMatcherTests.m */,
				E621659DB794A5D612DCD4AB /* DescendantCombinatorTests.m */,
				E621659DB794A5D612DCD4DD /* ChildCombinatorTests.m */,
				E621659DB794A5D612DCD474 /* BranchMatcherTests.m */,
			);
			path = matchers;
			sourceTree = "<group>";
		};
		E621659DB794A5D612DCD511 /* parser */ = {
			isa = PBXGroup;
			children = (
				2D695CCD147CD1D200AF4115 /* QueryParserTests.m */,
				2D695CD3147CD1D200AF4115 /* PredicateParserTests.m */,
				E621659DB794A5D612DCD494 /* InstanceParserTests.m */,
				E621659DB794A5D612DCD4FC /* IdentifierParserTests.m */,
				E621659DB794A5D612DCD504 /* CombinatorParserTests.m */,
				E621659DB794A5D612DCD46C /* ClassParserTests.m */,
				E621659DB794A5D612DCD4B5 /* ChainParserTests.m */,
			);
			path = parser;
			sourceTree = "<group>";
		};
		E621659DB794A5D612DCD512 /* engine */ = {
			isa = PBXGroup;
			children = (
				C3DFC0921702247100EF28B6 /* DEIgorSelfRegisteringSelectorEngine.h */,
				E621659DB794A5D612DCD53D /* DEIgorSelfRegisteringSelectorEngine.m */,
				2D695C90147CD1BA00AF4115 /* DEIgor.m */,
				2D695C8F147CD1BA00AF4115 /* DEIgor.h */,
			);
			path = engine;
			sourceTree = "<group>";
		};
		E621659DB794A5D612DCD513 /* matchers */ = {
			isa = PBXGroup;
			children = (
				E621659DB794A5D612DCD519 /* DESiblingCombinator.m */,
				E621659DB794A5D612DCD51B /* DESiblingCombinator.h */,
				E621659DB794A5D612DCD45E /* DEUniversalMatcher.m */,
				E621659DB794A5D612DCD45C /* DEUniversalMatcher.h */,
				2D496EA41486A513007E1FDE /* DEPredicateMatcher.m */,
				2D496EA31486A513007E1FDE /* DEPredicateMatcher.h */,
				2D695C9A147CD1BA00AF4115 /* DEMemberOfClassMatcher.m */,
				2D695C99147CD1BA00AF4115 /* DEMemberOfClassMatcher.h */,
				2D695C98147CD1BA00AF4115 /* DEMatcher.h */,
				2D695C97147CD1BA00AF4115 /* DEKindOfClassMatcher.m */,
				2D695C96147CD1BA00AF4115 /* DEKindOfClassMatcher.h */,
				2D695C8D147CD1BA00AF4115 /* DEInstanceMatcher.m */,
				2D695C8C147CD1BA00AF4115 /* DEInstanceMatcher.h */,
				2D436E201518F9C300071950 /* DEIdentityMatcher.m */,
				2D436E1F1518F9C300071950 /* DEIdentityMatcher.h */,
				E621659DB794A5D612DCD4F4 /* DEIdentifierMatcher.m */,
				E621659DB794A5D612DCD4F6 /* DEIdentifierMatcher.h */,
				E621659DB794A5D612DCD4C5 /* DEDescendantCombinator.m */,
				E621659DB794A5D612DCD4C7 /* DEDescendantCombinator.h */,
				E621659DB794A5D612DCD4AF /* DECombinatorMatcher.m */,
				E621659DB794A5D612DCD4B3 /* DECombinatorMatcher.h */,
				E621659DB794A5D612DCD4C3 /* DECombinator.h */,
				E621659DB794A5D612DCD4CD /* DEChildCombinator.m */,
				E621659DB794A5D612DCD4CF /* DEChildCombinator.h */,
				E621659DB794A5D612DCD448 /* DEChainMatcher.h */,
				E621659DB794A5D612DCD478 /* DEBranchMatcher.m */,
				E621659DB794A5D612DCD47A /* DEBranchMatcher.h */,
			);
			path = matchers;
			sourceTree = "<group>";
		};
		E621659DB794A5D612DCD514 /* parser */ = {
			isa = PBXGroup;
			children = (
				E621659DB794A5D612DCD442 /* DEQueryScanner.m */,
				E621659DB794A5D612DCD444 /* DEQueryScanner.h */,
				2D695C93147CD1BA00AF4115 /* DEQueryParser.m */,
				2D695C92147CD1BA00AF4115 /* DEQueryParser.h */,
				2D695CA4147CD1BA00AF4115 /* DEPredicateParser.m */,
				2D695CA3147CD1BA00AF4115 /* DEPredicateParser.h */,
				E621659DB794A5D612DCD48A /* DEPatternParser.h */,
				2DCE893A15193F6100B975EE /* DEInstanceParser.m */,
				2DCE893915193F6100B975EE /* DEInstanceParser.h */,
				2D695C95147CD1BA00AF4115 /* DEIgorParserException.m */,
				2D695C94147CD1BA00AF4115 /* DEIgorParserException.h */,
				E621659DB794A5D612DCD4F8 /* DEIdentifierParser.m */,
				E621659DB794A5D612DCD4FA /* DEIdentifierParser.h */,
				E621659DB794A5D612DCD4C9 /* DECombinatorParser.m */,
				E621659DB794A5D612DCD4CB /* DECombinatorParser.h */,
				2D695C8B147CD1BA00AF4115 /* DEClassParser.m */,
				2D695C8A147CD1BA00AF4115 /* DEClassParser.h */,
				2DCE893515193E8900B975EE /* DEChainParser.m */,
				2DCE893415193E8900B975EE /* DEChainParser.h */,
				E621659DB794A5D612DCD499 /* DEBranchParser.m */,
				E621659DB794A5D612DCD49B /* DEBranchParser.h */,
			);
			path = parser;
			sourceTree = "<group>";
		};
/* End PBXGroup section */

/* Begin PBXHeadersBuildPhase section */
		2D9649DE147DA18400C40219 /* Headers */ = {
			isa = PBXHeadersBuildPhase;
			buildActionMask = 2147483647;
			files = (
				2D9649E0147DA1A700C40219 /* Igor-Prefix.pch in Headers */,
				2D9649DF147DA19C00C40219 /* IgorTests-Prefix.pch in Headers */,
			);
			runOnlyForDeploymentPostprocessing = 0;
		};
		2D9649E1147DA20500C40219 /* Headers */ = {
			isa = PBXHeadersBuildPhase;
			buildActionMask = 2147483647;
			files = (
				2D9649E2147DA21400C40219 /* Igor-Prefix.pch in Headers */,
				2D496EA51486A513007E1FDE /* DEPredicateMatcher.h in Headers */,
				2DCE893615193E8900B975EE /* DEChainParser.h in Headers */,
				2DCE893B15193F6100B975EE /* DEInstanceParser.h in Headers */,
				E621659DB794A5D612DCD445 /* DEQueryScanner.h in Headers */,
				E621659DB794A5D612DCD449 /* DEChainMatcher.h in Headers */,
				E621659DB794A5D612DCD45D /* DEUniversalMatcher.h in Headers */,
				E621659DB794A5D612DCD47B /* DEBranchMatcher.h in Headers */,
				E621659DB794A5D612DCD48B /* DEPatternParser.h in Headers */,
				E621659DB794A5D612DCD49C /* DEBranchParser.h in Headers */,
				E621659DB794A5D612DCD4B4 /* DECombinatorMatcher.h in Headers */,
				E621659DB794A5D612DCD4C4 /* DECombinator.h in Headers */,
				E621659DB794A5D612DCD4C8 /* DEDescendantCombinator.h in Headers */,
				E621659DB794A5D612DCD4CC /* DECombinatorParser.h in Headers */,
				E621659DB794A5D612DCD4D0 /* DEChildCombinator.h in Headers */,
				E621659DB794A5D612DCD4E3 /* DEIdentityMatcher.h in Headers */,
				E621659DB794A5D612DCD4E7 /* DEQueryParser.h in Headers */,
				E621659DB794A5D612DCD4E8 /* DEClassParser.h in Headers */,
				E621659DB794A5D612DCD4E9 /* DEIgorParserException.h in Headers */,
				E621659DB794A5D612DCD4EA /* DEPredicateParser.h in Headers */,
				E621659DB794A5D612DCD4EB /* DEInstanceMatcher.h in Headers */,
				E621659DB794A5D612DCD4EC /* DEKindOfClassMatcher.h in Headers */,
				E621659DB794A5D612DCD4ED /* DEMatcher.h in Headers */,
				E621659DB794A5D612DCD4EE /* DEMemberOfClassMatcher.h in Headers */,
				E621659DB794A5D612DCD4EF /* DEIgor.h in Headers */,
				E621659DB794A5D612DCD4F7 /* DEIdentifierMatcher.h in Headers */,
				E621659DB794A5D612DCD4FB /* DEIdentifierParser.h in Headers */,
				E621659DB794A5D612DCD51C /* DESiblingCombinator.h in Headers */,
				C3DFC0931702247100EF28B6 /* DEIgorSelfRegisteringSelectorEngine.h in Headers */,
			);
			runOnlyForDeploymentPostprocessing = 0;
		};
		C355FA6B170234DC00478EC6 /* Headers */ = {
			isa = PBXHeadersBuildPhase;
			buildActionMask = 2147483647;
			files = (
				C355FA78170234F100478EC6 /* Igor-Prefix.pch in Headers */,
				C355FA79170234F700478EC6 /* DEIgorSelfRegisteringSelectorEngine.h in Headers */,
				C355FA7C170234F700478EC6 /* DEIgor.h in Headers */,
				C355FA7E170234FB00478EC6 /* DESiblingCombinator.h in Headers */,
				C355FA80170234FB00478EC6 /* DEUniversalMatcher.h in Headers */,
				C355FA82170234FB00478EC6 /* DEPredicateMatcher.h in Headers */,
				C355FA84170234FB00478EC6 /* DEMemberOfClassMatcher.h in Headers */,
				C355FA85170234FB00478EC6 /* DEMatcher.h in Headers */,
				C355FA87170234FB00478EC6 /* DEKindOfClassMatcher.h in Headers */,
				C355FA89170234FB00478EC6 /* DEInstanceMatcher.h in Headers */,
				C355FA8B170234FB00478EC6 /* DEIdentityMatcher.h in Headers */,
				C355FA8D170234FB00478EC6 /* DEIdentifierMatcher.h in Headers */,
				C355FA8F170234FB00478EC6 /* DEDescendantCombinator.h in Headers */,
				C355FA91170234FB00478EC6 /* DECombinatorMatcher.h in Headers */,
				C355FA92170234FB00478EC6 /* DECombinator.h in Headers */,
				C355FA94170234FB00478EC6 /* DEChildCombinator.h in Headers */,
				C355FA95170234FB00478EC6 /* DEChainMatcher.h in Headers */,
				C355FA97170234FB00478EC6 /* DEBranchMatcher.h in Headers */,
				C355FA99170234FF00478EC6 /* DEQueryScanner.h in Headers */,
				C355FA9B170234FF00478EC6 /* DEQueryParser.h in Headers */,
				C355FA9D170234FF00478EC6 /* DEPredicateParser.h in Headers */,
				C355FA9E170234FF00478EC6 /* DEPatternParser.h in Headers */,
				C355FAA0170234FF00478EC6 /* DEInstanceParser.h in Headers */,
				C355FAA2170234FF00478EC6 /* DEIgorParserException.h in Headers */,
				C355FAA4170234FF00478EC6 /* DEIdentifierParser.h in Headers */,
				C355FAA6170234FF00478EC6 /* DECombinatorParser.h in Headers */,
				C355FAA8170234FF00478EC6 /* DEClassParser.h in Headers */,
				C355FAAA170234FF00478EC6 /* DEChainParser.h in Headers */,
				C355FAAC170234FF00478EC6 /* DEBranchParser.h in Headers */,
			);
			runOnlyForDeploymentPostprocessing = 0;
		};
/* End PBXHeadersBuildPhase section */

/* Begin PBXNativeTarget section */
		2D2D4D091478787F00FF3D88 /* libigorTests */ = {
			isa = PBXNativeTarget;
			buildConfigurationList = 2D2D4D181478788000FF3D88 /* Build configuration list for PBXNativeTarget "libigorTests" */;
			buildPhases = (
				2D9649DE147DA18400C40219 /* Headers */,
				2D2D4D051478787F00FF3D88 /* Sources */,
				2D2D4D061478787F00FF3D88 /* Frameworks */,
				C3DFBFB517021C5E00EF28B6 /* CopyFiles */,
				2D080CFF147DB8B4002A09E2 /* ShellScript */,
			);
			buildRules = (
			);
			dependencies = (
			);
			name = libigorTests;
			productName = igorTests;
			productReference = 2D2D4D0A1478787F00FF3D88 /* libigorTests.octest */;
			productType = "com.apple.product-type.bundle";
		};
		C355FA6C170234DC00478EC6 /* Igor */ = {
			isa = PBXNativeTarget;
			buildConfigurationList = C355FA75170234DC00478EC6 /* Build configuration list for PBXNativeTarget "Igor" */;
			buildPhases = (
				C355FA69170234DC00478EC6 /* Sources */,
				C355FA6A170234DC00478EC6 /* Frameworks */,
				C355FA6B170234DC00478EC6 /* Headers */,
			);
			buildRules = (
			);
			dependencies = (
			);
			name = Igor;
			productName = Igor;
			productReference = C355FA6D170234DC00478EC6 /* libIgor.a */;
			productType = "com.apple.product-type.library.static";
		};
		C3DFC00117021FD400EF28B6 /* IgorTests */ = {
			isa = PBXNativeTarget;
			buildConfigurationList = C3DFC01417021FD400EF28B6 /* Build configuration list for PBXNativeTarget "IgorTests" */;
			buildPhases = (
				C3DFBFFD17021FD400EF28B6 /* Sources */,
				C3DFBFFE17021FD400EF28B6 /* Frameworks */,
				C3DFBFFF17021FD400EF28B6 /* Resources */,
				C3DFC00017021FD400EF28B6 /* ShellScript */,
			);
			buildRules = (
			);
			dependencies = (
			);
			name = IgorTests;
			productName = IgorTests;
			productReference = C3DFC00217021FD400EF28B6 /* IgorTests.octest */;
			productType = "com.apple.product-type.bundle";
		};
		E621659DB794A5D612DCD41D /* libigor */ = {
			isa = PBXNativeTarget;
			buildConfigurationList = E621659DB794A5D612DCD41E /* Build configuration list for PBXNativeTarget "libigor" */;
			buildPhases = (
				2D9649E1147DA20500C40219 /* Headers */,
				E621659DB794A5D612DCD422 /* Sources */,
				E621659DB794A5D612DCD423 /* Frameworks */,
			);
			buildRules = (
			);
			dependencies = (
			);
			name = libigor;
			productName = igor;
			productType = "com.apple.product-type.library.static";
		};
/* End PBXNativeTarget section */

/* Begin PBXProject section */
		E621659DB794A5D612DCD416 /* Project object */ = {
			isa = PBXProject;
			attributes = {
				LastUpgradeCheck = 0460;
			};
			buildConfigurationList = E621659DB794A5D612DCD417 /* Build configuration list for PBXProject "Igor" */;
			compatibilityVersion = "Xcode 3.2";
			developmentRegion = English;
			hasScannedForEncodings = 0;
			knownRegions = (
				en,
			);
			mainGroup = E621659DB794A5D612DCD418;
			productRefGroup = E621659DB794A5D612DCD419 /* Products */;
			projectDirPath = "";
			projectRoot = "";
			targets = (
				E621659DB794A5D612DCD41D /* libigor */,
				2D2D4D091478787F00FF3D88 /* libigorTests */,
				C355FA6C170234DC00478EC6 /* Igor */,
				C3DFC00117021FD400EF28B6 /* IgorTests */,
			);
		};
/* End PBXProject section */

/* Begin PBXResourcesBuildPhase section */
		C3DFBFFF17021FD400EF28B6 /* Resources */ = {
			isa = PBXResourcesBuildPhase;
			buildActionMask = 2147483647;
			files = (
			);
			runOnlyForDeploymentPostprocessing = 0;
		};
/* End PBXResourcesBuildPhase section */

/* Begin PBXShellScriptBuildPhase section */
		2D080CFF147DB8B4002A09E2 /* ShellScript */ = {
			isa = PBXShellScriptBuildPhase;
			buildActionMask = 2147483647;
			files = (
			);
			inputPaths = (
			);
			outputPaths = (
			);
			runOnlyForDeploymentPostprocessing = 0;
			shellPath = /bin/sh;
			shellScript = "# Run the unit tests in this test bundle.\n${SYSTEM_DEVELOPER_DIR}/Tools/RunUnitTests\\\n";
		};
		C3DFC00017021FD400EF28B6 /* ShellScript */ = {
			isa = PBXShellScriptBuildPhase;
			buildActionMask = 2147483647;
			files = (
			);
			inputPaths = (
			);
			outputPaths = (
			);
			runOnlyForDeploymentPostprocessing = 0;
			shellPath = /bin/sh;
			shellScript = "# Run the unit tests in this test bundle.\n\"${SYSTEM_DEVELOPER_DIR}/Tools/RunUnitTests\"\n";
		};
/* End PBXShellScriptBuildPhase section */

/* Begin PBXSourcesBuildPhase section */
		2D2D4D051478787F00FF3D88 /* Sources */ = {
			isa = PBXSourcesBuildPhase;
			buildActionMask = 2147483647;
			files = (
				2D695CD6147CD1D200AF4115 /* ClassPatternTests.m in Sources */,
				2D695CD8147CD1D200AF4115 /* QueryParserTests.m in Sources */,
				2D695CDA147CD1D200AF4115 /* KindOfClassMatcherTests.m in Sources */,
				2D695CDB147CD1D200AF4115 /* MemberOfClassMatcherTests.m in Sources */,
				2D695CDD147CD1D200AF4115 /* PredicateParserTests.m in Sources */,
				2D695CDE147CD1D200AF4115 /* PredicatePatternTests.m in Sources */,
				2D3E1F3F1509B98200D62300 /* DescendantPatternTests.m in Sources */,
				2D99DB351517E9C900244226 /* SubjectMarkerTests.m in Sources */,
				2D436E281518FF6D00071950 /* ViewFactory.m in Sources */,
				E621659DB794A5D612DCD451 /* IsKindOfClassMatcher.m in Sources */,
				E621659DB794A5D612DCD455 /* IsMemberOfClassMatcher.m in Sources */,
				E621659DB794A5D612DCD459 /* IsPredicateMatcher.m in Sources */,
				E621659DB794A5D612DCD465 /* MatchesView.m in Sources */,
				E621659DB794A5D612DCD46D /* ClassParserTests.m in Sources */,
				E621659DB794A5D612DCD475 /* BranchMatcherTests.m in Sources */,
				E621659DB794A5D612DCD481 /* FalseMatcher.m in Sources */,
				E621659DB794A5D612DCD491 /* BranchPatternTests.m in Sources */,
				E621659DB794A5D612DCD495 /* InstanceParserTests.m in Sources */,
				E621659DB794A5D612DCD49E /* FakeSimpleParser.m in Sources */,
				E621659DB794A5D612DCD4AC /* DescendantCombinatorTests.m in Sources */,
				E621659DB794A5D612DCD4B6 /* ChainParserTests.m in Sources */,
				E621659DB794A5D612DCD4BA /* FakeSubjectParser.m in Sources */,
				E621659DB794A5D612DCD4BE /* FakeCombinatorParser.m in Sources */,
				E621659DB794A5D612DCD4DE /* ChildCombinatorTests.m in Sources */,
				E621659DB794A5D612DCD4F1 /* IdentifierMatcherTests.m in Sources */,
				E621659DB794A5D612DCD4FD /* IdentifierParserTests.m in Sources */,
				E621659DB794A5D612DCD501 /* ChildPatternTests.m in Sources */,
				E621659DB794A5D612DCD505 /* CombinatorParserTests.m in Sources */,
				E621659DB794A5D612DCD50D /* EmptySetCombinator.m in Sources */,
				E621659DB794A5D612DCD516 /* SiblingPatternTests.m in Sources */,
				E621659DB794A5D612DCD51E /* SiblingCombinatorTests.m in Sources */,
				E621659DB794A5D612DCD520 /* _My_ClassName__WithUnder_Scores.m in Sources */,
				E621659DB794A5D612DCD524 /* My1ClassName2With3Digits.m in Sources */,
				E621659DB794A5D612DCD526 /* DEBranchMatcher.m in Sources */,
				E621659DB794A5D612DCD527 /* DEChildCombinator.m in Sources */,
				E621659DB794A5D612DCD528 /* DECombinatorMatcher.m in Sources */,
				E621659DB794A5D612DCD529 /* DEDescendantCombinator.m in Sources */,
				E621659DB794A5D612DCD52A /* DEIdentifierMatcher.m in Sources */,
				E621659DB794A5D612DCD52B /* DEIdentityMatcher.m in Sources */,
				E621659DB794A5D612DCD52C /* DEInstanceMatcher.m in Sources */,
				E621659DB794A5D612DCD52D /* DEKindOfClassMatcher.m in Sources */,
				E621659DB794A5D612DCD52E /* DEMemberOfClassMatcher.m in Sources */,
				E621659DB794A5D612DCD52F /* DEPredicateMatcher.m in Sources */,
				E621659DB794A5D612DCD530 /* DESiblingCombinator.m in Sources */,
				E621659DB794A5D612DCD531 /* DEUniversalMatcher.m in Sources */,
				E621659DB794A5D612DCD532 /* DEBranchParser.m in Sources */,
				E621659DB794A5D612DCD533 /* DEChainParser.m in Sources */,
				E621659DB794A5D612DCD534 /* DEClassParser.m in Sources */,
				E621659DB794A5D612DCD535 /* DEIdentifierParser.m in Sources */,
				E621659DB794A5D612DCD536 /* DEIgorParserException.m in Sources */,
				E621659DB794A5D612DCD537 /* DEInstanceParser.m in Sources */,
				E621659DB794A5D612DCD538 /* DEPredicateParser.m in Sources */,
				E621659DB794A5D612DCD539 /* DEQueryParser.m in Sources */,
				E621659DB794A5D612DCD53A /* DEQueryScanner.m in Sources */,
				E621659DB794A5D612DCD53B /* DEIgor.m in Sources */,
				E621659DB794A5D612DCD53C /* DECombinatorParser.m in Sources */,
			);
			runOnlyForDeploymentPostprocessing = 0;
		};
		C355FA69170234DC00478EC6 /* Sources */ = {
			isa = PBXSourcesBuildPhase;
			buildActionMask = 2147483647;
			files = (
				C355FA7A170234F700478EC6 /* DEIgorSelfRegisteringSelectorEngine.m in Sources */,
				C355FA7B170234F700478EC6 /* DEIgor.m in Sources */,
				C355FA7D170234FB00478EC6 /* DESiblingCombinator.m in Sources */,
				C355FA7F170234FB00478EC6 /* DEUniversalMatcher.m in Sources */,
				C355FA81170234FB00478EC6 /* DEPredicateMatcher.m in Sources */,
				C355FA83170234FB00478EC6 /* DEMemberOfClassMatcher.m in Sources */,
				C355FA86170234FB00478EC6 /* DEKindOfClassMatcher.m in Sources */,
				C355FA88170234FB00478EC6 /* DEInstanceMatcher.m in Sources */,
				C355FA8A170234FB00478EC6 /* DEIdentityMatcher.m in Sources */,
				C355FA8C170234FB00478EC6 /* DEIdentifierMatcher.m in Sources */,
				C355FA8E170234FB00478EC6 /* DEDescendantCombinator.m in Sources */,
				C355FA90170234FB00478EC6 /* DECombinatorMatcher.m in Sources */,
				C355FA93170234FB00478EC6 /* DEChildCombinator.m in Sources */,
				C355FA96170234FB00478EC6 /* DEBranchMatcher.m in Sources */,
				C355FA98170234FF00478EC6 /* DEQueryScanner.m in Sources */,
				C355FA9A170234FF00478EC6 /* DEQueryParser.m in Sources */,
				C355FA9C170234FF00478EC6 /* DEPredicateParser.m in Sources */,
				C355FA9F170234FF00478EC6 /* DEInstanceParser.m in Sources */,
				C355FAA1170234FF00478EC6 /* DEIgorParserException.m in Sources */,
				C355FAA3170234FF00478EC6 /* DEIdentifierParser.m in Sources */,
				C355FAA5170234FF00478EC6 /* DECombinatorParser.m in Sources */,
				C355FAA7170234FF00478EC6 /* DEClassParser.m in Sources */,
				C355FAA9170234FF00478EC6 /* DEChainParser.m in Sources */,
				C355FAAB170234FF00478EC6 /* DEBranchParser.m in Sources */,
			);
			runOnlyForDeploymentPostprocessing = 0;
		};
		C3DFBFFD17021FD400EF28B6 /* Sources */ = {
			isa = PBXSourcesBuildPhase;
			buildActionMask = 2147483647;
			files = (
				C3DFC0211702204900EF28B6 /* DEIgor.m in Sources */,
				C3DFC03D1702206D00EF28B6 /* DEUniversalMatcher.m in Sources */,
				C3DFC03E1702207E00EF28B6 /* DEPredicateMatcher.m in Sources */,
				C3DFC03F1702207E00EF28B6 /* DEMemberOfClassMatcher.m in Sources */,
				C3DFC0401702207E00EF28B6 /* DEKindOfClassMatcher.m in Sources */,
				C3DFC0411702207E00EF28B6 /* DEInstanceMatcher.m in Sources */,
				C3DFC0421702207E00EF28B6 /* DEIdentityMatcher.m in Sources */,
				C3DFC0431702207E00EF28B6 /* DEIdentifierMatcher.m in Sources */,
				C3DFC0441702207E00EF28B6 /* DEDescendantCombinator.m in Sources */,
				C3DFC0451702207E00EF28B6 /* DECombinatorMatcher.m in Sources */,
				C3DFC0461702207E00EF28B6 /* DEChildCombinator.m in Sources */,
				C3DFC0471702207E00EF28B6 /* DEBranchMatcher.m in Sources */,
				C3DFC0481702208D00EF28B6 /* DEQueryScanner.m in Sources */,
				C3DFC0491702208D00EF28B6 /* DEQueryParser.m in Sources */,
				C3DFC04A1702208D00EF28B6 /* DEPredicateParser.m in Sources */,
				C3DFC04B1702208D00EF28B6 /* DEInstanceParser.m in Sources */,
				C3DFC04C1702208D00EF28B6 /* DEIgorParserException.m in Sources */,
				C3DFC04D1702208D00EF28B6 /* DEIdentifierParser.m in Sources */,
				C3DFC04E1702208D00EF28B6 /* DECombinatorParser.m in Sources */,
				C3DFC04F1702208D00EF28B6 /* DEClassParser.m in Sources */,
				C3DFC0501702208D00EF28B6 /* DEChainParser.m in Sources */,
				C3DFC0511702208D00EF28B6 /* DEBranchParser.m in Sources */,
				C3DFC067170220A300EF28B6 /* SiblingPatternTests.m in Sources */,
				C3DFC068170220A300EF28B6 /* SubjectMarkerTests.m in Sources */,
				C3DFC069170220A300EF28B6 /* PredicatePatternTests.m in Sources */,
				C3DFC06A170220A300EF28B6 /* DescendantPatternTests.m in Sources */,
				C3DFC06B170220A300EF28B6 /* ClassPatternTests.m in Sources */,
				C3DFC06C170220A300EF28B6 /* ChildPatternTests.m in Sources */,
				C3DFC06D170220A300EF28B6 /* BranchPatternTests.m in Sources */,
				C3DFC06E170220B600EF28B6 /* My1ClassName2With3Digits.m in Sources */,
				C3DFC06F170220B600EF28B6 /* _My_ClassName__WithUnder_Scores.m in Sources */,
				C3DFC070170220B600EF28B6 /* ViewFactory.m in Sources */,
				C3DFC071170220B600EF28B6 /* MatchesView.m in Sources */,
				C3DFC072170220B600EF28B6 /* IsPredicateMatcher.m in Sources */,
				C3DFC073170220B600EF28B6 /* IsMemberOfClassMatcher.m in Sources */,
				C3DFC074170220B600EF28B6 /* IsKindOfClassMatcher.m in Sources */,
				C3DFC075170220B600EF28B6 /* FalseMatcher.m in Sources */,
				C3DFC076170220B600EF28B6 /* FakeSubjectParser.m in Sources */,
				C3DFC077170220B600EF28B6 /* FakeSimpleParser.m in Sources */,
				C3DFC078170220B600EF28B6 /* FakeCombinatorParser.m in Sources */,
				C3DFC079170220B600EF28B6 /* EmptySetCombinator.m in Sources */,
				C3DFC07A170220BE00EF28B6 /* SiblingCombinatorTests.m in Sources */,
				C3DFC07B170220BE00EF28B6 /* MemberOfClassMatcherTests.m in Sources */,
				C3DFC07C170220BE00EF28B6 /* KindOfClassMatcherTests.m in Sources */,
				C3DFC07D170220BE00EF28B6 /* IdentifierMatcherTests.m in Sources */,
				C3DFC07E170220BE00EF28B6 /* DescendantCombinatorTests.m in Sources */,
				C3DFC07F170220BE00EF28B6 /* ChildCombinatorTests.m in Sources */,
				C3DFC080170220BE00EF28B6 /* BranchMatcherTests.m in Sources */,
				C3DFC081170220C300EF28B6 /* QueryParserTests.m in Sources */,
				C3DFC082170220C300EF28B6 /* PredicateParserTests.m in Sources */,
				C3DFC083170220C300EF28B6 /* InstanceParserTests.m in Sources */,
				C3DFC084170220C300EF28B6 /* IdentifierParserTests.m in Sources */,
				C3DFC085170220C300EF28B6 /* CombinatorParserTests.m in Sources */,
				C3DFC086170220C300EF28B6 /* ClassParserTests.m in Sources */,
				C3DFC087170220C300EF28B6 /* ChainParserTests.m in Sources */,
				C3DFC0891702213B00EF28B6 /* DESiblingCombinator.m in Sources */,
			);
			runOnlyForDeploymentPostprocessing = 0;
		};
		E621659DB794A5D612DCD422 /* Sources */ = {
			isa = PBXSourcesBuildPhase;
			buildActionMask = 2147483647;
			files = (
				2D695CAB147CD1BA00AF4115 /* DEClassParser.m in Sources */,
				2D695CAD147CD1BA00AF4115 /* DEInstanceMatcher.m in Sources */,
				2D695CB0147CD1BA00AF4115 /* DEIgor.m in Sources */,
				2D695CB3147CD1BA00AF4115 /* DEQueryParser.m in Sources */,
				2D695CB5147CD1BA00AF4115 /* DEIgorParserException.m in Sources */,
				2D695CB7147CD1BA00AF4115 /* DEKindOfClassMatcher.m in Sources */,
				2D695CBA147CD1BA00AF4115 /* DEMemberOfClassMatcher.m in Sources */,
				2D695CC4147CD1BA00AF4115 /* DEPredicateParser.m in Sources */,
				2D496EA61486A513007E1FDE /* DEPredicateMatcher.m in Sources */,
				2DCE893715193E8900B975EE /* DEChainParser.m in Sources */,
				2DCE893C15193F6100B975EE /* DEInstanceParser.m in Sources */,
				E621659DB794A5D612DCD443 /* DEQueryScanner.m in Sources */,
				E621659DB794A5D612DCD45F /* DEUniversalMatcher.m in Sources */,
				E621659DB794A5D612DCD479 /* DEBranchMatcher.m in Sources */,
				E621659DB794A5D612DCD49A /* DEBranchParser.m in Sources */,
				E621659DB794A5D612DCD4B0 /* DECombinatorMatcher.m in Sources */,
				E621659DB794A5D612DCD4C6 /* DEDescendantCombinator.m in Sources */,
				E621659DB794A5D612DCD4CA /* DECombinatorParser.m in Sources */,
				E621659DB794A5D612DCD4CE /* DEChildCombinator.m in Sources */,
				E621659DB794A5D612DCD4E4 /* DEIdentityMatcher.m in Sources */,
				E621659DB794A5D612DCD4F5 /* DEIdentifierMatcher.m in Sources */,
				E621659DB794A5D612DCD4F9 /* DEIdentifierParser.m in Sources */,
				E621659DB794A5D612DCD51A /* DESiblingCombinator.m in Sources */,
				E621659DB794A5D612DCD53E /* DEIgorSelfRegisteringSelectorEngine.m in Sources */,
			);
			runOnlyForDeploymentPostprocessing = 0;
		};
/* End PBXSourcesBuildPhase section */

/* Begin PBXVariantGroup section */
		2D695CCB147CD1D200AF4115 /* InfoPlist.strings */ = {
			isa = PBXVariantGroup;
			children = (
				2D695CCC147CD1D200AF4115 /* en */,
			);
			name = InfoPlist.strings;
			sourceTree = "<group>";
		};
/* End PBXVariantGroup section */

/* Begin XCBuildConfiguration section */
		2D2D4D191478788000FF3D88 /* Release */ = {
			isa = XCBuildConfiguration;
			buildSettings = {
				CURRENT_PROJECT_VERSION = 1.5;
				FRAMEWORK_SEARCH_PATHS = (
					"$(SDKROOT)/Developer/Library/Frameworks",
					"\"$(SRCROOT)/lib/UIKit\"",
				);
				GCC_C_LANGUAGE_STANDARD = gnu99;
				GCC_PRECOMPILE_PREFIX_HEADER = YES;
				GCC_PREFIX_HEADER = "test/IgorTests-Prefix.pch";
				INFOPLIST_FILE = "test/IgorTests-Info.plist";
				LIBRARY_SEARCH_PATHS = (
					"$(inherited)",
					"\"$(SRCROOT)/../OCHamcrest/Source/build/Release-iphonesimulator\"",
				);
				OTHER_LDFLAGS = (
					"-ObjC",
					"-lstdc++",
				);
				PRODUCT_NAME = "$(TARGET_NAME)";
				VERSIONING_SYSTEM = "apple-generic";
				WARNING_CFLAGS = "";
				WRAPPER_EXTENSION = octest;
			};
			name = Release;
		};
		2D2D4D1A1478788000FF3D88 /* Debug */ = {
			isa = XCBuildConfiguration;
			buildSettings = {
				CURRENT_PROJECT_VERSION = 1.5;
				FRAMEWORK_SEARCH_PATHS = (
					"$(SDKROOT)/Developer/Library/Frameworks",
					"\"$(SRCROOT)/lib/UIKit\"",
				);
				GCC_C_LANGUAGE_STANDARD = gnu99;
				GCC_PRECOMPILE_PREFIX_HEADER = YES;
				GCC_PREFIX_HEADER = "test/IgorTests-Prefix.pch";
				INFOPLIST_FILE = "test/IgorTests-Info.plist";
				LIBRARY_SEARCH_PATHS = (
					"$(inherited)",
					"\"$(SRCROOT)/../OCHamcrest/Source/build/Release-iphonesimulator\"",
				);
				OTHER_LDFLAGS = (
					"-ObjC",
					"-lstdc++",
				);
				PRODUCT_NAME = "$(TARGET_NAME)";
				VERSIONING_SYSTEM = "apple-generic";
				WARNING_CFLAGS = "";
				WRAPPER_EXTENSION = octest;
			};
			name = Debug;
		};
		C355FA76170234DC00478EC6 /* Release */ = {
			isa = XCBuildConfiguration;
			buildSettings = {
				ALWAYS_SEARCH_USER_PATHS = NO;
				ARCHS = "$(ARCHS_STANDARD_64_BIT)";
				CLANG_CXX_LANGUAGE_STANDARD = "gnu++0x";
				CLANG_CXX_LIBRARY = "libc++";
				CLANG_WARN_EMPTY_BODY = YES;
				DEBUG_INFORMATION_FORMAT = "dwarf-with-dsym";
				FRAMEWORK_SEARCH_PATHS = (
					"$(inherited)",
					"\"$(SYSTEM_APPS_DIR)/Xcode.app/Contents/Developer/Platforms/MacOSX.platform/Developer/SDKs/MacOSX10.7.sdk/System/Library/Frameworks\"",
				);
				GCC_C_LANGUAGE_STANDARD = gnu99;
				GCC_ENABLE_OBJC_EXCEPTIONS = YES;
				GCC_PRECOMPILE_PREFIX_HEADER = YES;
				GCC_PREFIX_HEADER = "Igor/Igor-Prefix.pch";
				GCC_WARN_64_TO_32_BIT_CONVERSION = YES;
				PRODUCT_NAME = "$(TARGET_NAME)";
				SDKROOT = macosx10.7;
			};
			name = Release;
		};
		C355FA77170234DC00478EC6 /* Debug */ = {
			isa = XCBuildConfiguration;
			buildSettings = {
				ALWAYS_SEARCH_USER_PATHS = NO;
				ARCHS = "$(ARCHS_STANDARD_64_BIT)";
				CLANG_CXX_LANGUAGE_STANDARD = "gnu++0x";
				CLANG_CXX_LIBRARY = "libc++";
				CLANG_WARN_EMPTY_BODY = YES;
				FRAMEWORK_SEARCH_PATHS = (
					"$(inherited)",
					"\"$(SYSTEM_APPS_DIR)/Xcode.app/Contents/Developer/Platforms/MacOSX.platform/Developer/SDKs/MacOSX10.7.sdk/System/Library/Frameworks\"",
				);
				GCC_C_LANGUAGE_STANDARD = gnu99;
				GCC_ENABLE_OBJC_EXCEPTIONS = YES;
				GCC_PRECOMPILE_PREFIX_HEADER = YES;
				GCC_PREFIX_HEADER = "Igor/Igor-Prefix.pch";
				GCC_WARN_64_TO_32_BIT_CONVERSION = YES;
				PRODUCT_NAME = "$(TARGET_NAME)";
				SDKROOT = macosx10.7;
			};
			name = Debug;
		};
		C3DFC01517021FD400EF28B6 /* Release */ = {
			isa = XCBuildConfiguration;
			buildSettings = {
				ALWAYS_SEARCH_USER_PATHS = NO;
				ARCHS = "$(ARCHS_STANDARD_64_BIT)";
				CLANG_CXX_LANGUAGE_STANDARD = "gnu++0x";
				CLANG_CXX_LIBRARY = "libc++";
				CLANG_WARN_EMPTY_BODY = YES;
				COMBINE_HIDPI_IMAGES = YES;
				DEBUG_INFORMATION_FORMAT = "dwarf-with-dsym";
				FRAMEWORK_SEARCH_PATHS = (
					"\"$(DEVELOPER_LIBRARY_DIR)/Frameworks\"",
					"\"$(SRCROOT)/lib/Cocoa\"",
				);
				GCC_C_LANGUAGE_STANDARD = gnu99;
				GCC_ENABLE_OBJC_EXCEPTIONS = YES;
				GCC_PRECOMPILE_PREFIX_HEADER = YES;
				GCC_PREFIX_HEADER = "test/IgorTests-Prefix.pch";
				GCC_WARN_64_TO_32_BIT_CONVERSION = YES;
				INFOPLIST_FILE = "test/IgorTests-Info.plist";
				PRODUCT_NAME = "$(TARGET_NAME)";
				SDKROOT = macosx10.7;
				WRAPPER_EXTENSION = octest;
			};
			name = Release;
		};
		C3DFC01617021FD400EF28B6 /* Debug */ = {
			isa = XCBuildConfiguration;
			buildSettings = {
				ALWAYS_SEARCH_USER_PATHS = NO;
				ARCHS = "$(ARCHS_STANDARD_64_BIT)";
				CLANG_CXX_LANGUAGE_STANDARD = "gnu++0x";
				CLANG_CXX_LIBRARY = "libc++";
				CLANG_WARN_EMPTY_BODY = YES;
				COMBINE_HIDPI_IMAGES = YES;
				FRAMEWORK_SEARCH_PATHS = (
					"\"$(DEVELOPER_LIBRARY_DIR)/Frameworks\"",
					"\"$(SRCROOT)/lib/Cocoa\"",
				);
				GCC_C_LANGUAGE_STANDARD = gnu99;
				GCC_ENABLE_OBJC_EXCEPTIONS = YES;
				GCC_PRECOMPILE_PREFIX_HEADER = YES;
				GCC_PREFIX_HEADER = "test/IgorTests-Prefix.pch";
				GCC_WARN_64_TO_32_BIT_CONVERSION = YES;
				INFOPLIST_FILE = "test/IgorTests-Info.plist";
				PRODUCT_NAME = "$(TARGET_NAME)";
				SDKROOT = macosx10.7;
				WRAPPER_EXTENSION = octest;
			};
			name = Debug;
		};
		E621659DB794A5D612DCD41A /* Release */ = {
			isa = XCBuildConfiguration;
			buildSettings = {
				ALWAYS_SEARCH_USER_PATHS = YES;
				CLANG_ENABLE_OBJC_ARC = YES;
				CLANG_WARN_CONSTANT_CONVERSION = YES;
				CLANG_WARN_ENUM_CONVERSION = YES;
				CLANG_WARN_INT_CONVERSION = YES;
				CLANG_WARN__DUPLICATE_METHOD_MATCH = YES;
				COPY_PHASE_STRIP = YES;
				GCC_C_LANGUAGE_STANDARD = "compiler-default";
				GCC_VERSION = com.apple.compilers.llvm.clang.1_0;
				GCC_WARN_ABOUT_MISSING_PROTOTYPES = YES;
				GCC_WARN_ABOUT_RETURN_TYPE = YES;
				GCC_WARN_UNINITIALIZED_AUTOS = YES;
				GCC_WARN_UNUSED_VARIABLE = YES;
				IPHONEOS_DEPLOYMENT_TARGET = 5.1;
				MACOSX_DEPLOYMENT_TARGET = 10.7;
				OBJROOT = "$(SYMROOT)";
				OTHER_CFLAGS = "-DTARGET_OS_IPHONE";
				SDKROOT = iphoneos6.1;
				SYMROOT = "$(PROJECT_DIR)/build";
				USER_HEADER_SEARCH_PATHS = "";
				VALIDATE_PRODUCT = YES;
			};
			name = Release;
		};
		E621659DB794A5D612DCD41B /* Debug */ = {
			isa = XCBuildConfiguration;
			buildSettings = {
				ALWAYS_SEARCH_USER_PATHS = YES;
				CLANG_ENABLE_OBJC_ARC = YES;
				CLANG_WARN_CONSTANT_CONVERSION = YES;
				CLANG_WARN_ENUM_CONVERSION = YES;
				CLANG_WARN_INT_CONVERSION = YES;
				CLANG_WARN__DUPLICATE_METHOD_MATCH = YES;
				COPY_PHASE_STRIP = NO;
				GCC_C_LANGUAGE_STANDARD = "compiler-default";
				GCC_DYNAMIC_NO_PIC = NO;
				GCC_OPTIMIZATION_LEVEL = 0;
				GCC_PREPROCESSOR_DEFINITIONS = (
					"DEBUG=1",
					"$(inherited)",
				);
				GCC_SYMBOLS_PRIVATE_EXTERN = NO;
				GCC_VERSION = com.apple.compilers.llvm.clang.1_0;
				GCC_WARN_ABOUT_MISSING_PROTOTYPES = YES;
				GCC_WARN_ABOUT_RETURN_TYPE = YES;
				GCC_WARN_UNINITIALIZED_AUTOS = YES;
				GCC_WARN_UNUSED_VARIABLE = YES;
				IPHONEOS_DEPLOYMENT_TARGET = 5.1;
				MACOSX_DEPLOYMENT_TARGET = 10.7;
				OBJROOT = "$(SYMROOT)";
				OTHER_CFLAGS = "-DTARGET_OS_IPHONE";
				SDKROOT = iphoneos6.1;
				SYMROOT = "$(PROJECT_DIR)/build";
				USER_HEADER_SEARCH_PATHS = "";
			};
			name = Debug;
		};
		E621659DB794A5D612DCD41F /* Release */ = {
			isa = XCBuildConfiguration;
			buildSettings = {
				CURRENT_PROJECT_VERSION = 5.0;
				DSTROOT = /tmp/igor.dst;
				FRAMEWORK_SEARCH_PATHS = "$(inherited)";
				GCC_PRECOMPILE_PREFIX_HEADER = YES;
				GCC_PREFIX_HEADER = "igor/Igor-Prefix.pch";
				LIBRARY_SEARCH_PATHS = "";
				PRODUCT_NAME = "$(TARGET_NAME)$(VERSION_INFO_PREFIX)$(CURRENT_PROJECT_VERSION)";
				SKIP_INSTALL = YES;
				USER_HEADER_SEARCH_PATHS = "";
				VERSION_INFO_PREFIX = "-0.";
				WARNING_CFLAGS = "-Wno-arc-performSelector-leaks";
			};
			name = Release;
		};
		E621659DB794A5D612DCD420 /* Debug */ = {
			isa = XCBuildConfiguration;
			buildSettings = {
				CURRENT_PROJECT_VERSION = 5.0;
				DSTROOT = /tmp/igor.dst;
				FRAMEWORK_SEARCH_PATHS = "$(inherited)";
				GCC_PRECOMPILE_PREFIX_HEADER = YES;
				GCC_PREFIX_HEADER = "igor/Igor-Prefix.pch";
				LIBRARY_SEARCH_PATHS = "";
				PRODUCT_NAME = "$(TARGET_NAME)$(VERSION_INFO_PREFIX)$(CURRENT_PROJECT_VERSION)";
				SKIP_INSTALL = YES;
				USER_HEADER_SEARCH_PATHS = "";
				VERSION_INFO_PREFIX = "-0.";
				WARNING_CFLAGS = "-Wno-arc-performSelector-leaks";
			};
			name = Debug;
		};
/* End XCBuildConfiguration section */

/* Begin XCConfigurationList section */
		2D2D4D181478788000FF3D88 /* Build configuration list for PBXNativeTarget "libigorTests" */ = {
			isa = XCConfigurationList;
			buildConfigurations = (
				2D2D4D191478788000FF3D88 /* Release */,
				2D2D4D1A1478788000FF3D88 /* Debug */,
			);
			defaultConfigurationIsVisible = 0;
			defaultConfigurationName = Release;
		};
		C355FA75170234DC00478EC6 /* Build configuration list for PBXNativeTarget "Igor" */ = {
			isa = XCConfigurationList;
			buildConfigurations = (
				C355FA76170234DC00478EC6 /* Release */,
				C355FA77170234DC00478EC6 /* Debug */,
			);
			defaultConfigurationIsVisible = 0;
		};
		C3DFC01417021FD400EF28B6 /* Build configuration list for PBXNativeTarget "IgorTests" */ = {
			isa = XCConfigurationList;
			buildConfigurations = (
				C3DFC01517021FD400EF28B6 /* Release */,
				C3DFC01617021FD400EF28B6 /* Debug */,
			);
			defaultConfigurationIsVisible = 0;
			defaultConfigurationName = Release;
		};
		E621659DB794A5D612DCD417 /* Build configuration list for PBXProject "Igor" */ = {
			isa = XCConfigurationList;
			buildConfigurations = (
				E621659DB794A5D612DCD41A /* Release */,
				E621659DB794A5D612DCD41B /* Debug */,
			);
			defaultConfigurationIsVisible = 0;
			defaultConfigurationName = Release;
		};
		E621659DB794A5D612DCD41E /* Build configuration list for PBXNativeTarget "libigor" */ = {
			isa = XCConfigurationList;
			buildConfigurations = (
				E621659DB794A5D612DCD41F /* Release */,
				E621659DB794A5D612DCD420 /* Debug */,
			);
			defaultConfigurationIsVisible = 0;
			defaultConfigurationName = Release;
		};
/* End XCConfigurationList section */
	};
	rootObject = E621659DB794A5D612DCD416 /* Project object */;
}
