// !$*UTF8*$!
{
	archiveVersion = 1;
	classes = {
	};
	objectVersion = 46;
	objects = {

/* Begin PBXBuildFile section */
		2D080CFC147DAC36002A09E2 /* SelectorEngineRegistry.h in Headers */ = {isa = PBXBuildFile; fileRef = 2D080CFB147DAC36002A09E2 /* SelectorEngineRegistry.h */; };
		2D0FABA8151FD242006E91F6 /* OCHamcrestIOS.framework in Frameworks */ = {isa = PBXBuildFile; fileRef = 2D0FABA7151FD242006E91F6 /* OCHamcrestIOS.framework */; };
		2D2D4D0B1478787F00FF3D88 /* SenTestingKit.framework in Frameworks */ = {isa = PBXBuildFile; fileRef = E621659DB794A5D612DCD437 /* SenTestingKit.framework */; };
		2D2D4D0C1478787F00FF3D88 /* UIKit.framework in Frameworks */ = {isa = PBXBuildFile; fileRef = E621659DB794A5D612DCD439 /* UIKit.framework */; };
		2D2D4D0D1478787F00FF3D88 /* Foundation.framework in Frameworks */ = {isa = PBXBuildFile; fileRef = E621659DB794A5D612DCD425 /* Foundation.framework */; };
		2D3E1F391509B6C000D62300 /* frank_static_resources.bundle in Resources */ = {isa = PBXBuildFile; fileRef = 2D3E1F361509B6C000D62300 /* frank_static_resources.bundle */; };
		2D3E1F3F1509B98200D62300 /* SubjectAndAncestorPatternTests.m in Sources */ = {isa = PBXBuildFile; fileRef = 2D3E1F3D1509B98200D62300 /* SubjectAndAncestorPatternTests.m */; };
		2D3E1F461509C64C00D62300 /* SubjectAndAncestorMatcher.h in Headers */ = {isa = PBXBuildFile; fileRef = 2D3E1F441509C64C00D62300 /* SubjectAndAncestorMatcher.h */; };
		2D3E1F471509C64C00D62300 /* SubjectAndAncestorMatcher.m in Sources */ = {isa = PBXBuildFile; fileRef = 2D3E1F451509C64C00D62300 /* SubjectAndAncestorMatcher.m */; };
		2D3E1F4B1509D29800D62300 /* SubjectAndAncestorMatcherTests.m in Sources */ = {isa = PBXBuildFile; fileRef = 2D3E1F491509D29800D62300 /* SubjectAndAncestorMatcherTests.m */; };
		2D3E1F4E1509DE8700D62300 /* libFrank.a in Frameworks */ = {isa = PBXBuildFile; fileRef = 2D3E1F371509B6C000D62300 /* libFrank.a */; };
		2D3E1F4F1509DE8700D62300 /* libShelley.a in Frameworks */ = {isa = PBXBuildFile; fileRef = 2D3E1F381509B6C000D62300 /* libShelley.a */; };
		2D436E211518F9C300071950 /* IdentityMatcher.h in Headers */ = {isa = PBXBuildFile; fileRef = 2D436E1F1518F9C300071950 /* IdentityMatcher.h */; };
		2D436E221518F9C300071950 /* IdentityMatcher.m in Sources */ = {isa = PBXBuildFile; fileRef = 2D436E201518F9C300071950 /* IdentityMatcher.m */; };
		2D436E271518FF6D00071950 /* ViewFactory.h in Headers */ = {isa = PBXBuildFile; fileRef = 2D436E251518FF6D00071950 /* ViewFactory.h */; };
		2D436E281518FF6D00071950 /* ViewFactory.m in Sources */ = {isa = PBXBuildFile; fileRef = 2D436E261518FF6D00071950 /* ViewFactory.m */; };
		2D436E2A15191B3400071950 /* SubtreeTestParserTests.m in Sources */ = {isa = PBXBuildFile; fileRef = 2D436E2915191B3400071950 /* SubtreeTestParserTests.m */; };
		2D496EA51486A513007E1FDE /* PredicateMatcher.h in Headers */ = {isa = PBXBuildFile; fileRef = 2D496EA31486A513007E1FDE /* PredicateMatcher.h */; };
		2D496EA61486A513007E1FDE /* PredicateMatcher.m in Sources */ = {isa = PBXBuildFile; fileRef = 2D496EA41486A513007E1FDE /* PredicateMatcher.m */; };
		2D695CAB147CD1BA00AF4115 /* ClassPattern.m in Sources */ = {isa = PBXBuildFile; fileRef = 2D695C8B147CD1BA00AF4115 /* ClassPattern.m */; };
		2D695CAD147CD1BA00AF4115 /* NodeMatcher.m in Sources */ = {isa = PBXBuildFile; fileRef = 2D695C8D147CD1BA00AF4115 /* NodeMatcher.m */; };
		2D695CB0147CD1BA00AF4115 /* Igor.m in Sources */ = {isa = PBXBuildFile; fileRef = 2D695C90147CD1BA00AF4115 /* Igor.m */; };
		2D695CB3147CD1BA00AF4115 /* IgorPattern.m in Sources */ = {isa = PBXBuildFile; fileRef = 2D695C93147CD1BA00AF4115 /* IgorPattern.m */; };
		2D695CB5147CD1BA00AF4115 /* IgorParserException.m in Sources */ = {isa = PBXBuildFile; fileRef = 2D695C95147CD1BA00AF4115 /* IgorParserException.m */; };
		2D695CB7147CD1BA00AF4115 /* KindOfClassMatcher.m in Sources */ = {isa = PBXBuildFile; fileRef = 2D695C97147CD1BA00AF4115 /* KindOfClassMatcher.m */; };
		2D695CBA147CD1BA00AF4115 /* MemberOfClassMatcher.m in Sources */ = {isa = PBXBuildFile; fileRef = 2D695C9A147CD1BA00AF4115 /* MemberOfClassMatcher.m */; };
		2D695CC4147CD1BA00AF4115 /* PredicatePattern.m in Sources */ = {isa = PBXBuildFile; fileRef = 2D695CA4147CD1BA00AF4115 /* PredicatePattern.m */; };
		2D695CD6147CD1D200AF4115 /* ClassPatternTests.m in Sources */ = {isa = PBXBuildFile; fileRef = 2D695CCA147CD1D200AF4115 /* ClassPatternTests.m */; };
		2D695CD8147CD1D200AF4115 /* IgorParserTests.m in Sources */ = {isa = PBXBuildFile; fileRef = 2D695CCD147CD1D200AF4115 /* IgorParserTests.m */; };
		2D695CDA147CD1D200AF4115 /* KindOfClassMatcherTests.m in Sources */ = {isa = PBXBuildFile; fileRef = 2D695CD0147CD1D200AF4115 /* KindOfClassMatcherTests.m */; };
		2D695CDB147CD1D200AF4115 /* MemberOfClassMatcherTests.m in Sources */ = {isa = PBXBuildFile; fileRef = 2D695CD1147CD1D200AF4115 /* MemberOfClassMatcherTests.m */; };
		2D695CDD147CD1D200AF4115 /* PredicateParserTests.m in Sources */ = {isa = PBXBuildFile; fileRef = 2D695CD3147CD1D200AF4115 /* PredicateParserTests.m */; };
		2D695CDE147CD1D200AF4115 /* PredicatePatternTests.m in Sources */ = {isa = PBXBuildFile; fileRef = 2D695CD4147CD1D200AF4115 /* PredicatePatternTests.m */; };
		2D9649DA147D9E0B00C40219 /* IgorLoader.m in Sources */ = {isa = PBXBuildFile; fileRef = 2D695C91147CD1BA00AF4115 /* IgorLoader.m */; };
		2D9649DF147DA19C00C40219 /* igorTests-Prefix.pch in Headers */ = {isa = PBXBuildFile; fileRef = 2D695CCF147CD1D200AF4115 /* igorTests-Prefix.pch */; };
		2D9649E0147DA1A700C40219 /* igor-Prefix.pch in Headers */ = {isa = PBXBuildFile; fileRef = 2D695C8E147CD1BA00AF4115 /* igor-Prefix.pch */; };
		2D9649E2147DA21400C40219 /* igor-Prefix.pch in Headers */ = {isa = PBXBuildFile; fileRef = 2D695C8E147CD1BA00AF4115 /* igor-Prefix.pch */; };
		2D99DB351517E9C900244226 /* SubjectAndDescendantPatternTests.m in Sources */ = {isa = PBXBuildFile; fileRef = 2D99DB321517E94B00244226 /* SubjectAndDescendantPatternTests.m */; };
		2D99DB381518273100244226 /* SubjectAndDescendantMatcher.h in Headers */ = {isa = PBXBuildFile; fileRef = 2D99DB361518273100244226 /* SubjectAndDescendantMatcher.h */; };
		2D99DB391518273100244226 /* SubjectAndDescendantMatcher.m in Sources */ = {isa = PBXBuildFile; fileRef = 2D99DB371518273100244226 /* SubjectAndDescendantMatcher.m */; };
		2D9CC80B15185B6500B51A8D /* TreeWalker.h in Headers */ = {isa = PBXBuildFile; fileRef = 2D9CC80915185B6500B51A8D /* TreeWalker.h */; };
		2D9CC80C15185B6500B51A8D /* TreeWalker.m in Sources */ = {isa = PBXBuildFile; fileRef = 2D9CC80A15185B6500B51A8D /* TreeWalker.m */; };
		2DCE893615193E8900B975EE /* SubjectPattern.h in Headers */ = {isa = PBXBuildFile; fileRef = 2DCE893415193E8900B975EE /* SubjectPattern.h */; };
		2DCE893715193E8900B975EE /* SubjectPattern.m in Sources */ = {isa = PBXBuildFile; fileRef = 2DCE893515193E8900B975EE /* SubjectPattern.m */; };
		2DCE893B15193F6100B975EE /* NodePattern.h in Headers */ = {isa = PBXBuildFile; fileRef = 2DCE893915193F6100B975EE /* NodePattern.h */; };
		2DCE893C15193F6100B975EE /* NodePattern.m in Sources */ = {isa = PBXBuildFile; fileRef = 2DCE893A15193F6100B975EE /* NodePattern.m */; };
		2DCF9764147ED3FD003B0F38 /* UIKit.framework in Frameworks */ = {isa = PBXBuildFile; fileRef = E621659DB794A5D612DCD439 /* UIKit.framework */; };
		2DCF9765147ED3FD003B0F38 /* Foundation.framework in Frameworks */ = {isa = PBXBuildFile; fileRef = E621659DB794A5D612DCD425 /* Foundation.framework */; };
		2DCF9767147ED3FD003B0F38 /* CoreGraphics.framework in Frameworks */ = {isa = PBXBuildFile; fileRef = 2DCF9766147ED3FD003B0F38 /* CoreGraphics.framework */; };
		2DCF976D147ED3FD003B0F38 /* InfoPlist.strings in Resources */ = {isa = PBXBuildFile; fileRef = 2DCF976B147ED3FD003B0F38 /* InfoPlist.strings */; };
		2DCF976F147ED3FD003B0F38 /* main.m in Sources */ = {isa = PBXBuildFile; fileRef = 2DCF976E147ED3FD003B0F38 /* main.m */; };
		2DCF9773147ED3FD003B0F38 /* AppDelegate.m in Sources */ = {isa = PBXBuildFile; fileRef = 2DCF9772147ED3FD003B0F38 /* AppDelegate.m */; };
		2DCF9776147ED3FD003B0F38 /* MainStoryboard_iPhone.storyboard in Resources */ = {isa = PBXBuildFile; fileRef = 2DCF9774147ED3FD003B0F38 /* MainStoryboard_iPhone.storyboard */; };
		2DCF9779147ED3FD003B0F38 /* MainStoryboard_iPad.storyboard in Resources */ = {isa = PBXBuildFile; fileRef = 2DCF9777147ED3FD003B0F38 /* MainStoryboard_iPad.storyboard */; };
		2DCF977C147ED3FD003B0F38 /* MasterViewController.m in Sources */ = {isa = PBXBuildFile; fileRef = 2DCF977B147ED3FD003B0F38 /* MasterViewController.m */; };
		2DCF977F147ED3FD003B0F38 /* DetailViewController.m in Sources */ = {isa = PBXBuildFile; fileRef = 2DCF977E147ED3FD003B0F38 /* DetailViewController.m */; };
		2DCF978E147EDACA003B0F38 /* CFNetwork.framework in Frameworks */ = {isa = PBXBuildFile; fileRef = 2DCF978D147EDACA003B0F38 /* CFNetwork.framework */; };
		2DE232041509EBAA00C0D74D /* libigor-0.4.0.a in Frameworks */ = {isa = PBXBuildFile; fileRef = E621659DB794A5D612DCD41C /* libigor-0.4.0.a */; };
		2DE232061509EBB700C0D74D /* libigor-0.4.0.a in Frameworks */ = {isa = PBXBuildFile; fileRef = E621659DB794A5D612DCD41C /* libigor-0.4.0.a */; };
		E621659DB794A5D612DCD43B /* ClassMatcher.m in Sources */ = {isa = PBXBuildFile; fileRef = E621659DB794A5D612DCD43A /* ClassMatcher.m */; };
		E621659DB794A5D612DCD43F /* Pattern.m in Sources */ = {isa = PBXBuildFile; fileRef = E621659DB794A5D612DCD43E /* Pattern.m */; };
		E621659DB794A5D612DCD441 /* Pattern.h in Headers */ = {isa = PBXBuildFile; fileRef = E621659DB794A5D612DCD440 /* Pattern.h */; };
		E621659DB794A5D612DCD443 /* PatternScanner.m in Sources */ = {isa = PBXBuildFile; fileRef = E621659DB794A5D612DCD442 /* PatternScanner.m */; };
		E621659DB794A5D612DCD445 /* PatternScanner.h in Headers */ = {isa = PBXBuildFile; fileRef = E621659DB794A5D612DCD444 /* PatternScanner.h */; };
		E621659DB794A5D612DCD449 /* RelationshipMatcher.h in Headers */ = {isa = PBXBuildFile; fileRef = E621659DB794A5D612DCD448 /* RelationshipMatcher.h */; };
		E621659DB794A5D612DCD44B /* SubjectAndDescendantMatcherTests.m in Sources */ = {isa = PBXBuildFile; fileRef = E621659DB794A5D612DCD44A /* SubjectAndDescendantMatcherTests.m */; };
		E621659DB794A5D612DCD44D /* AlwaysMatcher.m in Sources */ = {isa = PBXBuildFile; fileRef = E621659DB794A5D612DCD44C /* AlwaysMatcher.m */; };
		E621659DB794A5D612DCD44F /* AlwaysMatcher.h in Headers */ = {isa = PBXBuildFile; fileRef = E621659DB794A5D612DCD44E /* AlwaysMatcher.h */; };
/* End PBXBuildFile section */

/* Begin PBXContainerItemProxy section */
		2DCF9783147ED425003B0F38 /* PBXContainerItemProxy */ = {
			isa = PBXContainerItemProxy;
			containerPortal = E621659DB794A5D612DCD416 /* Project object */;
			proxyType = 1;
			remoteGlobalIDString = E621659DB794A5D612DCD41D;
			remoteInfo = igor;
		};
		2DCF978A147ED52D003B0F38 /* PBXContainerItemProxy */ = {
			isa = PBXContainerItemProxy;
			containerPortal = E621659DB794A5D612DCD416 /* Project object */;
			proxyType = 1;
			remoteGlobalIDString = E621659DB794A5D612DCD41D;
			remoteInfo = igor;
		};
/* End PBXContainerItemProxy section */

/* Begin PBXFileReference section */
		2D080CFB147DAC36002A09E2 /* SelectorEngineRegistry.h */ = {isa = PBXFileReference; fileEncoding = 4; lastKnownFileType = sourcecode.c.h; path = SelectorEngineRegistry.h; sourceTree = "<group>"; };
		2D0FABA7151FD242006E91F6 /* OCHamcrestIOS.framework */ = {isa = PBXFileReference; lastKnownFileType = wrapper.framework; name = OCHamcrestIOS.framework; path = lib/OCHamcrestIOS.framework; sourceTree = "<group>"; };
		2D2D4D0A1478787F00FF3D88 /* igorTests.octest */ = {isa = PBXFileReference; explicitFileType = wrapper.cfbundle; includeInIndex = 0; path = igorTests.octest; sourceTree = BUILT_PRODUCTS_DIR; };
		2D3E1F361509B6C000D62300 /* frank_static_resources.bundle */ = {isa = PBXFileReference; lastKnownFileType = "wrapper.plug-in"; path = frank_static_resources.bundle; sourceTree = "<group>"; };
		2D3E1F371509B6C000D62300 /* libFrank.a */ = {isa = PBXFileReference; lastKnownFileType = archive.ar; path = libFrank.a; sourceTree = "<group>"; };
		2D3E1F381509B6C000D62300 /* libShelley.a */ = {isa = PBXFileReference; lastKnownFileType = archive.ar; path = libShelley.a; sourceTree = "<group>"; };
		2D3E1F3D1509B98200D62300 /* SubjectAndAncestorPatternTests.m */ = {isa = PBXFileReference; fileEncoding = 4; lastKnownFileType = sourcecode.c.objc; path = SubjectAndAncestorPatternTests.m; sourceTree = "<group>"; };
		2D3E1F441509C64C00D62300 /* SubjectAndAncestorMatcher.h */ = {isa = PBXFileReference; fileEncoding = 4; lastKnownFileType = sourcecode.c.h; path = SubjectAndAncestorMatcher.h; sourceTree = "<group>"; };
		2D3E1F451509C64C00D62300 /* SubjectAndAncestorMatcher.m */ = {isa = PBXFileReference; fileEncoding = 4; lastKnownFileType = sourcecode.c.objc; path = SubjectAndAncestorMatcher.m; sourceTree = "<group>"; };
		2D3E1F491509D29800D62300 /* SubjectAndAncestorMatcherTests.m */ = {isa = PBXFileReference; fileEncoding = 4; lastKnownFileType = sourcecode.c.objc; path = SubjectAndAncestorMatcherTests.m; sourceTree = "<group>"; };
		2D436E1F1518F9C300071950 /* IdentityMatcher.h */ = {isa = PBXFileReference; fileEncoding = 4; lastKnownFileType = sourcecode.c.h; path = IdentityMatcher.h; sourceTree = "<group>"; };
		2D436E201518F9C300071950 /* IdentityMatcher.m */ = {isa = PBXFileReference; fileEncoding = 4; lastKnownFileType = sourcecode.c.objc; path = IdentityMatcher.m; sourceTree = "<group>"; };
		2D436E251518FF6D00071950 /* ViewFactory.h */ = {isa = PBXFileReference; fileEncoding = 4; lastKnownFileType = sourcecode.c.h; path = ViewFactory.h; sourceTree = "<group>"; };
		2D436E261518FF6D00071950 /* ViewFactory.m */ = {isa = PBXFileReference; fileEncoding = 4; lastKnownFileType = sourcecode.c.objc; path = ViewFactory.m; sourceTree = "<group>"; };
		2D436E2915191B3400071950 /* SubtreeTestParserTests.m */ = {isa = PBXFileReference; fileEncoding = 4; lastKnownFileType = sourcecode.c.objc; path = SubtreeTestParserTests.m; sourceTree = "<group>"; };
		2D496EA31486A513007E1FDE /* PredicateMatcher.h */ = {isa = PBXFileReference; fileEncoding = 4; lastKnownFileType = sourcecode.c.h; path = PredicateMatcher.h; sourceTree = "<group>"; };
		2D496EA41486A513007E1FDE /* PredicateMatcher.m */ = {isa = PBXFileReference; fileEncoding = 4; lastKnownFileType = sourcecode.c.objc; path = PredicateMatcher.m; sourceTree = "<group>"; };
		2D674477151E58C600B9BC52 /* vigor.entitlements */ = {isa = PBXFileReference; lastKnownFileType = text.xml; path = vigor.entitlements; sourceTree = "<group>"; };
		2D695C89147CD1BA00AF4115 /* ClassMatcher.h */ = {isa = PBXFileReference; fileEncoding = 4; lastKnownFileType = sourcecode.c.h; path = ClassMatcher.h; sourceTree = "<group>"; };
		2D695C8A147CD1BA00AF4115 /* ClassPattern.h */ = {isa = PBXFileReference; fileEncoding = 4; lastKnownFileType = sourcecode.c.h; path = ClassPattern.h; sourceTree = "<group>"; };
		2D695C8B147CD1BA00AF4115 /* ClassPattern.m */ = {isa = PBXFileReference; fileEncoding = 4; lastKnownFileType = sourcecode.c.objc; path = ClassPattern.m; sourceTree = "<group>"; };
		2D695C8C147CD1BA00AF4115 /* NodeMatcher.h */ = {isa = PBXFileReference; fileEncoding = 4; lastKnownFileType = sourcecode.c.h; path = NodeMatcher.h; sourceTree = "<group>"; };
		2D695C8D147CD1BA00AF4115 /* NodeMatcher.m */ = {isa = PBXFileReference; fileEncoding = 4; lastKnownFileType = sourcecode.c.objc; path = NodeMatcher.m; sourceTree = "<group>"; };
		2D695C8E147CD1BA00AF4115 /* igor-Prefix.pch */ = {isa = PBXFileReference; fileEncoding = 4; lastKnownFileType = sourcecode.c.h; path = "igor-Prefix.pch"; sourceTree = "<group>"; };
		2D695C8F147CD1BA00AF4115 /* Igor.h */ = {isa = PBXFileReference; fileEncoding = 4; lastKnownFileType = sourcecode.c.h; path = Igor.h; sourceTree = "<group>"; };
		2D695C90147CD1BA00AF4115 /* Igor.m */ = {isa = PBXFileReference; fileEncoding = 4; lastKnownFileType = sourcecode.c.objc; path = Igor.m; sourceTree = "<group>"; };
		2D695C91147CD1BA00AF4115 /* IgorLoader.m */ = {isa = PBXFileReference; fileEncoding = 4; lastKnownFileType = sourcecode.c.objc; path = IgorLoader.m; sourceTree = "<group>"; };
		2D695C92147CD1BA00AF4115 /* IgorPattern.h */ = {isa = PBXFileReference; fileEncoding = 4; lastKnownFileType = sourcecode.c.h; path = IgorPattern.h; sourceTree = "<group>"; };
		2D695C93147CD1BA00AF4115 /* IgorPattern.m */ = {isa = PBXFileReference; fileEncoding = 4; lastKnownFileType = sourcecode.c.objc; path = IgorPattern.m; sourceTree = "<group>"; };
		2D695C94147CD1BA00AF4115 /* IgorParserException.h */ = {isa = PBXFileReference; fileEncoding = 4; lastKnownFileType = sourcecode.c.h; path = IgorParserException.h; sourceTree = "<group>"; };
		2D695C95147CD1BA00AF4115 /* IgorParserException.m */ = {isa = PBXFileReference; fileEncoding = 4; lastKnownFileType = sourcecode.c.objc; path = IgorParserException.m; sourceTree = "<group>"; };
		2D695C96147CD1BA00AF4115 /* KindOfClassMatcher.h */ = {isa = PBXFileReference; fileEncoding = 4; lastKnownFileType = sourcecode.c.h; path = KindOfClassMatcher.h; sourceTree = "<group>"; };
		2D695C97147CD1BA00AF4115 /* KindOfClassMatcher.m */ = {isa = PBXFileReference; fileEncoding = 4; lastKnownFileType = sourcecode.c.objc; path = KindOfClassMatcher.m; sourceTree = "<group>"; };
		2D695C98147CD1BA00AF4115 /* Matcher.h */ = {isa = PBXFileReference; fileEncoding = 4; lastKnownFileType = sourcecode.c.h; path = Matcher.h; sourceTree = "<group>"; };
		2D695C99147CD1BA00AF4115 /* MemberOfClassMatcher.h */ = {isa = PBXFileReference; fileEncoding = 4; lastKnownFileType = sourcecode.c.h; path = MemberOfClassMatcher.h; sourceTree = "<group>"; };
		2D695C9A147CD1BA00AF4115 /* MemberOfClassMatcher.m */ = {isa = PBXFileReference; fileEncoding = 4; lastKnownFileType = sourcecode.c.objc; path = MemberOfClassMatcher.m; sourceTree = "<group>"; };
		2D695CA3147CD1BA00AF4115 /* PredicatePattern.h */ = {isa = PBXFileReference; fileEncoding = 4; lastKnownFileType = sourcecode.c.h; path = PredicatePattern.h; sourceTree = "<group>"; };
		2D695CA4147CD1BA00AF4115 /* PredicatePattern.m */ = {isa = PBXFileReference; fileEncoding = 4; lastKnownFileType = sourcecode.c.objc; path = PredicatePattern.m; sourceTree = "<group>"; };
		2D695CCA147CD1D200AF4115 /* ClassPatternTests.m */ = {isa = PBXFileReference; fileEncoding = 4; lastKnownFileType = sourcecode.c.objc; path = ClassPatternTests.m; sourceTree = "<group>"; };
		2D695CCC147CD1D200AF4115 /* en */ = {isa = PBXFileReference; lastKnownFileType = text.plist.strings; name = en; path = en.lproj/InfoPlist.strings; sourceTree = "<group>"; };
		2D695CCD147CD1D200AF4115 /* IgorParserTests.m */ = {isa = PBXFileReference; fileEncoding = 4; lastKnownFileType = sourcecode.c.objc; path = IgorParserTests.m; sourceTree = "<group>"; };
		2D695CCE147CD1D200AF4115 /* igorTests-Info.plist */ = {isa = PBXFileReference; fileEncoding = 4; lastKnownFileType = text.plist.xml; path = "igorTests-Info.plist"; sourceTree = "<group>"; };
		2D695CCF147CD1D200AF4115 /* igorTests-Prefix.pch */ = {isa = PBXFileReference; fileEncoding = 4; lastKnownFileType = sourcecode.c.h; path = "igorTests-Prefix.pch"; sourceTree = "<group>"; };
		2D695CD0147CD1D200AF4115 /* KindOfClassMatcherTests.m */ = {isa = PBXFileReference; fileEncoding = 4; lastKnownFileType = sourcecode.c.objc; path = KindOfClassMatcherTests.m; sourceTree = "<group>"; };
		2D695CD1147CD1D200AF4115 /* MemberOfClassMatcherTests.m */ = {isa = PBXFileReference; fileEncoding = 4; lastKnownFileType = sourcecode.c.objc; path = MemberOfClassMatcherTests.m; sourceTree = "<group>"; };
		2D695CD3147CD1D200AF4115 /* PredicateParserTests.m */ = {isa = PBXFileReference; fileEncoding = 4; lastKnownFileType = sourcecode.c.objc; path = PredicateParserTests.m; sourceTree = "<group>"; };
		2D695CD4147CD1D200AF4115 /* PredicatePatternTests.m */ = {isa = PBXFileReference; fileEncoding = 4; lastKnownFileType = sourcecode.c.objc; path = PredicatePatternTests.m; sourceTree = "<group>"; };
		2D99DB321517E94B00244226 /* SubjectAndDescendantPatternTests.m */ = {isa = PBXFileReference; fileEncoding = 4; lastKnownFileType = sourcecode.c.objc; path = SubjectAndDescendantPatternTests.m; sourceTree = "<group>"; };
		2D99DB361518273100244226 /* SubjectAndDescendantMatcher.h */ = {isa = PBXFileReference; fileEncoding = 4; lastKnownFileType = sourcecode.c.h; path = SubjectAndDescendantMatcher.h; sourceTree = "<group>"; };
		2D99DB371518273100244226 /* SubjectAndDescendantMatcher.m */ = {isa = PBXFileReference; fileEncoding = 4; lastKnownFileType = sourcecode.c.objc; path = SubjectAndDescendantMatcher.m; sourceTree = "<group>"; };
		2D9CC80915185B6500B51A8D /* TreeWalker.h */ = {isa = PBXFileReference; fileEncoding = 4; lastKnownFileType = sourcecode.c.h; path = TreeWalker.h; sourceTree = "<group>"; };
		2D9CC80A15185B6500B51A8D /* TreeWalker.m */ = {isa = PBXFileReference; fileEncoding = 4; lastKnownFileType = sourcecode.c.objc; path = TreeWalker.m; sourceTree = "<group>"; };
		2DCE893415193E8900B975EE /* SubjectPattern.h */ = {isa = PBXFileReference; fileEncoding = 4; lastKnownFileType = sourcecode.c.h; path = SubjectPattern.h; sourceTree = "<group>"; };
		2DCE893515193E8900B975EE /* SubjectPattern.m */ = {isa = PBXFileReference; fileEncoding = 4; lastKnownFileType = sourcecode.c.objc; path = SubjectPattern.m; sourceTree = "<group>"; };
		2DCE893915193F6100B975EE /* NodePattern.h */ = {isa = PBXFileReference; fileEncoding = 4; lastKnownFileType = sourcecode.c.h; path = NodePattern.h; sourceTree = "<group>"; };
		2DCE893A15193F6100B975EE /* NodePattern.m */ = {isa = PBXFileReference; fileEncoding = 4; lastKnownFileType = sourcecode.c.objc; path = NodePattern.m; sourceTree = "<group>"; };
		2DCF9762147ED3FD003B0F38 /* vigor.app */ = {isa = PBXFileReference; explicitFileType = wrapper.application; includeInIndex = 0; path = vigor.app; sourceTree = BUILT_PRODUCTS_DIR; };
		2DCF9766147ED3FD003B0F38 /* CoreGraphics.framework */ = {isa = PBXFileReference; lastKnownFileType = wrapper.framework; name = CoreGraphics.framework; path = System/Library/Frameworks/CoreGraphics.framework; sourceTree = SDKROOT; };
		2DCF976A147ED3FD003B0F38 /* vigor-Info.plist */ = {isa = PBXFileReference; lastKnownFileType = text.plist.xml; path = "vigor-Info.plist"; sourceTree = "<group>"; };
		2DCF976C147ED3FD003B0F38 /* en */ = {isa = PBXFileReference; lastKnownFileType = text.plist.strings; name = en; path = en.lproj/InfoPlist.strings; sourceTree = "<group>"; };
		2DCF976E147ED3FD003B0F38 /* main.m */ = {isa = PBXFileReference; lastKnownFileType = sourcecode.c.objc; path = main.m; sourceTree = "<group>"; };
		2DCF9770147ED3FD003B0F38 /* vigor-Prefix.pch */ = {isa = PBXFileReference; lastKnownFileType = sourcecode.c.h; path = "vigor-Prefix.pch"; sourceTree = "<group>"; };
		2DCF9771147ED3FD003B0F38 /* AppDelegate.h */ = {isa = PBXFileReference; lastKnownFileType = sourcecode.c.h; path = AppDelegate.h; sourceTree = "<group>"; };
		2DCF9772147ED3FD003B0F38 /* AppDelegate.m */ = {isa = PBXFileReference; lastKnownFileType = sourcecode.c.objc; path = AppDelegate.m; sourceTree = "<group>"; };
		2DCF9775147ED3FD003B0F38 /* en */ = {isa = PBXFileReference; lastKnownFileType = file.storyboard; name = en; path = en.lproj/MainStoryboard_iPhone.storyboard; sourceTree = "<group>"; };
		2DCF9778147ED3FD003B0F38 /* en */ = {isa = PBXFileReference; lastKnownFileType = file.storyboard; name = en; path = en.lproj/MainStoryboard_iPad.storyboard; sourceTree = "<group>"; };
		2DCF977A147ED3FD003B0F38 /* MasterViewController.h */ = {isa = PBXFileReference; lastKnownFileType = sourcecode.c.h; path = MasterViewController.h; sourceTree = "<group>"; };
		2DCF977B147ED3FD003B0F38 /* MasterViewController.m */ = {isa = PBXFileReference; lastKnownFileType = sourcecode.c.objc; path = MasterViewController.m; sourceTree = "<group>"; };
		2DCF977D147ED3FD003B0F38 /* DetailViewController.h */ = {isa = PBXFileReference; lastKnownFileType = sourcecode.c.h; path = DetailViewController.h; sourceTree = "<group>"; };
		2DCF977E147ED3FD003B0F38 /* DetailViewController.m */ = {isa = PBXFileReference; lastKnownFileType = sourcecode.c.objc; path = DetailViewController.m; sourceTree = "<group>"; };
		2DCF978D147EDACA003B0F38 /* CFNetwork.framework */ = {isa = PBXFileReference; lastKnownFileType = wrapper.framework; name = CFNetwork.framework; path = System/Library/Frameworks/CFNetwork.framework; sourceTree = SDKROOT; };
		E621659DB794A5D612DCD41C /* libigor-0.4.0.a */ = {isa = PBXFileReference; explicitFileType = archive.ar; includeInIndex = 0; path = "libigor-0.4.0.a"; sourceTree = BUILT_PRODUCTS_DIR; };
		E621659DB794A5D612DCD425 /* Foundation.framework */ = {isa = PBXFileReference; lastKnownFileType = wrapper.framework; name = Foundation.framework; path = System/Library/Frameworks/Foundation.framework; sourceTree = SDKROOT; };
		E621659DB794A5D612DCD437 /* SenTestingKit.framework */ = {isa = PBXFileReference; lastKnownFileType = wrapper.framework; name = SenTestingKit.framework; path = Library/Frameworks/SenTestingKit.framework; sourceTree = DEVELOPER_DIR; };
		E621659DB794A5D612DCD439 /* UIKit.framework */ = {isa = PBXFileReference; lastKnownFileType = wrapper.framework; name = UIKit.framework; path = System/Library/Frameworks/UIKit.framework; sourceTree = SDKROOT; };
		E621659DB794A5D612DCD43A /* ClassMatcher.m */ = {isa = PBXFileReference; fileEncoding = 4; lastKnownFileType = sourcecode.c.objc; path = ClassMatcher.m; sourceTree = "<group>"; };
		E621659DB794A5D612DCD43E /* Pattern.m */ = {isa = PBXFileReference; fileEncoding = 4; lastKnownFileType = sourcecode.c.objc; path = Pattern.m; sourceTree = "<group>"; };
		E621659DB794A5D612DCD440 /* Pattern.h */ = {isa = PBXFileReference; fileEncoding = 4; lastKnownFileType = sourcecode.c.h; path = Pattern.h; sourceTree = "<group>"; };
		E621659DB794A5D612DCD442 /* PatternScanner.m */ = {isa = PBXFileReference; fileEncoding = 4; lastKnownFileType = sourcecode.c.objc; path = PatternScanner.m; sourceTree = "<group>"; };
		E621659DB794A5D612DCD444 /* PatternScanner.h */ = {isa = PBXFileReference; fileEncoding = 4; lastKnownFileType = sourcecode.c.h; path = PatternScanner.h; sourceTree = "<group>"; };
		E621659DB794A5D612DCD448 /* RelationshipMatcher.h */ = {isa = PBXFileReference; fileEncoding = 4; lastKnownFileType = sourcecode.c.h; path = RelationshipMatcher.h; sourceTree = "<group>"; };
		E621659DB794A5D612DCD44A /* SubjectAndDescendantMatcherTests.m */ = {isa = PBXFileReference; fileEncoding = 4; lastKnownFileType = sourcecode.c.objc; path = SubjectAndDescendantMatcherTests.m; sourceTree = "<group>"; };
		E621659DB794A5D612DCD44C /* AlwaysMatcher.m */ = {isa = PBXFileReference; fileEncoding = 4; lastKnownFileType = sourcecode.c.objc; path = AlwaysMatcher.m; sourceTree = "<group>"; };
		E621659DB794A5D612DCD44E /* AlwaysMatcher.h */ = {isa = PBXFileReference; fileEncoding = 4; lastKnownFileType = sourcecode.c.h; path = AlwaysMatcher.h; sourceTree = "<group>"; };
/* End PBXFileReference section */

/* Begin PBXFrameworksBuildPhase section */
		2D2D4D061478787F00FF3D88 /* Frameworks */ = {
			isa = PBXFrameworksBuildPhase;
			buildActionMask = 2147483647;
			files = (
				2DE232061509EBB700C0D74D /* libigor-0.4.0.a in Frameworks */,
				2D2D4D0B1478787F00FF3D88 /* SenTestingKit.framework in Frameworks */,
				2D2D4D0C1478787F00FF3D88 /* UIKit.framework in Frameworks */,
				2D2D4D0D1478787F00FF3D88 /* Foundation.framework in Frameworks */,
				2D0FABA8151FD242006E91F6 /* OCHamcrestIOS.framework in Frameworks */,
			);
			runOnlyForDeploymentPostprocessing = 0;
		};
		2DCF975F147ED3FD003B0F38 /* Frameworks */ = {
			isa = PBXFrameworksBuildPhase;
			buildActionMask = 2147483647;
			files = (
				2DE232041509EBAA00C0D74D /* libigor-0.4.0.a in Frameworks */,
				2DCF978E147EDACA003B0F38 /* CFNetwork.framework in Frameworks */,
				2DCF9764147ED3FD003B0F38 /* UIKit.framework in Frameworks */,
				2DCF9765147ED3FD003B0F38 /* Foundation.framework in Frameworks */,
				2DCF9767147ED3FD003B0F38 /* CoreGraphics.framework in Frameworks */,
				2D3E1F4E1509DE8700D62300 /* libFrank.a in Frameworks */,
				2D3E1F4F1509DE8700D62300 /* libShelley.a in Frameworks */,
			);
			runOnlyForDeploymentPostprocessing = 0;
		};
		E621659DB794A5D612DCD423 /* Frameworks */ = {
			isa = PBXFrameworksBuildPhase;
			buildActionMask = 2147483647;
			files = (
			);
			runOnlyForDeploymentPostprocessing = 0;
		};
/* End PBXFrameworksBuildPhase section */

/* Begin PBXGroup section */
		2D080CFA147DAC36002A09E2 /* Headers */ = {
			isa = PBXGroup;
			children = (
				2D080CFB147DAC36002A09E2 /* SelectorEngineRegistry.h */,
			);
			path = Headers;
			sourceTree = "<group>";
		};
		2D436E241518FF2B00071950 /* fixtures */ = {
			isa = PBXGroup;
			children = (
				E621659DB794A5D612DCD44C /* AlwaysMatcher.m */,
				E621659DB794A5D612DCD44E /* AlwaysMatcher.h */,
				2D436E1F1518F9C300071950 /* IdentityMatcher.h */,
				2D436E201518F9C300071950 /* IdentityMatcher.m */,
				2D436E251518FF6D00071950 /* ViewFactory.h */,
				2D436E261518FF6D00071950 /* ViewFactory.m */,
			);
			name = fixtures;
			sourceTree = "<group>";
		};
		2D695C88147CD1BA00AF4115 /* igor */ = {
			isa = PBXGroup;
			children = (
				2D695CE3147CD27F00AF4115 /* engine */,
				2D695CE1147CD26700AF4115 /* matchers */,
				2D695CE2147CD27100AF4115 /* parser */,
				2D695CE0147CD23800AF4115 /* Supporting Files */,
			);
			path = igor;
			sourceTree = "<group>";
		};
		2D695CC9147CD1D200AF4115 /* test */ = {
			isa = PBXGroup;
			children = (
				2D436E241518FF2B00071950 /* fixtures */,
				2D695CE8147CD3CA00AF4115 /* acceptance */,
				2D695CE7147CD38000AF4115 /* matchers */,
				2D695CE6147CD35100AF4115 /* parser */,
				2D695CE5147CD31300AF4115 /* Supporting Files */,
			);
			path = test;
			sourceTree = "<group>";
		};
		2D695CE0147CD23800AF4115 /* Supporting Files */ = {
			isa = PBXGroup;
			children = (
				2D695C8E147CD1BA00AF4115 /* igor-Prefix.pch */,
			);
			name = "Supporting Files";
			sourceTree = "<group>";
		};
		2D695CE1147CD26700AF4115 /* matchers */ = {
			isa = PBXGroup;
			children = (
				E621659DB794A5D612DCD448 /* RelationshipMatcher.h */,
				E621659DB794A5D612DCD43A /* ClassMatcher.m */,
				2D695C89147CD1BA00AF4115 /* ClassMatcher.h */,
				2D3E1F441509C64C00D62300 /* SubjectAndAncestorMatcher.h */,
				2D3E1F451509C64C00D62300 /* SubjectAndAncestorMatcher.m */,
				2D695C96147CD1BA00AF4115 /* KindOfClassMatcher.h */,
				2D695C97147CD1BA00AF4115 /* KindOfClassMatcher.m */,
				2D695C98147CD1BA00AF4115 /* Matcher.h */,
				2D695C99147CD1BA00AF4115 /* MemberOfClassMatcher.h */,
				2D695C9A147CD1BA00AF4115 /* MemberOfClassMatcher.m */,
				2D695C8C147CD1BA00AF4115 /* NodeMatcher.h */,
				2D695C8D147CD1BA00AF4115 /* NodeMatcher.m */,
				2D496EA31486A513007E1FDE /* PredicateMatcher.h */,
				2D496EA41486A513007E1FDE /* PredicateMatcher.m */,
				2D99DB361518273100244226 /* SubjectAndDescendantMatcher.h */,
				2D99DB371518273100244226 /* SubjectAndDescendantMatcher.m */,
				2D9CC80915185B6500B51A8D /* TreeWalker.h */,
				2D9CC80A15185B6500B51A8D /* TreeWalker.m */,
			);
			name = matchers;
			sourceTree = "<group>";
		};
		2D695CE2147CD27100AF4115 /* parser */ = {
			isa = PBXGroup;
			children = (
				E621659DB794A5D612DCD444 /* PatternScanner.h */,
				E621659DB794A5D612DCD442 /* PatternScanner.m */,
				E621659DB794A5D612DCD43E /* Pattern.m */,
				E621659DB794A5D612DCD440 /* Pattern.h */,
				2D695C8A147CD1BA00AF4115 /* ClassPattern.h */,
				2D695C8B147CD1BA00AF4115 /* ClassPattern.m */,
				2D695C92147CD1BA00AF4115 /* IgorPattern.h */,
				2D695C93147CD1BA00AF4115 /* IgorPattern.m */,
				2D695C94147CD1BA00AF4115 /* IgorParserException.h */,
				2D695C95147CD1BA00AF4115 /* IgorParserException.m */,
				2DCE893915193F6100B975EE /* NodePattern.h */,
				2DCE893A15193F6100B975EE /* NodePattern.m */,
				2D695CA3147CD1BA00AF4115 /* PredicatePattern.h */,
				2D695CA4147CD1BA00AF4115 /* PredicatePattern.m */,
				2DCE893415193E8900B975EE /* SubjectPattern.h */,
				2DCE893515193E8900B975EE /* SubjectPattern.m */,
			);
			name = parser;
			sourceTree = "<group>";
		};
		2D695CE3147CD27F00AF4115 /* engine */ = {
			isa = PBXGroup;
			children = (
				2D695C8F147CD1BA00AF4115 /* Igor.h */,
				2D695C90147CD1BA00AF4115 /* Igor.m */,
				2D695C91147CD1BA00AF4115 /* IgorLoader.m */,
			);
			name = engine;
			sourceTree = "<group>";
		};
		2D695CE5147CD31300AF4115 /* Supporting Files */ = {
			isa = PBXGroup;
			children = (
				2D695CCB147CD1D200AF4115 /* InfoPlist.strings */,
				2D695CCE147CD1D200AF4115 /* igorTests-Info.plist */,
				2D695CCF147CD1D200AF4115 /* igorTests-Prefix.pch */,
			);
			name = "Supporting Files";
			sourceTree = "<group>";
		};
		2D695CE6147CD35100AF4115 /* parser */ = {
			isa = PBXGroup;
			children = (
				2D695CCD147CD1D200AF4115 /* IgorParserTests.m */,
				2D695CD3147CD1D200AF4115 /* PredicateParserTests.m */,
				2D436E2915191B3400071950 /* SubtreeTestParserTests.m */,
			);
			name = parser;
			sourceTree = "<group>";
		};
		2D695CE7147CD38000AF4115 /* matchers */ = {
			isa = PBXGroup;
			children = (
				E621659DB794A5D612DCD44A /* SubjectAndDescendantMatcherTests.m */,
				2D695CD0147CD1D200AF4115 /* KindOfClassMatcherTests.m */,
				2D695CD1147CD1D200AF4115 /* MemberOfClassMatcherTests.m */,
				2D3E1F491509D29800D62300 /* SubjectAndAncestorMatcherTests.m */,
			);
			name = matchers;
			sourceTree = "<group>";
		};
		2D695CE8147CD3CA00AF4115 /* acceptance */ = {
			isa = PBXGroup;
			children = (
				2D695CCA147CD1D200AF4115 /* ClassPatternTests.m */,
				2D695CD4147CD1D200AF4115 /* PredicatePatternTests.m */,
				2D3E1F3D1509B98200D62300 /* SubjectAndAncestorPatternTests.m */,
				2D99DB321517E94B00244226 /* SubjectAndDescendantPatternTests.m */,
			);
			name = acceptance;
			sourceTree = "<group>";
		};
		2D9649F4147DA75600C40219 /* lib */ = {
			isa = PBXGroup;
			children = (
				2D9649F5147DA75600C40219 /* Frank */,
			);
			path = lib;
			sourceTree = "<group>";
		};
		2D9649F5147DA75600C40219 /* Frank */ = {
			isa = PBXGroup;
			children = (
				2D3E1F361509B6C000D62300 /* frank_static_resources.bundle */,
				2D3E1F371509B6C000D62300 /* libFrank.a */,
				2D3E1F381509B6C000D62300 /* libShelley.a */,
				2D080CFA147DAC36002A09E2 /* Headers */,
			);
			path = Frank;
			sourceTree = "<group>";
		};
		2DCF9768147ED3FD003B0F38 /* vigor */ = {
			isa = PBXGroup;
			children = (
				2D674477151E58C600B9BC52 /* vigor.entitlements */,
				2DCF9771147ED3FD003B0F38 /* AppDelegate.h */,
				2DCF9772147ED3FD003B0F38 /* AppDelegate.m */,
				2DCF9774147ED3FD003B0F38 /* MainStoryboard_iPhone.storyboard */,
				2DCF9777147ED3FD003B0F38 /* MainStoryboard_iPad.storyboard */,
				2DCF977A147ED3FD003B0F38 /* MasterViewController.h */,
				2DCF977B147ED3FD003B0F38 /* MasterViewController.m */,
				2DCF977D147ED3FD003B0F38 /* DetailViewController.h */,
				2DCF977E147ED3FD003B0F38 /* DetailViewController.m */,
				2DCF9769147ED3FD003B0F38 /* Supporting Files */,
			);
			path = vigor;
			sourceTree = "<group>";
		};
		2DCF9769147ED3FD003B0F38 /* Supporting Files */ = {
			isa = PBXGroup;
			children = (
				2DCF976A147ED3FD003B0F38 /* vigor-Info.plist */,
				2DCF976B147ED3FD003B0F38 /* InfoPlist.strings */,
				2DCF976E147ED3FD003B0F38 /* main.m */,
				2DCF9770147ED3FD003B0F38 /* vigor-Prefix.pch */,
			);
			name = "Supporting Files";
			sourceTree = "<group>";
		};
		E621659DB794A5D612DCD418 = {
			isa = PBXGroup;
			children = (
				2D695C88147CD1BA00AF4115 /* igor */,
				2D695CC9147CD1D200AF4115 /* test */,
				2DCF9768147ED3FD003B0F38 /* vigor */,
				2D9649F4147DA75600C40219 /* lib */,
				E621659DB794A5D612DCD419 /* Products */,
				E621659DB794A5D612DCD424 /* Frameworks */,
			);
			sourceTree = "<group>";
		};
		E621659DB794A5D612DCD419 /* Products */ = {
			isa = PBXGroup;
			children = (
				E621659DB794A5D612DCD41C /* libigor-0.4.0.a */,
				2D2D4D0A1478787F00FF3D88 /* igorTests.octest */,
				2DCF9762147ED3FD003B0F38 /* vigor.app */,
			);
			name = Products;
			sourceTree = "<group>";
		};
		E621659DB794A5D612DCD424 /* Frameworks */ = {
			isa = PBXGroup;
			children = (
				2D0FABA7151FD242006E91F6 /* OCHamcrestIOS.framework */,
				2DCF978D147EDACA003B0F38 /* CFNetwork.framework */,
				2DCF9766147ED3FD003B0F38 /* CoreGraphics.framework */,
				E621659DB794A5D612DCD425 /* Foundation.framework */,
				E621659DB794A5D612DCD437 /* SenTestingKit.framework */,
				E621659DB794A5D612DCD439 /* UIKit.framework */,
			);
			name = Frameworks;
			sourceTree = "<group>";
		};
/* End PBXGroup section */

/* Begin PBXHeadersBuildPhase section */
		2D9649DE147DA18400C40219 /* Headers */ = {
			isa = PBXHeadersBuildPhase;
			buildActionMask = 2147483647;
			files = (
				2D9649E0147DA1A700C40219 /* igor-Prefix.pch in Headers */,
				2D9649DF147DA19C00C40219 /* igorTests-Prefix.pch in Headers */,
				2D436E211518F9C300071950 /* IdentityMatcher.h in Headers */,
				2D436E271518FF6D00071950 /* ViewFactory.h in Headers */,
				E621659DB794A5D612DCD44F /* AlwaysMatcher.h in Headers */,
			);
			runOnlyForDeploymentPostprocessing = 0;
		};
		2D9649E1147DA20500C40219 /* Headers */ = {
			isa = PBXHeadersBuildPhase;
			buildActionMask = 2147483647;
			files = (
				2D9649E2147DA21400C40219 /* igor-Prefix.pch in Headers */,
				2D080CFC147DAC36002A09E2 /* SelectorEngineRegistry.h in Headers */,
				2D496EA51486A513007E1FDE /* PredicateMatcher.h in Headers */,
				2D3E1F461509C64C00D62300 /* SubjectAndAncestorMatcher.h in Headers */,
				2D99DB381518273100244226 /* SubjectAndDescendantMatcher.h in Headers */,
				2D9CC80B15185B6500B51A8D /* TreeWalker.h in Headers */,
				2DCE893615193E8900B975EE /* SubjectPattern.h in Headers */,
				2DCE893B15193F6100B975EE /* NodePattern.h in Headers */,
				E621659DB794A5D612DCD441 /* Pattern.h in Headers */,
				E621659DB794A5D612DCD445 /* PatternScanner.h in Headers */,
				E621659DB794A5D612DCD449 /* RelationshipMatcher.h in Headers */,
			);
			runOnlyForDeploymentPostprocessing = 0;
		};
/* End PBXHeadersBuildPhase section */

/* Begin PBXNativeTarget section */
		2D2D4D091478787F00FF3D88 /* igorTests */ = {
			isa = PBXNativeTarget;
			buildConfigurationList = 2D2D4D181478788000FF3D88 /* Build configuration list for PBXNativeTarget "igorTests" */;
			buildPhases = (
				2D9649DE147DA18400C40219 /* Headers */,
				2D2D4D051478787F00FF3D88 /* Sources */,
				2D2D4D061478787F00FF3D88 /* Frameworks */,
				2D080CFF147DB8B4002A09E2 /* ShellScript */,
			);
			buildRules = (
			);
			dependencies = (
				2DCF978B147ED52D003B0F38 /* PBXTargetDependency */,
			);
			name = igorTests;
			productName = igorTests;
			productReference = 2D2D4D0A1478787F00FF3D88 /* igorTests.octest */;
			productType = "com.apple.product-type.bundle";
		};
		2DCF9761147ED3FD003B0F38 /* vigor */ = {
			isa = PBXNativeTarget;
			buildConfigurationList = 2DCF9780147ED3FD003B0F38 /* Build configuration list for PBXNativeTarget "vigor" */;
			buildPhases = (
				2DCF975E147ED3FD003B0F38 /* Sources */,
				2DCF975F147ED3FD003B0F38 /* Frameworks */,
				2DCF9760147ED3FD003B0F38 /* Resources */,
			);
			buildRules = (
			);
			dependencies = (
				2DCF9784147ED425003B0F38 /* PBXTargetDependency */,
			);
			name = vigor;
			productName = vigor;
			productReference = 2DCF9762147ED3FD003B0F38 /* vigor.app */;
			productType = "com.apple.product-type.application";
		};
		E621659DB794A5D612DCD41D /* igor */ = {
			isa = PBXNativeTarget;
			buildConfigurationList = E621659DB794A5D612DCD41E /* Build configuration list for PBXNativeTarget "igor" */;
			buildPhases = (
				2D9649E1147DA20500C40219 /* Headers */,
				E621659DB794A5D612DCD422 /* Sources */,
				E621659DB794A5D612DCD423 /* Frameworks */,
			);
			buildRules = (
			);
			dependencies = (
			);
			name = igor;
			productName = igor;
			productReference = E621659DB794A5D612DCD41C /* libigor-0.4.0.a */;
			productType = "com.apple.product-type.library.static";
		};
/* End PBXNativeTarget section */

/* Begin PBXProject section */
		E621659DB794A5D612DCD416 /* Project object */ = {
			isa = PBXProject;
			attributes = {
				LastUpgradeCheck = 0440;
			};
			buildConfigurationList = E621659DB794A5D612DCD417 /* Build configuration list for PBXProject "igor" */;
			compatibilityVersion = "Xcode 3.2";
			developmentRegion = English;
			hasScannedForEncodings = 0;
			knownRegions = (
				en,
			);
			mainGroup = E621659DB794A5D612DCD418;
			productRefGroup = E621659DB794A5D612DCD419 /* Products */;
			projectDirPath = "";
			projectRoot = "";
			targets = (
				E621659DB794A5D612DCD41D /* igor */,
				2D2D4D091478787F00FF3D88 /* igorTests */,
				2DCF9761147ED3FD003B0F38 /* vigor */,
			);
		};
/* End PBXProject section */

/* Begin PBXResourcesBuildPhase section */
		2DCF9760147ED3FD003B0F38 /* Resources */ = {
			isa = PBXResourcesBuildPhase;
			buildActionMask = 2147483647;
			files = (
				2DCF976D147ED3FD003B0F38 /* InfoPlist.strings in Resources */,
				2DCF9776147ED3FD003B0F38 /* MainStoryboard_iPhone.storyboard in Resources */,
				2DCF9779147ED3FD003B0F38 /* MainStoryboard_iPad.storyboard in Resources */,
				2D3E1F391509B6C000D62300 /* frank_static_resources.bundle in Resources */,
			);
			runOnlyForDeploymentPostprocessing = 0;
		};
/* End PBXResourcesBuildPhase section */

/* Begin PBXShellScriptBuildPhase section */
		2D080CFF147DB8B4002A09E2 /* ShellScript */ = {
			isa = PBXShellScriptBuildPhase;
			buildActionMask = 2147483647;
			files = (
			);
			inputPaths = (
			);
			outputPaths = (
			);
			runOnlyForDeploymentPostprocessing = 0;
			shellPath = /bin/sh;
			shellScript = "# Run the unit tests in this test bundle.\n${SYSTEM_DEVELOPER_DIR}/Tools/RunUnitTests\\\n";
		};
/* End PBXShellScriptBuildPhase section */

/* Begin PBXSourcesBuildPhase section */
		2D2D4D051478787F00FF3D88 /* Sources */ = {
			isa = PBXSourcesBuildPhase;
			buildActionMask = 2147483647;
			files = (
				2D695CD6147CD1D200AF4115 /* ClassPatternTests.m in Sources */,
				2D695CD8147CD1D200AF4115 /* IgorParserTests.m in Sources */,
				2D695CDA147CD1D200AF4115 /* KindOfClassMatcherTests.m in Sources */,
				2D695CDB147CD1D200AF4115 /* MemberOfClassMatcherTests.m in Sources */,
				2D695CDD147CD1D200AF4115 /* PredicateParserTests.m in Sources */,
				2D695CDE147CD1D200AF4115 /* PredicatePatternTests.m in Sources */,
				2D3E1F3F1509B98200D62300 /* SubjectAndAncestorPatternTests.m in Sources */,
				2D3E1F4B1509D29800D62300 /* SubjectAndAncestorMatcherTests.m in Sources */,
				2D99DB351517E9C900244226 /* SubjectAndDescendantPatternTests.m in Sources */,
				2D436E221518F9C300071950 /* IdentityMatcher.m in Sources */,
				2D436E281518FF6D00071950 /* ViewFactory.m in Sources */,
				2D436E2A15191B3400071950 /* SubtreeTestParserTests.m in Sources */,
				E621659DB794A5D612DCD44B /* SubjectAndDescendantMatcherTests.m in Sources */,
				E621659DB794A5D612DCD44D /* AlwaysMatcher.m in Sources */,
			);
			runOnlyForDeploymentPostprocessing = 0;
		};
		2DCF975E147ED3FD003B0F38 /* Sources */ = {
			isa = PBXSourcesBuildPhase;
			buildActionMask = 2147483647;
			files = (
				2DCF976F147ED3FD003B0F38 /* main.m in Sources */,
				2DCF9773147ED3FD003B0F38 /* AppDelegate.m in Sources */,
				2DCF977C147ED3FD003B0F38 /* MasterViewController.m in Sources */,
				2DCF977F147ED3FD003B0F38 /* DetailViewController.m in Sources */,
			);
			runOnlyForDeploymentPostprocessing = 0;
		};
		E621659DB794A5D612DCD422 /* Sources */ = {
			isa = PBXSourcesBuildPhase;
			buildActionMask = 2147483647;
			files = (
				2D695CAB147CD1BA00AF4115 /* ClassPattern.m in Sources */,
				2D695CAD147CD1BA00AF4115 /* NodeMatcher.m in Sources */,
				2D695CB0147CD1BA00AF4115 /* Igor.m in Sources */,
				2D695CB3147CD1BA00AF4115 /* IgorPattern.m in Sources */,
				2D695CB5147CD1BA00AF4115 /* IgorParserException.m in Sources */,
				2D695CB7147CD1BA00AF4115 /* KindOfClassMatcher.m in Sources */,
				2D695CBA147CD1BA00AF4115 /* MemberOfClassMatcher.m in Sources */,
				2D695CC4147CD1BA00AF4115 /* PredicatePattern.m in Sources */,
				2D9649DA147D9E0B00C40219 /* IgorLoader.m in Sources */,
				2D496EA61486A513007E1FDE /* PredicateMatcher.m in Sources */,
				2D3E1F471509C64C00D62300 /* SubjectAndAncestorMatcher.m in Sources */,
				2D99DB391518273100244226 /* SubjectAndDescendantMatcher.m in Sources */,
				2D9CC80C15185B6500B51A8D /* TreeWalker.m in Sources */,
				2DCE893715193E8900B975EE /* SubjectPattern.m in Sources */,
				2DCE893C15193F6100B975EE /* NodePattern.m in Sources */,
				E621659DB794A5D612DCD43B /* ClassMatcher.m in Sources */,
				E621659DB794A5D612DCD43F /* Pattern.m in Sources */,
				E621659DB794A5D612DCD443 /* PatternScanner.m in Sources */,
			);
			runOnlyForDeploymentPostprocessing = 0;
		};
/* End PBXSourcesBuildPhase section */

/* Begin PBXTargetDependency section */
		2DCF9784147ED425003B0F38 /* PBXTargetDependency */ = {
			isa = PBXTargetDependency;
			target = E621659DB794A5D612DCD41D /* igor */;
			targetProxy = 2DCF9783147ED425003B0F38 /* PBXContainerItemProxy */;
		};
		2DCF978B147ED52D003B0F38 /* PBXTargetDependency */ = {
			isa = PBXTargetDependency;
			target = E621659DB794A5D612DCD41D /* igor */;
			targetProxy = 2DCF978A147ED52D003B0F38 /* PBXContainerItemProxy */;
		};
/* End PBXTargetDependency section */

/* Begin PBXVariantGroup section */
		2D695CCB147CD1D200AF4115 /* InfoPlist.strings */ = {
			isa = PBXVariantGroup;
			children = (
				2D695CCC147CD1D200AF4115 /* en */,
			);
			name = InfoPlist.strings;
			sourceTree = "<group>";
		};
		2DCF976B147ED3FD003B0F38 /* InfoPlist.strings */ = {
			isa = PBXVariantGroup;
			children = (
				2DCF976C147ED3FD003B0F38 /* en */,
			);
			name = InfoPlist.strings;
			sourceTree = "<group>";
		};
		2DCF9774147ED3FD003B0F38 /* MainStoryboard_iPhone.storyboard */ = {
			isa = PBXVariantGroup;
			children = (
				2DCF9775147ED3FD003B0F38 /* en */,
			);
			name = MainStoryboard_iPhone.storyboard;
			sourceTree = "<group>";
		};
		2DCF9777147ED3FD003B0F38 /* MainStoryboard_iPad.storyboard */ = {
			isa = PBXVariantGroup;
			children = (
				2DCF9778147ED3FD003B0F38 /* en */,
			);
			name = MainStoryboard_iPad.storyboard;
			sourceTree = "<group>";
		};
/* End PBXVariantGroup section */

/* Begin XCBuildConfiguration section */
		2D2D4D191478788000FF3D88 /* Release */ = {
			isa = XCBuildConfiguration;
			buildSettings = {
				CURRENT_PROJECT_VERSION = 1.5;
				FRAMEWORK_SEARCH_PATHS = (
					"$(SDKROOT)/Developer/Library/Frameworks",
					"$(DEVELOPER_LIBRARY_DIR)/Frameworks",
					"\"$(SRCROOT)\"",
					"\"$(SRCROOT)/lib\"",
				);
				GCC_C_LANGUAGE_STANDARD = gnu99;
				GCC_PRECOMPILE_PREFIX_HEADER = YES;
				GCC_PREFIX_HEADER = "test/igorTests-Prefix.pch";
				INFOPLIST_FILE = "test/igorTests-Info.plist";
				LIBRARY_SEARCH_PATHS = "$(inherited)";
				OTHER_LDFLAGS = (
					"-ObjC",
					"-lstdc++",
				);
				PRODUCT_NAME = "$(TARGET_NAME)";
				VERSIONING_SYSTEM = "apple-generic";
				WARNING_CFLAGS = "";
				WRAPPER_EXTENSION = octest;
			};
			name = Release;
		};
		2D2D4D1A1478788000FF3D88 /* Debug */ = {
			isa = XCBuildConfiguration;
			buildSettings = {
				CURRENT_PROJECT_VERSION = 1.5;
				FRAMEWORK_SEARCH_PATHS = (
					"$(SDKROOT)/Developer/Library/Frameworks",
					"$(DEVELOPER_LIBRARY_DIR)/Frameworks",
					"\"$(SRCROOT)\"",
					"\"$(SRCROOT)/lib\"",
				);
				GCC_C_LANGUAGE_STANDARD = gnu99;
				GCC_PRECOMPILE_PREFIX_HEADER = YES;
				GCC_PREFIX_HEADER = "test/igorTests-Prefix.pch";
				INFOPLIST_FILE = "test/igorTests-Info.plist";
				LIBRARY_SEARCH_PATHS = "$(inherited)";
				OTHER_LDFLAGS = (
					"-ObjC",
					"-lstdc++",
				);
				PRODUCT_NAME = "$(TARGET_NAME)";
				VERSIONING_SYSTEM = "apple-generic";
				WARNING_CFLAGS = "";
				WRAPPER_EXTENSION = octest;
			};
			name = Debug;
		};
		2DCF9781147ED3FD003B0F38 /* Release */ = {
			isa = XCBuildConfiguration;
			buildSettings = {
				ALWAYS_SEARCH_USER_PATHS = NO;
				CODE_SIGN_IDENTITY = "";
				"CODE_SIGN_IDENTITY[sdk=iphoneos*]" = "iPhone Developer";
				GCC_C_LANGUAGE_STANDARD = "compiler-default";
				GCC_PRECOMPILE_PREFIX_HEADER = YES;
				GCC_PREFIX_HEADER = "vigor/vigor-Prefix.pch";
				INFOPLIST_FILE = "vigor/vigor-Info.plist";
				LIBRARY_SEARCH_PATHS = (
					"\"$(SRCROOT)/lib/Frank\"",
					"$(inherited)",
				);
				OTHER_CFLAGS = "-DNS_BLOCK_ASSERTIONS=1";
				OTHER_LDFLAGS = "-ObjC";
				PRODUCT_NAME = "$(TARGET_NAME)";
				TARGETED_DEVICE_FAMILY = "1,2";
				WRAPPER_EXTENSION = app;
			};
			name = Release;
		};
		2DCF9782147ED3FD003B0F38 /* Debug */ = {
			isa = XCBuildConfiguration;
			buildSettings = {
				ALWAYS_SEARCH_USER_PATHS = NO;
				CODE_SIGN_ENTITLEMENTS = vigor/vigor.entitlements;
				CODE_SIGN_IDENTITY = "";
				"CODE_SIGN_IDENTITY[sdk=iphoneos*]" = "iPhone Developer";
				GCC_C_LANGUAGE_STANDARD = "compiler-default";
				GCC_PRECOMPILE_PREFIX_HEADER = YES;
				GCC_PREFIX_HEADER = "vigor/vigor-Prefix.pch";
				INFOPLIST_FILE = "vigor/vigor-Info.plist";
				LIBRARY_SEARCH_PATHS = (
					"\"$(SRCROOT)/lib/Frank\"",
					"$(inherited)",
				);
				OTHER_LDFLAGS = "-ObjC";
				PRODUCT_NAME = "$(TARGET_NAME)";
				TARGETED_DEVICE_FAMILY = "1,2";
				WRAPPER_EXTENSION = app;
			};
			name = Debug;
		};
		E621659DB794A5D612DCD41A /* Release */ = {
			isa = XCBuildConfiguration;
			buildSettings = {
				ALWAYS_SEARCH_USER_PATHS = YES;
				ARCHS = "$(ARCHS_STANDARD_32_BIT)";
				CLANG_ENABLE_OBJC_ARC = YES;
				COPY_PHASE_STRIP = YES;
				GCC_C_LANGUAGE_STANDARD = "compiler-default";
				GCC_VERSION = com.apple.compilers.llvm.clang.1_0;
				GCC_WARN_ABOUT_MISSING_PROTOTYPES = YES;
				GCC_WARN_ABOUT_RETURN_TYPE = YES;
				GCC_WARN_UNUSED_VARIABLE = YES;
				IPHONEOS_DEPLOYMENT_TARGET = 5.1;
				OBJROOT = "$(SYMROOT)";
				SDKROOT = iphoneos;
				SYMROOT = "$(PROJECT_DIR)/build";
				USER_HEADER_SEARCH_PATHS = "";
				VALIDATE_PRODUCT = YES;
			};
			name = Release;
		};
		E621659DB794A5D612DCD41B /* Debug */ = {
			isa = XCBuildConfiguration;
			buildSettings = {
				ALWAYS_SEARCH_USER_PATHS = YES;
				ARCHS = "$(ARCHS_STANDARD_32_BIT)";
				CLANG_ENABLE_OBJC_ARC = YES;
				COPY_PHASE_STRIP = NO;
				GCC_C_LANGUAGE_STANDARD = "compiler-default";
				GCC_DYNAMIC_NO_PIC = NO;
				GCC_OPTIMIZATION_LEVEL = 0;
				GCC_PREPROCESSOR_DEFINITIONS = (
					"DEBUG=1",
					"$(inherited)",
				);
				GCC_SYMBOLS_PRIVATE_EXTERN = NO;
				GCC_VERSION = com.apple.compilers.llvm.clang.1_0;
				GCC_WARN_ABOUT_MISSING_PROTOTYPES = YES;
				GCC_WARN_ABOUT_RETURN_TYPE = YES;
				GCC_WARN_UNUSED_VARIABLE = YES;
				IPHONEOS_DEPLOYMENT_TARGET = 5.1;
				OBJROOT = "$(SYMROOT)";
				SDKROOT = iphoneos;
				SYMROOT = "$(PROJECT_DIR)/build";
				USER_HEADER_SEARCH_PATHS = "";
			};
			name = Debug;
		};
		E621659DB794A5D612DCD41F /* Release */ = {
			isa = XCBuildConfiguration;
			buildSettings = {
				CURRENT_PROJECT_VERSION = 4.0;
				DSTROOT = /tmp/igor.dst;
				GCC_PRECOMPILE_PREFIX_HEADER = YES;
				GCC_PREFIX_HEADER = "igor/igor-Prefix.pch";
				LIBRARY_SEARCH_PATHS = "";
				PRODUCT_NAME = "$(TARGET_NAME)$(VERSION_INFO_PREFIX)$(CURRENT_PROJECT_VERSION)";
				SKIP_INSTALL = YES;
				USER_HEADER_SEARCH_PATHS = "";
				VERSION_INFO_PREFIX = "-0.";
				WARNING_CFLAGS = "-Wno-arc-performSelector-leaks";
			};
			name = Release;
		};
		E621659DB794A5D612DCD420 /* Debug */ = {
			isa = XCBuildConfiguration;
			buildSettings = {
				CURRENT_PROJECT_VERSION = 4.0;
				DSTROOT = /tmp/igor.dst;
				GCC_PRECOMPILE_PREFIX_HEADER = YES;
				GCC_PREFIX_HEADER = "igor/igor-Prefix.pch";
				LIBRARY_SEARCH_PATHS = "";
				PRODUCT_NAME = "$(TARGET_NAME)$(VERSION_INFO_PREFIX)$(CURRENT_PROJECT_VERSION)";
				SKIP_INSTALL = YES;
				USER_HEADER_SEARCH_PATHS = "";
				VERSION_INFO_PREFIX = "-0.";
				WARNING_CFLAGS = "-Wno-arc-performSelector-leaks";
			};
			name = Debug;
		};
/* End XCBuildConfiguration section */

/* Begin XCConfigurationList section */
		2D2D4D181478788000FF3D88 /* Build configuration list for PBXNativeTarget "igorTests" */ = {
			isa = XCConfigurationList;
			buildConfigurations = (
				2D2D4D191478788000FF3D88 /* Release */,
				2D2D4D1A1478788000FF3D88 /* Debug */,
			);
			defaultConfigurationIsVisible = 0;
			defaultConfigurationName = Debug;
		};
		2DCF9780147ED3FD003B0F38 /* Build configuration list for PBXNativeTarget "vigor" */ = {
			isa = XCConfigurationList;
			buildConfigurations = (
				2DCF9781147ED3FD003B0F38 /* Release */,
				2DCF9782147ED3FD003B0F38 /* Debug */,
			);
			defaultConfigurationIsVisible = 0;
			defaultConfigurationName = Debug;
		};
		E621659DB794A5D612DCD417 /* Build configuration list for PBXProject "igor" */ = {
			isa = XCConfigurationList;
			buildConfigurations = (
				E621659DB794A5D612DCD41A /* Release */,
				E621659DB794A5D612DCD41B /* Debug */,
			);
			defaultConfigurationIsVisible = 0;
			defaultConfigurationName = Debug;
		};
		E621659DB794A5D612DCD41E /* Build configuration list for PBXNativeTarget "igor" */ = {
			isa = XCConfigurationList;
			buildConfigurations = (
				E621659DB794A5D612DCD41F /* Release */,
				E621659DB794A5D612DCD420 /* Debug */,
			);
			defaultConfigurationIsVisible = 0;
			defaultConfigurationName = Debug;
		};
/* End XCConfigurationList section */
	};
	rootObject = E621659DB794A5D612DCD416 /* Project object */;
}
